<?xml version="1.0" encoding="utf-8"?>
<Project ToolsVersion="4.0" xmlns="http://schemas.microsoft.com/developer/msbuild/2003">
  <ItemGroup>
    <Filter Include="Source Files">
      <UniqueIdentifier>{04322812-6717-4716-8666-a90ee1f7c522}</UniqueIdentifier>
      <Extensions>cpp;c;cxx;def;odl;idl;hpj;bat;asm</Extensions>
    </Filter>
    <Filter Include="Header Files">
      <UniqueIdentifier>{b9d7c720-4c19-401a-86bd-1c805e0835f3}</UniqueIdentifier>
      <Extensions>h;hpp;hxx;hm;inl;inc</Extensions>
    </Filter>
    <Filter Include="Resource Files">
      <UniqueIdentifier>{90867f4b-580e-4720-8b57-fbd63d3249d6}</UniqueIdentifier>
      <Extensions>rc;ico;cur;bmp;dlg;rc2;rct;bin;rgs;gif;jpg;jpeg;jpe</Extensions>
    </Filter>
  </ItemGroup>
  <ItemGroup>
    <ClCompile Include="..\..\modules\vapor\vpr\IO\Socket\AveragingAllocationStrategy.cpp">
      <Filter>Source Files</Filter>
    </ClCompile>
    <ClCompile Include="..\..\modules\vapor\vpr\Util\BadCastException.cpp">
      <Filter>Source Files</Filter>
    </ClCompile>
    <ClCompile Include="..\..\modules\vapor\vpr\IO\Stats\BandwidthIOStatsStrategy.cpp">
      <Filter>Source Files</Filter>
    </ClCompile>
    <ClCompile Include="..\..\modules\vapor\vpr\IO\Stats\BaseIOStatsStrategy.cpp">
      <Filter>Source Files</Filter>
    </ClCompile>
    <ClCompile Include="..\..\modules\vapor\vpr\Thread\BaseThread.cpp">
      <Filter>Source Files</Filter>
    </ClCompile>
    <ClCompile Include="..\..\modules\vapor\vpr\IO\BlockIO.cpp">
      <Filter>Source Files</Filter>
    </ClCompile>
    <ClCompile Include="..\..\modules\vapor\vpr\IO\BufferObjectReader.cpp">
      <Filter>Source Files</Filter>
    </ClCompile>
    <ClCompile Include="..\..\modules\vapor\vpr\IO\BufferObjectWriter.cpp">
      <Filter>Source Files</Filter>
    </ClCompile>
    <ClCompile Include="..\..\modules\vapor\vpr\md\WIN32\Sync\CondVarWin32.cpp">
      <Filter>Source Files</Filter>
    </ClCompile>
    <ClCompile Include="..\..\modules\vapor\vpr\IO\Socket\ConnectionAbortedException.cpp">
      <Filter>Source Files</Filter>
    </ClCompile>
    <ClCompile Include="..\..\modules\vapor\vpr\IO\Socket\ConnectionRefusedException.cpp">
      <Filter>Source Files</Filter>
    </ClCompile>
    <ClCompile Include="..\..\modules\vapor\vpr\IO\Socket\ConnectionResetException.cpp">
      <Filter>Source Files</Filter>
    </ClCompile>
    <ClCompile Include="..\..\modules\vapor\vpr\Sync\DeadlockException.cpp">
      <Filter>Source Files</Filter>
    </ClCompile>
    <ClCompile Include="..\..\modules\vapor\vpr\Util\Debug.cpp">
      <Filter>Source Files</Filter>
    </ClCompile>
    <ClCompile Include="..\..\modules\vapor\vpr\IO\EOFException.cpp">
      <Filter>Source Files</Filter>
    </ClCompile>
    <ClCompile Include="..\..\modules\vapor\vpr\md\WIN32\Util\ErrorImplWin32.cpp">
      <Filter>Source Files</Filter>
    </ClCompile>
    <ClCompile Include="..\..\modules\vapor\vpr\Util\Exception.cpp">
      <Filter>Source Files</Filter>
    </ClCompile>
    <ClCompile Include="..\..\modules\vapor\vpr\Util\FileUtils.cpp">
      <Filter>Source Files</Filter>
    </ClCompile>
    <ClCompile Include="..\..\modules\vapor\vpr\Util\GUID.cpp">
      <Filter>Source Files</Filter>
    </ClCompile>
    <ClCompile Include="..\..\modules\vapor\vpr\Util\IllegalArgumentException.cpp">
      <Filter>Source Files</Filter>
    </ClCompile>
    <ClCompile Include="..\..\modules\vapor\vpr\md\BOOST\IO\Socket\InetAddrBOOST.cpp">
      <Filter>Source Files</Filter>
    </ClCompile>
    <ClCompile Include="..\..\modules\vapor\vpr\md\common\InetAddrHelpers.cpp">
      <Filter>Source Files</Filter>
    </ClCompile>
    <ClCompile Include="..\..\modules\vapor\vpr\Util\Interval.cpp">
      <Filter>Source Files</Filter>
    </ClCompile>
    <ClCompile Include="..\..\modules\vapor\vpr\IO\IOException.cpp">
      <Filter>Source Files</Filter>
    </ClCompile>
    <ClCompile Include="..\..\modules\vapor\vpr\md\BOOST\IO\IOSysBOOST.cpp">
      <Filter>Source Files</Filter>
    </ClCompile>
    <ClCompile Include="..\..\modules\vapor\vpr\DynLoad\LibraryException.cpp">
      <Filter>Source Files</Filter>
    </ClCompile>
    <ClCompile Include="..\..\modules\vapor\vpr\DynLoad\LibraryFinder.cpp">
      <Filter>Source Files</Filter>
    </ClCompile>
    <ClCompile Include="..\..\modules\vapor\vpr\DynLoad\LibraryLoader.cpp">
      <Filter>Source Files</Filter>
    </ClCompile>
    <ClCompile Include="..\..\modules\vapor\vpr\md\WIN32\DynLoad\LibraryWin32.cpp">
      <Filter>Source Files</Filter>
    </ClCompile>
    <ClCompile Include="..\..\modules\vapor\vpr\Util\detail\LifetimeTracker.cpp">
      <Filter>Source Files</Filter>
    </ClCompile>
    <ClCompile Include="..\..\modules\vapor\vpr\DynLoad\LoaderError.cpp">
      <Filter>Source Files</Filter>
    </ClCompile>
    <ClCompile Include="..\..\modules\vapor\vpr\Sync\LockException.cpp">
      <Filter>Source Files</Filter>
    </ClCompile>
    <ClCompile Include="..\..\modules\vapor\vpr\IO\Socket\MaximumAllocationStrategy.cpp">
      <Filter>Source Files</Filter>
    </ClCompile>
    <ClCompile Include="..\..\external\libmd5-rfc\md5.c">
      <Filter>Source Files</Filter>
    </ClCompile>
    <ClCompile Include="..\..\modules\vapor\vpr\md\WIN32\Sync\MutexWin32.cpp">
      <Filter>Source Files</Filter>
    </ClCompile>
    <ClCompile Include="..\..\modules\vapor\vpr\IO\Socket\NoPushWriter.cpp">
      <Filter>Source Files</Filter>
    </ClCompile>
    <ClCompile Include="..\..\modules\vapor\vpr\IO\Socket\NoRouteToHostException.cpp">
      <Filter>Source Files</Filter>
    </ClCompile>
    <ClCompile Include="..\..\modules\vapor\vpr\IO\ObjectReader.cpp">
      <Filter>Source Files</Filter>
    </ClCompile>
    <ClCompile Include="..\..\modules\vapor\vpr\IO\ObjectWriter.cpp">
      <Filter>Source Files</Filter>
    </ClCompile>
    <ClCompile Include="..\..\modules\vapor\vpr\IO\Port\Port.cpp">
      <Filter>Source Files</Filter>
    </ClCompile>
    <ClCompile Include="..\..\modules\vapor\vpr\Perf\ProfileIterator.cpp">
      <Filter>Source Files</Filter>
    </ClCompile>
    <ClCompile Include="..\..\modules\vapor\vpr\Perf\ProfileManager.cpp">
      <Filter>Source Files</Filter>
    </ClCompile>
    <ClCompile Include="..\..\modules\vapor\vpr\Perf\ProfileNode.cpp">
      <Filter>Source Files</Filter>
    </ClCompile>
    <ClCompile Include="..\..\modules\vapor\vpr\Util\ResourceException.cpp">
      <Filter>Source Files</Filter>
    </ClCompile>
    <ClCompile Include="..\..\modules\vapor\vpr\md\BOOST\IO\SelectorImplBOOST.cpp">
      <Filter>Source Files</Filter>
    </ClCompile>
    <ClCompile Include="..\..\modules\vapor\vpr\md\WIN32\Sync\SemaphoreWin32.cpp">
      <Filter>Source Files</Filter>
    </ClCompile>
    <ClCompile Include="..\..\modules\vapor\vpr\md\WIN32\IO\Port\SerialPortImplWin32.cpp">
      <Filter>Source Files</Filter>
    </ClCompile>
    <ClCompile Include="..\..\modules\vapor\vpr\Thread\Signal.cpp">
      <Filter>Source Files</Filter>
    </ClCompile>
    <ClCompile Include="..\..\modules\vapor\vpr\IO\Socket\SocketAcceptor.cpp">
      <Filter>Source Files</Filter>
    </ClCompile>
    <ClCompile Include="..\..\modules\vapor\vpr\IO\Socket\SocketConnector.cpp">
      <Filter>Source Files</Filter>
    </ClCompile>
    <ClCompile Include="..\..\modules\vapor\vpr\md\BOOST\IO\Socket\SocketDatagramImplBOOST.cpp">
      <Filter>Source Files</Filter>
    </ClCompile>
    <ClCompile Include="..\..\modules\vapor\vpr\IO\Socket\SocketException.cpp">
      <Filter>Source Files</Filter>
    </ClCompile>
    <ClCompile Include="..\..\modules\vapor\vpr\md\BOOST\IO\Socket\SocketImplBOOST.cpp">
      <Filter>Source Files</Filter>
    </ClCompile>
    <ClCompile Include="..\..\modules\vapor\vpr\md\BOOST\IO\Socket\SocketStreamImplBOOST.cpp">
      <Filter>Source Files</Filter>
    </ClCompile>
    <ClCompile Include="..\..\modules\vapor\vpr\Util\StreamLock.cpp">
      <Filter>Source Files</Filter>
    </ClCompile>
    <ClCompile Include="..\..\modules\vapor\vpr\DynLoad\SymbolLookupException.cpp">
      <Filter>Source Files</Filter>
    </ClCompile>
    <ClCompile Include="..\..\modules\vapor\vpr\SystemBase.cpp">
      <Filter>Source Files</Filter>
    </ClCompile>
    <ClCompile Include="..\..\modules\vapor\vpr\md\WIN32\SystemWin32.cpp">
      <Filter>Source Files</Filter>
    </ClCompile>
    <ClCompile Include="..\..\modules\vapor\vpr\md\WIN32\Thread\ThreadKeyWin32.cpp">
      <Filter>Source Files</Filter>
    </ClCompile>
    <ClCompile Include="..\..\modules\vapor\vpr\Thread\ThreadManager.cpp">
      <Filter>Source Files</Filter>
    </ClCompile>
    <ClCompile Include="..\..\modules\vapor\vpr\Thread\ThreadPool.cpp">
      <Filter>Source Files</Filter>
    </ClCompile>
    <ClCompile Include="..\..\modules\vapor\vpr\md\WIN32\Thread\ThreadWin32.cpp">
      <Filter>Source Files</Filter>
    </ClCompile>
    <ClCompile Include="..\..\modules\vapor\vpr\IO\TimeoutException.cpp">
      <Filter>Source Files</Filter>
    </ClCompile>
    <ClCompile Include="..\..\modules\vapor\vpr\Thread\TSObject.cpp">
      <Filter>Source Files</Filter>
    </ClCompile>
    <ClCompile Include="..\..\modules\vapor\vpr\Thread\TSObjectProxy.cpp">
      <Filter>Source Files</Filter>
    </ClCompile>
    <ClCompile Include="..\..\modules\vapor\vpr\Thread\UncaughtThreadException.cpp">
      <Filter>Source Files</Filter>
    </ClCompile>
    <ClCompile Include="..\..\modules\vapor\vpr\IO\Socket\UnknownHostException.cpp">
      <Filter>Source Files</Filter>
    </ClCompile>
    <ClCompile Include="..\..\modules\vapor\vpr\Util\Version.cpp">
      <Filter>Source Files</Filter>
    </ClCompile>
    <ClCompile Include="..\..\modules\vapor\vpr\vprmain.cpp">
      <Filter>Source Files</Filter>
    </ClCompile>
    <ClCompile Include="..\..\modules\vapor\vpr\IO\WouldBlockException.cpp">
      <Filter>Source Files</Filter>
    </ClCompile>
    <ClCompile Include="..\..\modules\vapor\vpr\IO\XMLObjectReader.cpp">
      <Filter>Source Files</Filter>
    </ClCompile>
    <ClCompile Include="..\..\modules\vapor\vpr\IO\XMLObjectWriter.cpp">
      <Filter>Source Files</Filter>
    </ClCompile>
  </ItemGroup>
  <ItemGroup>
    <ClInclude Include="..\..\modules\vapor\vpr\Util\Assert.h">
      <Filter>Header Files</Filter>
    </ClInclude>
    <ClInclude Include="..\..\modules\vapor\vpr\Util\AttributeMapBase.h">
      <Filter>Header Files</Filter>
    </ClInclude>
    <ClInclude Include="..\..\modules\vapor\vpr\AutoLink.h">
      <Filter>Header Files</Filter>
    </ClInclude>
    <ClInclude Include="..\..\modules\vapor\vpr\IO\Socket\AveragingAllocationStrategy.h">
      <Filter>Header Files</Filter>
    </ClInclude>
    <ClInclude Include="..\..\modules\vapor\vpr\Util\BadCastException.h">
      <Filter>Header Files</Filter>
    </ClInclude>
    <ClInclude Include="..\..\modules\vapor\vpr\IO\Stats\BandwidthIOStatsStrategy.h">
      <Filter>Header Files</Filter>
    </ClInclude>
    <ClInclude Include="..\..\modules\vapor\vpr\IO\Stats\BaseIOStatsStrategy.h">
      <Filter>Header Files</Filter>
    </ClInclude>
    <ClInclude Include="..\..\modules\vapor\vpr\Thread\BaseThread.h">
      <Filter>Header Files</Filter>
    </ClInclude>
    <ClInclude Include="..\..\modules\vapor\vpr\IO\BlockIO.h">
      <Filter>Header Files</Filter>
    </ClInclude>
    <ClInclude Include="..\..\modules\vapor\vpr\IO\BufferObjectReader.h">
      <Filter>Header Files</Filter>
    </ClInclude>
    <ClInclude Include="..\..\modules\vapor\vpr\IO\BufferObjectWriter.h">
      <Filter>Header Files</Filter>
    </ClInclude>
    <ClInclude Include="..\..\modules\vapor\vpr\Sync\CondVar.h">
      <Filter>Header Files</Filter>
    </ClInclude>
    <ClInclude Include="..\..\modules\vapor\vpr\md\WIN32\Sync\CondVarWin32.h">
      <Filter>Header Files</Filter>
    </ClInclude>
    <ClInclude Include="..\..\modules\vapor\vpr\IO\Socket\ConnectionAbortedException.h">
      <Filter>Header Files</Filter>
    </ClInclude>
    <ClInclude Include="..\..\modules\vapor\vpr\IO\Socket\ConnectionRefusedException.h">
      <Filter>Header Files</Filter>
    </ClInclude>
    <ClInclude Include="..\..\modules\vapor\vpr\IO\Socket\ConnectionResetException.h">
      <Filter>Header Files</Filter>
    </ClInclude>
    <ClInclude Include="..\..\modules\vapor\vpr\Util\DateTime.h">
      <Filter>Header Files</Filter>
    </ClInclude>
    <ClInclude Include="..\..\modules\vapor\vpr\Sync\DeadlockException.h">
      <Filter>Header Files</Filter>
    </ClInclude>
    <ClInclude Include="..\..\modules\vapor\vpr\Util\Debug.h">
      <Filter>Header Files</Filter>
    </ClInclude>
    <ClInclude Include="..\..\modules\vapor\vpr\Util\DurationStatCollector.h">
      <Filter>Header Files</Filter>
    </ClInclude>
    <ClInclude Include="..\..\modules\vapor\vpr\IO\EOFException.h">
      <Filter>Header Files</Filter>
    </ClInclude>
    <ClInclude Include="..\..\modules\vapor\vpr\Util\Error.h">
      <Filter>Header Files</Filter>
    </ClInclude>
    <ClInclude Include="..\..\modules\vapor\vpr\Util\ErrorBase.h">
      <Filter>Header Files</Filter>
    </ClInclude>
    <ClInclude Include="..\..\modules\vapor\vpr\md\WIN32\Util\ErrorImplWin32.h">
      <Filter>Header Files</Filter>
    </ClInclude>
    <ClInclude Include="..\..\modules\vapor\vpr\Util\Exception.h">
      <Filter>Header Files</Filter>
    </ClInclude>
    <ClInclude Include="..\..\modules\vapor\vpr\Util\Factory.h">
      <Filter>Header Files</Filter>
    </ClInclude>
    <ClInclude Include="..\..\modules\vapor\vpr\IO\FileHandle.h">
      <Filter>Header Files</Filter>
    </ClInclude>
    <ClInclude Include="..\..\modules\vapor\vpr\IO\FileHandle_t.h">
      <Filter>Header Files</Filter>
    </ClInclude>
    <ClInclude Include="..\..\modules\vapor\vpr\Util\FileUtils.h">
      <Filter>Header Files</Filter>
    </ClInclude>
    <ClInclude Include="..\..\modules\vapor\vpr\Sync\Guard.h">
      <Filter>Header Files</Filter>
    </ClInclude>
    <ClInclude Include="..\..\modules\vapor\vpr\Sync\GuardedQueue.h">
      <Filter>Header Files</Filter>
    </ClInclude>
    <ClInclude Include="..\..\modules\vapor\vpr\Util\GUID.h">
      <Filter>Header Files</Filter>
    </ClInclude>
    <ClInclude Include="..\..\modules\vapor\vpr\Util\IllegalArgumentException.h">
      <Filter>Header Files</Filter>
    </ClInclude>
    <ClInclude Include="..\..\modules\vapor\vpr\IO\Socket\InetAddr.h">
      <Filter>Header Files</Filter>
    </ClInclude>
    <ClInclude Include="..\..\modules\vapor\vpr\md\BOOST\IO\Socket\InetAddrBOOST.h">
      <Filter>Header Files</Filter>
    </ClInclude>
    <ClInclude Include="..\..\modules\vapor\vpr\Util\Interval.h">
      <Filter>Header Files</Filter>
    </ClInclude>
    <ClInclude Include="..\..\modules\vapor\vpr\IO\IOException.h">
      <Filter>Header Files</Filter>
    </ClInclude>
    <ClInclude Include="..\..\modules\vapor\vpr\IO\Stats\IOStatsStrategyAdapter.h">
      <Filter>Header Files</Filter>
    </ClInclude>
    <ClInclude Include="..\..\modules\vapor\vpr\IO\IOSys.h">
      <Filter>Header Files</Filter>
    </ClInclude>
    <ClInclude Include="..\..\modules\vapor\vpr\IO\IOSysBase.h">
      <Filter>Header Files</Filter>
    </ClInclude>
    <ClInclude Include="..\..\modules\vapor\vpr\md\BOOST\IO\IOSysBOOST.h">
      <Filter>Header Files</Filter>
    </ClInclude>
    <ClInclude Include="..\..\modules\vapor\vpr\DynLoad\Library.h">
      <Filter>Header Files</Filter>
    </ClInclude>
    <ClInclude Include="..\..\modules\vapor\vpr\DynLoad\LibraryException.h">
      <Filter>Header Files</Filter>
    </ClInclude>
    <ClInclude Include="..\..\modules\vapor\vpr\DynLoad\LibraryFinder.h">
      <Filter>Header Files</Filter>
    </ClInclude>
    <ClInclude Include="..\..\modules\vapor\vpr\DynLoad\LibraryLoader.h">
      <Filter>Header Files</Filter>
    </ClInclude>
    <ClInclude Include="..\..\modules\vapor\vpr\md\WIN32\DynLoad\LibraryWin32.h">
      <Filter>Header Files</Filter>
    </ClInclude>
    <ClInclude Include="..\..\modules\vapor\vpr\Util\detail\LifetimeTracker.h">
      <Filter>Header Files</Filter>
    </ClInclude>
    <ClInclude Include="..\..\modules\vapor\vpr\DynLoad\LoaderError.h">
      <Filter>Header Files</Filter>
    </ClInclude>
    <ClInclude Include="..\..\modules\vapor\vpr\Sync\LockException.h">
      <Filter>Header Files</Filter>
    </ClInclude>
    <ClInclude Include="..\..\modules\vapor\vpr\IO\Socket\MaximumAllocationStrategy.h">
      <Filter>Header Files</Filter>
    </ClInclude>
    <ClInclude Include="..\..\modules\vapor\vpr\IO\Socket\McastReq.h">
      <Filter>Header Files</Filter>
    </ClInclude>
    <ClInclude Include="..\..\external\libmd5-rfc\md5.h">
      <Filter>Header Files</Filter>
    </ClInclude>
    <ClInclude Include="..\..\modules\vapor\vpr\Sync\Mutex.h">
      <Filter>Header Files</Filter>
    </ClInclude>
    <ClInclude Include="..\..\modules\vapor\vpr\md\WIN32\Sync\MutexWin32.h">
      <Filter>Header Files</Filter>
    </ClInclude>
    <ClInclude Include="..\..\modules\vapor\vpr\IO\Socket\NoPushWriter.h">
      <Filter>Header Files</Filter>
    </ClInclude>
    <ClInclude Include="..\..\modules\vapor\vpr\IO\Socket\NoRouteToHostException.h">
      <Filter>Header Files</Filter>
    </ClInclude>
    <ClInclude Include="..\..\modules\vapor\vpr\Sync\NullMutex.h">
      <Filter>Header Files</Filter>
    </ClInclude>
    <ClInclude Include="..\..\modules\vapor\vpr\IO\ObjectReader.h">
      <Filter>Header Files</Filter>
    </ClInclude>
    <ClInclude Include="..\..\modules\vapor\vpr\IO\ObjectWriter.h">
      <Filter>Header Files</Filter>
    </ClInclude>
    <ClInclude Include="..\..\modules\vapor\vpr\IO\Port\Port.h">
      <Filter>Header Files</Filter>
    </ClInclude>
    <ClInclude Include="..\..\modules\vapor\vpr\Perf\ProfileIterator.h">
      <Filter>Header Files</Filter>
    </ClInclude>
    <ClInclude Include="..\..\modules\vapor\vpr\Perf\ProfileManager.h">
      <Filter>Header Files</Filter>
    </ClInclude>
    <ClInclude Include="..\..\modules\vapor\vpr\Perf\ProfileNode.h">
      <Filter>Header Files</Filter>
    </ClInclude>
    <ClInclude Include="..\..\modules\vapor\vpr\Util\RefCountMemory.h">
      <Filter>Header Files</Filter>
    </ClInclude>
    <ClInclude Include="..\..\modules\vapor\vpr\Util\ResourceException.h">
      <Filter>Header Files</Filter>
    </ClInclude>
    <ClInclude Include="..\..\modules\vapor\vpr\Util\ReturnStatus.h">
      <Filter>Header Files</Filter>
    </ClInclude>
    <ClInclude Include="..\..\modules\vapor\vpr\Sync\RWGuard.h">
      <Filter>Header Files</Filter>
    </ClInclude>
    <ClInclude Include="..\..\modules\vapor\vpr\Sync\RWMutex.h">
      <Filter>Header Files</Filter>
    </ClInclude>
    <ClInclude Include="..\..\modules\vapor\vpr\Util\SampleLimitedStatCollector.h">
      <Filter>Header Files</Filter>
    </ClInclude>
    <ClInclude Include="..\..\modules\vapor\vpr\IO\Selector.h">
      <Filter>Header Files</Filter>
    </ClInclude>
    <ClInclude Include="..\..\modules\vapor\vpr\IO\Selector_t.h">
      <Filter>Header Files</Filter>
    </ClInclude>
    <ClInclude Include="..\..\modules\vapor\vpr\IO\SelectorBase.h">
      <Filter>Header Files</Filter>
    </ClInclude>
    <ClInclude Include="..\..\modules\vapor\vpr\md\BOOST\IO\SelectorImplBOOST.h">
      <Filter>Header Files</Filter>
    </ClInclude>
    <ClInclude Include="..\..\modules\vapor\vpr\Sync\Semaphore.h">
      <Filter>Header Files</Filter>
    </ClInclude>
    <ClInclude Include="..\..\modules\vapor\vpr\md\WIN32\Sync\SemaphoreWin32.h">
      <Filter>Header Files</Filter>
    </ClInclude>
    <ClInclude Include="..\..\modules\vapor\vpr\IO\SerializableObject.h">
      <Filter>Header Files</Filter>
    </ClInclude>
    <ClInclude Include="..\..\modules\vapor\vpr\IO\Port\SerialPort.h">
      <Filter>Header Files</Filter>
    </ClInclude>
    <ClInclude Include="..\..\modules\vapor\vpr\IO\Port\SerialPort_t.h">
      <Filter>Header Files</Filter>
    </ClInclude>
    <ClInclude Include="..\..\modules\vapor\vpr\md\WIN32\IO\Port\SerialPortImplWin32.h">
      <Filter>Header Files</Filter>
    </ClInclude>
    <ClInclude Include="..\..\modules\vapor\vpr\IO\Port\SerialTypes.h">
      <Filter>Header Files</Filter>
    </ClInclude>
    <ClInclude Include="..\..\modules\vapor\vpr\Thread\Signal.h">
      <Filter>Header Files</Filter>
    </ClInclude>
    <ClInclude Include="..\..\modules\vapor\vpr\IO\Socket\SimpleAllocationStrategies.h">
      <Filter>Header Files</Filter>
    </ClInclude>
    <ClInclude Include="..\..\modules\vapor\vpr\Util\Singleton.h">
      <Filter>Header Files</Filter>
    </ClInclude>
    <ClInclude Include="..\..\modules\vapor\vpr\IO\Socket\Socket.h">
      <Filter>Header Files</Filter>
    </ClInclude>
    <ClInclude Include="..\..\modules\vapor\vpr\IO\Socket\Socket_t.h">
      <Filter>Header Files</Filter>
    </ClInclude>
    <ClInclude Include="..\..\modules\vapor\vpr\IO\Socket\SocketAcceptor.h">
      <Filter>Header Files</Filter>
    </ClInclude>
    <ClInclude Include="..\..\modules\vapor\vpr\IO\Socket\SocketConnector.h">
      <Filter>Header Files</Filter>
    </ClInclude>
    <ClInclude Include="..\..\modules\vapor\vpr\IO\Socket\SocketDatagram.h">
      <Filter>Header Files</Filter>
    </ClInclude>
    <ClInclude Include="..\..\modules\vapor\vpr\IO\Socket\SocketDatagram_t.h">
      <Filter>Header Files</Filter>
    </ClInclude>
    <ClInclude Include="..\..\modules\vapor\vpr\md\BOOST\IO\Socket\SocketDatagramImplBOOST.h">
      <Filter>Header Files</Filter>
    </ClInclude>
    <ClInclude Include="..\..\modules\vapor\vpr\IO\Socket\SocketException.h">
      <Filter>Header Files</Filter>
    </ClInclude>
    <ClInclude Include="..\..\modules\vapor\vpr\md\BOOST\IO\Socket\SocketImplBOOST.h">
      <Filter>Header Files</Filter>
    </ClInclude>
    <ClInclude Include="..\..\modules\vapor\vpr\IO\Socket\SocketOptions.h">
      <Filter>Header Files</Filter>
    </ClInclude>
    <ClInclude Include="..\..\modules\vapor\vpr\IO\Socket\SocketStream.h">
      <Filter>Header Files</Filter>
    </ClInclude>
    <ClInclude Include="..\..\modules\vapor\vpr\IO\Socket\SocketStream_t.h">
      <Filter>Header Files</Filter>
    </ClInclude>
    <ClInclude Include="..\..\modules\vapor\vpr\md\BOOST\IO\Socket\SocketStreamImplBOOST.h">
      <Filter>Header Files</Filter>
    </ClInclude>
    <ClInclude Include="..\..\modules\vapor\vpr\IO\Socket\SocketTypes.h">
      <Filter>Header Files</Filter>
    </ClInclude>
    <ClInclude Include="..\..\modules\vapor\vpr\Util\StatCollector.h">
      <Filter>Header Files</Filter>
    </ClInclude>
    <ClInclude Include="..\..\modules\vapor\vpr\Util\StreamLock.h">
      <Filter>Header Files</Filter>
    </ClInclude>
    <ClInclude Include="..\..\modules\vapor\vpr\DynLoad\SymbolLookupException.h">
      <Filter>Header Files</Filter>
    </ClInclude>
    <ClInclude Include="..\..\modules\vapor\vpr\System.h">
      <Filter>Header Files</Filter>
    </ClInclude>
    <ClInclude Include="..\..\modules\vapor\vpr\SystemBase.h">
      <Filter>Header Files</Filter>
    </ClInclude>
    <ClInclude Include="..\..\modules\vapor\vpr\md\WIN32\SystemWin32.h">
      <Filter>Header Files</Filter>
    </ClInclude>
    <ClInclude Include="..\..\modules\vapor\vpr\Thread\Thread.h">
      <Filter>Header Files</Filter>
    </ClInclude>
    <ClInclude Include="..\..\modules\vapor\vpr\md\WIN32\Thread\ThreadKeyWin32.h">
      <Filter>Header Files</Filter>
    </ClInclude>
    <ClInclude Include="..\..\modules\vapor\vpr\Thread\ThreadManager.h">
      <Filter>Header Files</Filter>
    </ClInclude>
    <ClInclude Include="..\..\modules\vapor\vpr\Thread\ThreadPool.h">
      <Filter>Header Files</Filter>
    </ClInclude>
    <ClInclude Include="..\..\modules\vapor\vpr\md\WIN32\Thread\ThreadWin32.h">
      <Filter>Header Files</Filter>
    </ClInclude>
    <ClInclude Include="..\..\modules\vapor\vpr\IO\TimeoutException.h">
      <Filter>Header Files</Filter>
    </ClInclude>
    <ClInclude Include="..\..\modules\vapor\vpr\Util\Timer.h">
      <Filter>Header Files</Filter>
    </ClInclude>
    <ClInclude Include="..\..\modules\vapor\vpr\Thread\TSObject.h">
      <Filter>Header Files</Filter>
    </ClInclude>
    <ClInclude Include="..\..\modules\vapor\vpr\Thread\TSObjectProxy.h">
      <Filter>Header Files</Filter>
    </ClInclude>
    <ClInclude Include="..\..\modules\vapor\vpr\Thread\TSTable.h">
      <Filter>Header Files</Filter>
    </ClInclude>
    <ClInclude Include="..\..\modules\vapor\vpr\Thread\UncaughtThreadException.h">
      <Filter>Header Files</Filter>
    </ClInclude>
    <ClInclude Include="..\..\modules\vapor\vpr\IO\Socket\UnknownHostException.h">
      <Filter>Header Files</Filter>
    </ClInclude>
    <ClInclude Include="..\..\modules\vapor\vpr\Util\Version.h">
      <Filter>Header Files</Filter>
    </ClInclude>
    <ClInclude Include="..\..\modules\vapor\vpr\vpr.h">
      <Filter>Header Files</Filter>
    </ClInclude>
    <ClInclude Include="..\..\modules\vapor\vpr\vprConfig.h">
      <Filter>Header Files</Filter>
    </ClInclude>
    <ClInclude Include="vpr\vprDefines.h">
      <Filter>Header Files</Filter>
    </ClInclude>
    <ClInclude Include="..\..\modules\vapor\vpr\vprDomain.h">
      <Filter>Header Files</Filter>
    </ClInclude>
    <ClInclude Include="vpr\vprParam.h">
      <Filter>Header Files</Filter>
    </ClInclude>
    <ClInclude Include="..\..\modules\vapor\vpr\vprTypes.h">
      <Filter>Header Files</Filter>
    </ClInclude>
    <ClInclude Include="..\..\modules\vapor\vpr\md\BOOST\vprTypesBOOST.h">
      <Filter>Header Files</Filter>
    </ClInclude>
    <ClInclude Include="..\..\modules\vapor\vpr\IO\WouldBlockException.h">
      <Filter>Header Files</Filter>
    </ClInclude>
    <ClInclude Include="..\..\modules\vapor\vpr\IO\XMLObjectReader.h">
      <Filter>Header Files</Filter>
    </ClInclude>
    <ClInclude Include="..\..\modules\vapor\vpr\IO\XMLObjectWriter.h">
      <Filter>Header Files</Filter>
    </ClInclude>
  </ItemGroup>
  <ItemGroup>
    <ResourceCompile Include="..\..\modules\vapor\vpr.rc">
      <Filter>Resource Files</Filter>
    </ResourceCompile>
  </ItemGroup>
</Project>