Microsoft Visual Studio Solution File, Format Version 8.00
Project("{8BC9CEB8-8B4A-11D0-8D11-00A0C91BC942}") = "VPR C++ Bridge", "src\vpr_bridge_cpp\vpr_bridge_cpp.vcproj", "{63556790-167E-4B99-8B58-B9DFE362E6B1}"
	ProjectSection(ProjectDependencies) = postProject
	EndProjectSection
EndProject
Project("{FAE04EC0-301F-11D3-BF4B-00C04F79EFBC}") = "vprnet", "src\vpr_bridge_cs\vprnet.csproj", "{2756D556-B02B-4CED-A73D-04895BD69A86}"
	ProjectSection(ProjectDependencies) = postProject
	EndProjectSection
EndProject
Project("{8BC9CEB8-8B4A-11D0-8D11-00A0C91BC942}") = "JCCL C++ Bridge", "src\jccl_bridge_cpp\jccl_bridge_cpp.vcproj", "{A626CD80-2023-4644-A1A5-15E4C141EC7D}"
	ProjectSection(ProjectDependencies) = postProject
	EndProjectSection
EndProject
Project("{FAE04EC0-301F-11D3-BF4B-00C04F79EFBC}") = "jcclnet", "src\jccl_bridge_cs\jcclnet.csproj", "{4B69F84B-AC65-4D41-9B83-D8631308839D}"
	ProjectSection(ProjectDependencies) = postProject
		{2756D556-B02B-4CED-A73D-04895BD69A86} = {2756D556-B02B-4CED-A73D-04895BD69A86}
	EndProjectSection
EndProject
Project("{FAE04EC0-301F-11D3-BF4B-00C04F79EFBC}") = "gmtlnet", "src\gmtl_bridge_cs\gmtlnet.csproj", "{DA5A8C49-5575-4984-A14A-B26119496F5D}"
	ProjectSection(ProjectDependencies) = postProject
	EndProjectSection
EndProject
Project("{8BC9CEB8-8B4A-11D0-8D11-00A0C91BC942}") = "GMTL C++ Bridge", "src\gmtl_bridge_cpp\gmtl_bridge_cpp.vcproj", "{22BB1107-C8CE-4D7F-9109-F32EC3ABB0B6}"
	ProjectSection(ProjectDependencies) = postProject
	EndProjectSection
EndProject
Project("{8BC9CEB8-8B4A-11D0-8D11-00A0C91BC942}") = "Gadgeteer C++ Bridge", "src\gadget_bridge_cpp\gadget_bridge_cpp.vcproj", "{FC105BA0-D10B-4395-B5FA-12EACA879018}"
	ProjectSection(ProjectDependencies) = postProject
	EndProjectSection
EndProject
Project("{8BC9CEB8-8B4A-11D0-8D11-00A0C91BC942}") = "VR Juggler C++ Bridge", "src\vrj_bridge_cpp\vrj_bridge_cpp.vcproj", "{4C01D9A8-30B2-4B2E-AC78-10D7C0415D4F}"
	ProjectSection(ProjectDependencies) = postProject
	EndProjectSection
EndProject
Project("{FAE04EC0-301F-11D3-BF4B-00C04F79EFBC}") = "gadgetnet", "src\gadget_bridge_cs\gadgetnet.csproj", "{F7DE6426-A680-4A4C-906E-7C4338493157}"
	ProjectSection(ProjectDependencies) = postProject
	EndProjectSection
EndProject
Project("{FAE04EC0-301F-11D3-BF4B-00C04F79EFBC}") = "vrjnet", "src\vrj_bridge_cs\vrjnet.csproj", "{3435553F-5AD0-4C55-AB3C-9ADDC1BA6442}"
	ProjectSection(ProjectDependencies) = postProject
		{F7DE6426-A680-4A4C-906E-7C4338493157} = {F7DE6426-A680-4A4C-906E-7C4338493157}
		{DA5A8C49-5575-4984-A14A-B26119496F5D} = {DA5A8C49-5575-4984-A14A-B26119496F5D}
		{4B69F84B-AC65-4D41-9B83-D8631308839D} = {4B69F84B-AC65-4D41-9B83-D8631308839D}
	EndProjectSection
EndProject
Global
	GlobalSection(SolutionConfiguration) = preSolution
		Debug = Debug
		Release = Release
	EndGlobalSection
	GlobalSection(ProjectConfiguration) = postSolution
		{63556790-167E-4B99-8B58-B9DFE362E6B1}.Debug.ActiveCfg = Debug|Win32
		{63556790-167E-4B99-8B58-B9DFE362E6B1}.Debug.Build.0 = Debug|Win32
		{63556790-167E-4B99-8B58-B9DFE362E6B1}.Release.ActiveCfg = Release|Win32
		{63556790-167E-4B99-8B58-B9DFE362E6B1}.Release.Build.0 = Release|Win32
		{2756D556-B02B-4CED-A73D-04895BD69A86}.Debug.ActiveCfg = Debug|.NET
		{2756D556-B02B-4CED-A73D-04895BD69A86}.Debug.Build.0 = Debug|.NET
		{2756D556-B02B-4CED-A73D-04895BD69A86}.Release.ActiveCfg = Release|.NET
		{2756D556-B02B-4CED-A73D-04895BD69A86}.Release.Build.0 = Release|.NET
		{A626CD80-2023-4644-A1A5-15E4C141EC7D}.Debug.ActiveCfg = Debug|Win32
		{A626CD80-2023-4644-A1A5-15E4C141EC7D}.Debug.Build.0 = Debug|Win32
		{A626CD80-2023-4644-A1A5-15E4C141EC7D}.Release.ActiveCfg = Release|Win32
		{A626CD80-2023-4644-A1A5-15E4C141EC7D}.Release.Build.0 = Release|Win32
		{4B69F84B-AC65-4D41-9B83-D8631308839D}.Debug.ActiveCfg = Debug|.NET
		{4B69F84B-AC65-4D41-9B83-D8631308839D}.Debug.Build.0 = Debug|.NET
		{4B69F84B-AC65-4D41-9B83-D8631308839D}.Release.ActiveCfg = Release|.NET
		{4B69F84B-AC65-4D41-9B83-D8631308839D}.Release.Build.0 = Release|.NET
		{DA5A8C49-5575-4984-A14A-B26119496F5D}.Debug.ActiveCfg = Debug|.NET
		{DA5A8C49-5575-4984-A14A-B26119496F5D}.Debug.Build.0 = Debug|.NET
		{DA5A8C49-5575-4984-A14A-B26119496F5D}.Release.ActiveCfg = Release|.NET
		{DA5A8C49-5575-4984-A14A-B26119496F5D}.Release.Build.0 = Release|.NET
		{22BB1107-C8CE-4D7F-9109-F32EC3ABB0B6}.Debug.ActiveCfg = Debug|Win32
		{22BB1107-C8CE-4D7F-9109-F32EC3ABB0B6}.Debug.Build.0 = Debug|Win32
		{22BB1107-C8CE-4D7F-9109-F32EC3ABB0B6}.Release.ActiveCfg = Release|Win32
		{22BB1107-C8CE-4D7F-9109-F32EC3ABB0B6}.Release.Build.0 = Release|Win32
		{FC105BA0-D10B-4395-B5FA-12EACA879018}.Debug.ActiveCfg = Debug|Win32
		{FC105BA0-D10B-4395-B5FA-12EACA879018}.Debug.Build.0 = Debug|Win32
		{FC105BA0-D10B-4395-B5FA-12EACA879018}.Release.ActiveCfg = Release|Win32
		{FC105BA0-D10B-4395-B5FA-12EACA879018}.Release.Build.0 = Release|Win32
		{4C01D9A8-30B2-4B2E-AC78-10D7C0415D4F}.Debug.ActiveCfg = Debug|Win32
		{4C01D9A8-30B2-4B2E-AC78-10D7C0415D4F}.Debug.Build.0 = Debug|Win32
		{4C01D9A8-30B2-4B2E-AC78-10D7C0415D4F}.Release.ActiveCfg = Release|Win32
		{4C01D9A8-30B2-4B2E-AC78-10D7C0415D4F}.Release.Build.0 = Release|Win32
		{F7DE6426-A680-4A4C-906E-7C4338493157}.Debug.ActiveCfg = Debug|.NET
		{F7DE6426-A680-4A4C-906E-7C4338493157}.Debug.Build.0 = Debug|.NET
		{F7DE6426-A680-4A4C-906E-7C4338493157}.Release.ActiveCfg = Release|.NET
		{F7DE6426-A680-4A4C-906E-7C4338493157}.Release.Build.0 = Release|.NET
		{3435553F-5AD0-4C55-AB3C-9ADDC1BA6442}.Debug.ActiveCfg = Debug|.NET
		{3435553F-5AD0-4C55-AB3C-9ADDC1BA6442}.Debug.Build.0 = Debug|.NET
		{3435553F-5AD0-4C55-AB3C-9ADDC1BA6442}.Release.ActiveCfg = Release|.NET
		{3435553F-5AD0-4C55-AB3C-9ADDC1BA6442}.Release.Build.0 = Release|.NET
	EndGlobalSection
	GlobalSection(ExtensibilityGlobals) = postSolution
	EndGlobalSection
	GlobalSection(ExtensibilityAddIns) = postSolution
	EndGlobalSection
EndGlobal
