Microsoft Visual Studio Solution File, Format Version 7.00
Project("{8BC9CEB8-8B4A-11D0-8D11-00A0C91BC942}") = "VPR", "VPR\VPR.vcproj", "{00C860E8-6CC8-4638-B5D1-8E5C5A34C425}"
EndProject
Project("{8BC9CEB8-8B4A-11D0-8D11-00A0C91BC942}") = "JCCL", "JCCL\JCCL.vcproj", "{5A96B2F8-7000-4988-AFD5-E85181B52BCF}"
EndProject
Project("{8BC9CEB8-8B4A-11D0-8D11-00A0C91BC942}") = "Tweek C++ API", "Tweek_CXX\Tweek_CXX.vcproj", "{0FBA5DC5-0D51-4394-9615-A60B0F570B66}"
EndProject
Project("{8BC9CEB8-8B4A-11D0-8D11-00A0C91BC942}") = "Gadgeteer", "Gadgeteer\Gadgeteer.vcproj", "{1AAD8712-09DC-4957-8594-AF5A49BAB4E1}"
EndProject
Project("{8BC9CEB8-8B4A-11D0-8D11-00A0C91BC942}") = "JCCL CORBA Run-Time Reconfig Plug-in (C++)", "JCCL\RTRC_Plugin_CXX\RTRC_Plugin_CXX.vcproj", "{8581D2A6-E8BD-4EB2-BD14-8633AFF79D73}"
EndProject
Project("{8BC9CEB8-8B4A-11D0-8D11-00A0C91BC942}") = "VR Juggler", "VRJuggler\VRJuggler.vcproj", "{8CD85B68-8E87-4289-9CD3-0C0012781BF2}"
EndProject
Project("{8BC9CEB8-8B4A-11D0-8D11-00A0C91BC942}") = "Sonix", "Sonix\Sonix.vcproj", "{BE8A6412-F142-493F-B1BB-363F4EDAC230}"
EndProject
Project("{8BC9CEB8-8B4A-11D0-8D11-00A0C91BC942}") = "VR Juggler OpenGL Draw Manager", "VRJuggler\OpenGL_Draw_Manager\OpenGL_Draw_Manager.vcproj", "{3E0ED861-C434-40E0-8D76-E31D76EA185B}"
EndProject
Project("{8BC9CEB8-8B4A-11D0-8D11-00A0C91BC942}") = "VR Juggler Direct3D Draw Manager", "VRJuggler\Direct3D_Draw_Manager\Direct3D_Draw_Manager.vcproj", "{927ADA64-5D2E-4066-ABDA-3D65A9CF524B}"
EndProject
Project("{8BC9CEB8-8B4A-11D0-8D11-00A0C91BC942}") = "Driver - Ascension Flock of Birds", "Gadgeteer\Flock\Flock.vcproj", "{2BB1C6DC-A6DB-42A3-A91A-DBD8BA7A8432}"
EndProject
Project("{8BC9CEB8-8B4A-11D0-8D11-00A0C91BC942}") = "Driver - 5DT DataGlove", "Gadgeteer\DataGlove\DataGlove.vcproj", "{2BB1C6DC-A6DB-42A3-A91A-DBD8BA7A8433}"
EndProject
Project("{8BC9CEB8-8B4A-11D0-8D11-00A0C91BC942}") = "Driver - Polhemus Fastrak", "Gadgeteer\Fastrak\Fastrak.vcproj", "{2BB1C6DC-A6DB-42A3-A91A-DBD8BA7A8434}"
EndProject
Project("{8BC9CEB8-8B4A-11D0-8D11-00A0C91BC942}") = "Driver - Immersion Tech IBox", "Gadgeteer\IBox\IBox.vcproj", "{2BB1C6DC-A6DB-42A3-A91A-DBD8BA7A8435}"
EndProject
Project("{8BC9CEB8-8B4A-11D0-8D11-00A0C91BC942}") = "Driver - Intersense API", "Gadgeteer\IntersenseAPI\IntersenseAPI.vcproj", "{2BB1C6DC-A6DB-42A3-A91A-DBD8BA7A8436}"
EndProject
Project("{8BC9CEB8-8B4A-11D0-8D11-00A0C91BC942}") = "Driver - Intersense IS900", "Gadgeteer\IS900\IS900.vcproj", "{2BB1C6DC-A6DB-42A3-A91A-DBD8BA7A8437}"
EndProject
Project("{8BC9CEB8-8B4A-11D0-8D11-00A0C91BC942}") = "Driver - Ascension MotionStar", "Gadgeteer\MotionStar\MotionStar.vcproj", "{2BB1C6DC-A6DB-42A3-A91A-DBD8BA7A8438}"
EndProject
Project("{8BC9CEB8-8B4A-11D0-8D11-00A0C91BC942}") = "Driver - Fakespace Pinch Glove", "Gadgeteer\PinchGlove\PinchGlove.vcproj", "{2BB1C6DC-A6DB-42A3-A91A-DBD8BA7A8439}"
EndProject
Project("{8BC9CEB8-8B4A-11D0-8D11-00A0C91BC942}") = "Driver - Trackd API", "Gadgeteer\TrackdAPI\TrackdAPI.vcproj", "{2BB1C6DC-A6DB-42A3-A91A-DBD8BA7A843A}"
EndProject
Project("{8BC9CEB8-8B4A-11D0-8D11-00A0C91BC942}") = "Driver - VRPN", "Gadgeteer\VRPN\VRPN.vcproj", "{2BB1C6DC-A6DB-42A3-A91A-DBD8BA7A843C}"
EndProject
Project("{8BC9CEB8-8B4A-11D0-8D11-00A0C91BC942}") = "Cluster Plug-in - Application Data Manager", "Gadgeteer\ApplicationDataManager\ApplicationDataManager.vcproj", "{2BB1C6DC-A6DB-42A3-A91A-DBD8BA7A843D}"
EndProject
Project("{8BC9CEB8-8B4A-11D0-8D11-00A0C91BC942}") = "Cluster Plug-in - Remote Input Manager", "Gadgeteer\RemoteInputManager\RemoteInputManager.vcproj", "{2BB1C6DC-A6DB-42A3-A91A-DBD8BA7A843E}"
EndProject
Project("{8BC9CEB8-8B4A-11D0-8D11-00A0C91BC942}") = "Cluster Plug-in - Start Barrier", "Gadgeteer\StartBarrierPlugin\StartBarrierPlugin.vcproj", "{2BB1C6DC-A6DB-42A3-A91A-DBD8BA7A843F}"
EndProject
Project("{8BC9CEB8-8B4A-11D0-8D11-00A0C91BC942}") = "Cluster Plug-in - Swap Lock TCP", "Gadgeteer\SwapLockTCPPlugin\SwapLockTCPPlugin.vcproj", "{2BB1C6DC-A6DB-42A3-A91A-DBD8BA7A8440}"
EndProject
Project("{8BC9CEB8-8B4A-11D0-8D11-00A0C91BC942}") = "VR Juggler Performer Draw Manager", "VRJuggler\Performer_Draw_Manager\Performer_Draw_Manager.vcproj", "{3E0ED861-C434-40E0-8D76-E31D76EA185B}"
EndProject
Project("{8BC9CEB8-8B4A-11D0-8D11-00A0C91BC942}") = "Sonix Plug-in - Audiere", "Sonix\Audiere\Audiere.vcproj", "{2BB1C6DC-A6DB-42A3-A91A-DBD8BA7A8441}"
EndProject
Project("{8BC9CEB8-8B4A-11D0-8D11-00A0C91BC942}") = "Tweek Java API", "Tweek_Java\Tweek_Java.vcproj", "{4FC8DE94-8906-4B2D-8F1B-433ECED3C494}"
EndProject
Project("{8BC9CEB8-8B4A-11D0-8D11-00A0C91BC942}") = "JCCL Java API", "JCCL_Java\JCCL_Java.vcproj", "{A50E05B2-E96E-4455-BD3F-011CF1D2FF79}"
EndProject
Project("{8BC9CEB8-8B4A-11D0-8D11-00A0C91BC942}") = "VRJConfig", "VRJConfig\VRJConfig.vcproj", "{67DD23CD-584C-46E0-AF9E-2DFCAF2A99D5}"
EndProject
Project("{8BC9CEB8-8B4A-11D0-8D11-00A0C91BC942}") = "JCCL CORBA Run-Time Reconfig Plug-in (Java)", "JCCL_Java\RTRC_Plugin_Java\RTRC_Plugin_Java.vcproj", "{C2438998-3FE5-4D34-A141-B49BDB9C9A10}"
EndProject
Project("{8BC9CEB8-8B4A-11D0-8D11-00A0C91BC942}") = "Sonix Plug-in - OpenAL", "Sonix\OpenAL\OpenAL.vcproj", "{B5B84219-04D9-41CE-BC53-FFF9F53EF7EE}"
EndProject
Project("{8BC9CEB8-8B4A-11D0-8D11-00A0C91BC942}") = "Driver - US Digital Serial Encoder", "Gadgeteer\SerialEncoder\SerialEncoder.vcproj", "{E72614B6-3DF7-4DFE-8E8D-29590C8AF70E}"
EndProject
Project("{8BC9CEB8-8B4A-11D0-8D11-00A0C91BC942}") = "Driver - Microsoft Speech Recognition", "Gadgeteer\MSFTSpeechRecognition\MicrosoftSpeechRecognition.vcproj", "{F0298FAE-2D7F-43F0-919B-D0A0A9A1F94D}"
EndProject
Project("{8BC9CEB8-8B4A-11D0-8D11-00A0C91BC942}") = "VR Juggler CORBA Performance Monitoring Plug-in (C++)", "VRJugglerPlugins\Perf_Plugin_CXX\Perf_Plugin_CXX.vcproj", "{323DC371-8232-48E9-BB85-1DD5C1E3FEEE}"
EndProject
Project("{8BC9CEB8-8B4A-11D0-8D11-00A0C91BC942}") = "VR Juggler CORBA Performance Monitoring Plug-in (Java)", "VRJugglerPlugins\Perf_Plugin_Java\Perf_Plugin_Java.vcproj", "{6AED2E73-C633-439F-89C4-D97182EF0243}"
EndProject
Project("{8BC9CEB8-8B4A-11D0-8D11-00A0C91BC942}") = "Driver - Direct Input Joystick", "Gadgeteer\DirectXJoystick\DirectXJoystick.vcproj", "{77A5242E-C68D-4101-A105-7D4FBD43F489}"
EndProject
Project("{8BC9CEB8-8B4A-11D0-8D11-00A0C91BC942}") = "tweek_jni", "Tweek_Java\tweek_jni\tweek_jni.vcproj", "{448B9268-6ED3-4104-99BA-AF8C2B13C4D6}"
EndProject
Project("{8BC9CEB8-8B4A-11D0-8D11-00A0C91BC942}") = "Driver - 3Dconnexion SpaceBall", "Gadgeteer\SpaceBall\SpaceBall.vcproj", "{40450FA1-4F16-4498-AD30-7974FAF8D8C7}"
EndProject
Project("{8BC9CEB8-8B4A-11D0-8D11-00A0C91BC942}") = "Tweek IDL to C++", "Tweek_CXX_IDL\Tweek_CXX_IDL.vcproj", "{3BCCC61B-04CC-4E14-9E47-397ADF93EEF6}"
EndProject
Project("{8BC9CEB8-8B4A-11D0-8D11-00A0C91BC942}") = "Driver - ART DTrack", "Gadgeteer\DTrack\DTrack.vcproj", "{9FF3948D-55D0-4690-9E88-BE28614A5DFB}"
EndProject
Project("{8BC9CEB8-8B4A-11D0-8D11-00A0C91BC942}") = "Driver - Ascension Wanda", "Gadgeteer\Wanda\Wanda.vcproj", "{E7AEC593-28AB-4A3D-A108-298C601C629E}"
EndProject
Project("{8BC9CEB8-8B4A-11D0-8D11-00A0C91BC942}") = "Driver - Elexol Ether24", "Gadgeteer\Ether24\Ether24.vcproj", "{6090FE9C-7FD0-404E-B435-DB5FBCA66DCF}"
EndProject
Project("{8BC9CEB8-8B4A-11D0-8D11-00A0C91BC942}") = "JCCL CORBA Run-Time Reconfig Plug-in IDL to C++", "JCCL\RTRC_Plugin_CXX_IDL\RTRC_Plugin_CXX_IDL.vcproj", "{B0D8E82A-EAF5-4162-8136-C12B84DC5089}"
EndProject
Project("{8BC9CEB8-8B4A-11D0-8D11-00A0C91BC942}") = "VR Juggler CORBA Performance Monitoring Plug-in IDL to C++", "VRJugglerPlugins\Perf_Plugin_CXX_IDL\Perf_Plugin_CXX_IDL.vcproj", "{C2C59AA2-CD5B-49EF-B1B0-858AC44B1FD9}"
EndProject
Global
	GlobalSection(SolutionConfiguration) = preSolution
		ConfigName.0 = Debug
		ConfigName.1 = DebugDLL
		ConfigName.2 = Release
		ConfigName.3 = ReleaseDLL
	EndGlobalSection
	GlobalSection(ProjectDependencies) = postSolution
		{5A96B2F8-7000-4988-AFD5-E85181B52BCF}.0 = {00C860E8-6CC8-4638-B5D1-8E5C5A34C425}
		{0FBA5DC5-0D51-4394-9615-A60B0F570B66}.0 = {3BCCC61B-04CC-4E14-9E47-397ADF93EEF6}
		{0FBA5DC5-0D51-4394-9615-A60B0F570B66}.1 = {00C860E8-6CC8-4638-B5D1-8E5C5A34C425}
		{1AAD8712-09DC-4957-8594-AF5A49BAB4E1}.0 = {5A96B2F8-7000-4988-AFD5-E85181B52BCF}
		{1AAD8712-09DC-4957-8594-AF5A49BAB4E1}.1 = {00C860E8-6CC8-4638-B5D1-8E5C5A34C425}
		{8581D2A6-E8BD-4EB2-BD14-8633AFF79D73}.0 = {0FBA5DC5-0D51-4394-9615-A60B0F570B66}
		{8581D2A6-E8BD-4EB2-BD14-8633AFF79D73}.1 = {5A96B2F8-7000-4988-AFD5-E85181B52BCF}
		{8581D2A6-E8BD-4EB2-BD14-8633AFF79D73}.2 = {B0D8E82A-EAF5-4162-8136-C12B84DC5089}
		{8581D2A6-E8BD-4EB2-BD14-8633AFF79D73}.3 = {00C860E8-6CC8-4638-B5D1-8E5C5A34C425}
		{8CD85B68-8E87-4289-9CD3-0C0012781BF2}.0 = {5A96B2F8-7000-4988-AFD5-E85181B52BCF}
		{8CD85B68-8E87-4289-9CD3-0C0012781BF2}.1 = {00C860E8-6CC8-4638-B5D1-8E5C5A34C425}
		{8CD85B68-8E87-4289-9CD3-0C0012781BF2}.2 = {BE8A6412-F142-493F-B1BB-363F4EDAC230}
		{8CD85B68-8E87-4289-9CD3-0C0012781BF2}.3 = {1AAD8712-09DC-4957-8594-AF5A49BAB4E1}
		{BE8A6412-F142-493F-B1BB-363F4EDAC230}.0 = {00C860E8-6CC8-4638-B5D1-8E5C5A34C425}
		{3E0ED861-C434-40E0-8D76-E31D76EA185B}.0 = {1AAD8712-09DC-4957-8594-AF5A49BAB4E1}
		{3E0ED861-C434-40E0-8D76-E31D76EA185B}.1 = {8CD85B68-8E87-4289-9CD3-0C0012781BF2}
		{3E0ED861-C434-40E0-8D76-E31D76EA185B}.2 = {00C860E8-6CC8-4638-B5D1-8E5C5A34C425}
		{3E0ED861-C434-40E0-8D76-E31D76EA185B}.3 = {BE8A6412-F142-493F-B1BB-363F4EDAC230}
		{3E0ED861-C434-40E0-8D76-E31D76EA185B}.4 = {5A96B2F8-7000-4988-AFD5-E85181B52BCF}
		{3E0ED861-C434-40E0-8D76-E31D76EA185B}.5 = {8CD85B68-8E87-4289-9CD3-0C0012781BF2}
		{927ADA64-5D2E-4066-ABDA-3D65A9CF524B}.0 = {1AAD8712-09DC-4957-8594-AF5A49BAB4E1}
		{927ADA64-5D2E-4066-ABDA-3D65A9CF524B}.1 = {5A96B2F8-7000-4988-AFD5-E85181B52BCF}
		{927ADA64-5D2E-4066-ABDA-3D65A9CF524B}.2 = {BE8A6412-F142-493F-B1BB-363F4EDAC230}
		{927ADA64-5D2E-4066-ABDA-3D65A9CF524B}.3 = {00C860E8-6CC8-4638-B5D1-8E5C5A34C425}
		{927ADA64-5D2E-4066-ABDA-3D65A9CF524B}.4 = {8CD85B68-8E87-4289-9CD3-0C0012781BF2}
		{2BB1C6DC-A6DB-42A3-A91A-DBD8BA7A8432}.0 = {00C860E8-6CC8-4638-B5D1-8E5C5A34C425}
		{2BB1C6DC-A6DB-42A3-A91A-DBD8BA7A8432}.1 = {00C860E8-6CC8-4638-B5D1-8E5C5A34C425}
		{2BB1C6DC-A6DB-42A3-A91A-DBD8BA7A8432}.2 = {00C860E8-6CC8-4638-B5D1-8E5C5A34C425}
		{2BB1C6DC-A6DB-42A3-A91A-DBD8BA7A8432}.3 = {5A96B2F8-7000-4988-AFD5-E85181B52BCF}
		{2BB1C6DC-A6DB-42A3-A91A-DBD8BA7A8432}.4 = {1AAD8712-09DC-4957-8594-AF5A49BAB4E1}
		{2BB1C6DC-A6DB-42A3-A91A-DBD8BA7A8432}.5 = {1AAD8712-09DC-4957-8594-AF5A49BAB4E1}
		{2BB1C6DC-A6DB-42A3-A91A-DBD8BA7A8433}.0 = {1AAD8712-09DC-4957-8594-AF5A49BAB4E1}
		{2BB1C6DC-A6DB-42A3-A91A-DBD8BA7A8433}.1 = {5A96B2F8-7000-4988-AFD5-E85181B52BCF}
		{2BB1C6DC-A6DB-42A3-A91A-DBD8BA7A8433}.2 = {00C860E8-6CC8-4638-B5D1-8E5C5A34C425}
		{2BB1C6DC-A6DB-42A3-A91A-DBD8BA7A8434}.0 = {1AAD8712-09DC-4957-8594-AF5A49BAB4E1}
		{2BB1C6DC-A6DB-42A3-A91A-DBD8BA7A8434}.1 = {5A96B2F8-7000-4988-AFD5-E85181B52BCF}
		{2BB1C6DC-A6DB-42A3-A91A-DBD8BA7A8434}.2 = {00C860E8-6CC8-4638-B5D1-8E5C5A34C425}
		{2BB1C6DC-A6DB-42A3-A91A-DBD8BA7A8435}.0 = {00C860E8-6CC8-4638-B5D1-8E5C5A34C425}
		{2BB1C6DC-A6DB-42A3-A91A-DBD8BA7A8435}.1 = {5A96B2F8-7000-4988-AFD5-E85181B52BCF}
		{2BB1C6DC-A6DB-42A3-A91A-DBD8BA7A8435}.2 = {1AAD8712-09DC-4957-8594-AF5A49BAB4E1}
		{2BB1C6DC-A6DB-42A3-A91A-DBD8BA7A8436}.0 = {1AAD8712-09DC-4957-8594-AF5A49BAB4E1}
		{2BB1C6DC-A6DB-42A3-A91A-DBD8BA7A8436}.1 = {5A96B2F8-7000-4988-AFD5-E85181B52BCF}
		{2BB1C6DC-A6DB-42A3-A91A-DBD8BA7A8436}.2 = {00C860E8-6CC8-4638-B5D1-8E5C5A34C425}
		{2BB1C6DC-A6DB-42A3-A91A-DBD8BA7A8437}.0 = {00C860E8-6CC8-4638-B5D1-8E5C5A34C425}
		{2BB1C6DC-A6DB-42A3-A91A-DBD8BA7A8437}.1 = {5A96B2F8-7000-4988-AFD5-E85181B52BCF}
		{2BB1C6DC-A6DB-42A3-A91A-DBD8BA7A8437}.2 = {1AAD8712-09DC-4957-8594-AF5A49BAB4E1}
		{2BB1C6DC-A6DB-42A3-A91A-DBD8BA7A8438}.0 = {00C860E8-6CC8-4638-B5D1-8E5C5A34C425}
		{2BB1C6DC-A6DB-42A3-A91A-DBD8BA7A8438}.1 = {5A96B2F8-7000-4988-AFD5-E85181B52BCF}
		{2BB1C6DC-A6DB-42A3-A91A-DBD8BA7A8438}.2 = {1AAD8712-09DC-4957-8594-AF5A49BAB4E1}
		{2BB1C6DC-A6DB-42A3-A91A-DBD8BA7A8439}.0 = {1AAD8712-09DC-4957-8594-AF5A49BAB4E1}
		{2BB1C6DC-A6DB-42A3-A91A-DBD8BA7A8439}.1 = {5A96B2F8-7000-4988-AFD5-E85181B52BCF}
		{2BB1C6DC-A6DB-42A3-A91A-DBD8BA7A8439}.2 = {00C860E8-6CC8-4638-B5D1-8E5C5A34C425}
		{2BB1C6DC-A6DB-42A3-A91A-DBD8BA7A843A}.0 = {00C860E8-6CC8-4638-B5D1-8E5C5A34C425}
		{2BB1C6DC-A6DB-42A3-A91A-DBD8BA7A843A}.1 = {5A96B2F8-7000-4988-AFD5-E85181B52BCF}
		{2BB1C6DC-A6DB-42A3-A91A-DBD8BA7A843A}.2 = {1AAD8712-09DC-4957-8594-AF5A49BAB4E1}
		{2BB1C6DC-A6DB-42A3-A91A-DBD8BA7A843C}.0 = {00C860E8-6CC8-4638-B5D1-8E5C5A34C425}
		{2BB1C6DC-A6DB-42A3-A91A-DBD8BA7A843C}.1 = {5A96B2F8-7000-4988-AFD5-E85181B52BCF}
		{2BB1C6DC-A6DB-42A3-A91A-DBD8BA7A843C}.2 = {1AAD8712-09DC-4957-8594-AF5A49BAB4E1}
		{2BB1C6DC-A6DB-42A3-A91A-DBD8BA7A843D}.0 = {00C860E8-6CC8-4638-B5D1-8E5C5A34C425}
		{2BB1C6DC-A6DB-42A3-A91A-DBD8BA7A843D}.1 = {5A96B2F8-7000-4988-AFD5-E85181B52BCF}
		{2BB1C6DC-A6DB-42A3-A91A-DBD8BA7A843D}.2 = {1AAD8712-09DC-4957-8594-AF5A49BAB4E1}
		{2BB1C6DC-A6DB-42A3-A91A-DBD8BA7A843E}.0 = {1AAD8712-09DC-4957-8594-AF5A49BAB4E1}
		{2BB1C6DC-A6DB-42A3-A91A-DBD8BA7A843E}.1 = {5A96B2F8-7000-4988-AFD5-E85181B52BCF}
		{2BB1C6DC-A6DB-42A3-A91A-DBD8BA7A843E}.2 = {00C860E8-6CC8-4638-B5D1-8E5C5A34C425}
		{2BB1C6DC-A6DB-42A3-A91A-DBD8BA7A843F}.0 = {00C860E8-6CC8-4638-B5D1-8E5C5A34C425}
		{2BB1C6DC-A6DB-42A3-A91A-DBD8BA7A843F}.1 = {5A96B2F8-7000-4988-AFD5-E85181B52BCF}
		{2BB1C6DC-A6DB-42A3-A91A-DBD8BA7A843F}.2 = {1AAD8712-09DC-4957-8594-AF5A49BAB4E1}
		{2BB1C6DC-A6DB-42A3-A91A-DBD8BA7A8440}.0 = {1AAD8712-09DC-4957-8594-AF5A49BAB4E1}
		{2BB1C6DC-A6DB-42A3-A91A-DBD8BA7A8440}.1 = {5A96B2F8-7000-4988-AFD5-E85181B52BCF}
		{2BB1C6DC-A6DB-42A3-A91A-DBD8BA7A8440}.2 = {00C860E8-6CC8-4638-B5D1-8E5C5A34C425}
		{3E0ED861-C434-40E0-8D76-E31D76EA185B}.0 = {1AAD8712-09DC-4957-8594-AF5A49BAB4E1}
		{3E0ED861-C434-40E0-8D76-E31D76EA185B}.1 = {8CD85B68-8E87-4289-9CD3-0C0012781BF2}
		{3E0ED861-C434-40E0-8D76-E31D76EA185B}.2 = {00C860E8-6CC8-4638-B5D1-8E5C5A34C425}
		{3E0ED861-C434-40E0-8D76-E31D76EA185B}.3 = {BE8A6412-F142-493F-B1BB-363F4EDAC230}
		{3E0ED861-C434-40E0-8D76-E31D76EA185B}.4 = {5A96B2F8-7000-4988-AFD5-E85181B52BCF}
		{3E0ED861-C434-40E0-8D76-E31D76EA185B}.5 = {8CD85B68-8E87-4289-9CD3-0C0012781BF2}
		{2BB1C6DC-A6DB-42A3-A91A-DBD8BA7A8441}.0 = {BE8A6412-F142-493F-B1BB-363F4EDAC230}
		{2BB1C6DC-A6DB-42A3-A91A-DBD8BA7A8441}.1 = {00C860E8-6CC8-4638-B5D1-8E5C5A34C425}
		{4FC8DE94-8906-4B2D-8F1B-433ECED3C494}.0 = {448B9268-6ED3-4104-99BA-AF8C2B13C4D6}
		{A50E05B2-E96E-4455-BD3F-011CF1D2FF79}.0 = {4FC8DE94-8906-4B2D-8F1B-433ECED3C494}
		{67DD23CD-584C-46E0-AF9E-2DFCAF2A99D5}.0 = {A50E05B2-E96E-4455-BD3F-011CF1D2FF79}
		{67DD23CD-584C-46E0-AF9E-2DFCAF2A99D5}.1 = {C2438998-3FE5-4D34-A141-B49BDB9C9A10}
		{67DD23CD-584C-46E0-AF9E-2DFCAF2A99D5}.2 = {4FC8DE94-8906-4B2D-8F1B-433ECED3C494}
		{C2438998-3FE5-4D34-A141-B49BDB9C9A10}.0 = {A50E05B2-E96E-4455-BD3F-011CF1D2FF79}
		{C2438998-3FE5-4D34-A141-B49BDB9C9A10}.1 = {4FC8DE94-8906-4B2D-8F1B-433ECED3C494}
		{B5B84219-04D9-41CE-BC53-FFF9F53EF7EE}.0 = {00C860E8-6CC8-4638-B5D1-8E5C5A34C425}
		{B5B84219-04D9-41CE-BC53-FFF9F53EF7EE}.1 = {BE8A6412-F142-493F-B1BB-363F4EDAC230}
		{E72614B6-3DF7-4DFE-8E8D-29590C8AF70E}.0 = {1AAD8712-09DC-4957-8594-AF5A49BAB4E1}
		{E72614B6-3DF7-4DFE-8E8D-29590C8AF70E}.1 = {5A96B2F8-7000-4988-AFD5-E85181B52BCF}
		{E72614B6-3DF7-4DFE-8E8D-29590C8AF70E}.2 = {00C860E8-6CC8-4638-B5D1-8E5C5A34C425}
		{F0298FAE-2D7F-43F0-919B-D0A0A9A1F94D}.0 = {1AAD8712-09DC-4957-8594-AF5A49BAB4E1}
		{F0298FAE-2D7F-43F0-919B-D0A0A9A1F94D}.1 = {5A96B2F8-7000-4988-AFD5-E85181B52BCF}
		{F0298FAE-2D7F-43F0-919B-D0A0A9A1F94D}.2 = {00C860E8-6CC8-4638-B5D1-8E5C5A34C425}
		{323DC371-8232-48E9-BB85-1DD5C1E3FEEE}.0 = {0FBA5DC5-0D51-4394-9615-A60B0F570B66}
		{323DC371-8232-48E9-BB85-1DD5C1E3FEEE}.1 = {C2C59AA2-CD5B-49EF-B1B0-858AC44B1FD9}
		{323DC371-8232-48E9-BB85-1DD5C1E3FEEE}.2 = {8CD85B68-8E87-4289-9CD3-0C0012781BF2}
		{6AED2E73-C633-439F-89C4-D97182EF0243}.0 = {4FC8DE94-8906-4B2D-8F1B-433ECED3C494}
		{6AED2E73-C633-439F-89C4-D97182EF0243}.1 = {67DD23CD-584C-46E0-AF9E-2DFCAF2A99D5}
		{6AED2E73-C633-439F-89C4-D97182EF0243}.2 = {A50E05B2-E96E-4455-BD3F-011CF1D2FF79}
		{77A5242E-C68D-4101-A105-7D4FBD43F489}.0 = {5A96B2F8-7000-4988-AFD5-E85181B52BCF}
		{77A5242E-C68D-4101-A105-7D4FBD43F489}.1 = {1AAD8712-09DC-4957-8594-AF5A49BAB4E1}
		{40450FA1-4F16-4498-AD30-7974FAF8D8C7}.0 = {1AAD8712-09DC-4957-8594-AF5A49BAB4E1}
		{40450FA1-4F16-4498-AD30-7974FAF8D8C7}.1 = {5A96B2F8-7000-4988-AFD5-E85181B52BCF}
		{40450FA1-4F16-4498-AD30-7974FAF8D8C7}.2 = {00C860E8-6CC8-4638-B5D1-8E5C5A34C425}
		{9FF3948D-55D0-4690-9E88-BE28614A5DFB}.0 = {1AAD8712-09DC-4957-8594-AF5A49BAB4E1}
		{9FF3948D-55D0-4690-9E88-BE28614A5DFB}.1 = {5A96B2F8-7000-4988-AFD5-E85181B52BCF}
		{9FF3948D-55D0-4690-9E88-BE28614A5DFB}.2 = {00C860E8-6CC8-4638-B5D1-8E5C5A34C425}
		{E7AEC593-28AB-4A3D-A108-298C601C629E}.0 = {00C860E8-6CC8-4638-B5D1-8E5C5A34C425}
		{E7AEC593-28AB-4A3D-A108-298C601C629E}.1 = {5A96B2F8-7000-4988-AFD5-E85181B52BCF}
		{E7AEC593-28AB-4A3D-A108-298C601C629E}.2 = {1AAD8712-09DC-4957-8594-AF5A49BAB4E1}
		{6090FE9C-7FD0-404E-B435-DB5FBCA66DCF}.0 = {00C860E8-6CC8-4638-B5D1-8E5C5A34C425}
		{6090FE9C-7FD0-404E-B435-DB5FBCA66DCF}.1 = {5A96B2F8-7000-4988-AFD5-E85181B52BCF}
		{6090FE9C-7FD0-404E-B435-DB5FBCA66DCF}.2 = {1AAD8712-09DC-4957-8594-AF5A49BAB4E1}
	EndGlobalSection
	GlobalSection(ProjectConfiguration) = postSolution
		{00C860E8-6CC8-4638-B5D1-8E5C5A34C425}.Debug.ActiveCfg = DebugDLL|Win32
		{00C860E8-6CC8-4638-B5D1-8E5C5A34C425}.Debug.Build.0 = DebugDLL|Win32
		{00C860E8-6CC8-4638-B5D1-8E5C5A34C425}.DebugDLL.ActiveCfg = DebugDLL|Win32
		{00C860E8-6CC8-4638-B5D1-8E5C5A34C425}.DebugDLL.Build.0 = DebugDLL|Win32
		{00C860E8-6CC8-4638-B5D1-8E5C5A34C425}.Release.ActiveCfg = ReleaseDLL|Win32
		{00C860E8-6CC8-4638-B5D1-8E5C5A34C425}.Release.Build.0 = ReleaseDLL|Win32
		{00C860E8-6CC8-4638-B5D1-8E5C5A34C425}.ReleaseDLL.ActiveCfg = ReleaseDLL|Win32
		{00C860E8-6CC8-4638-B5D1-8E5C5A34C425}.ReleaseDLL.Build.0 = ReleaseDLL|Win32
		{5A96B2F8-7000-4988-AFD5-E85181B52BCF}.Debug.ActiveCfg = DebugDLL|Win32
		{5A96B2F8-7000-4988-AFD5-E85181B52BCF}.Debug.Build.0 = DebugDLL|Win32
		{5A96B2F8-7000-4988-AFD5-E85181B52BCF}.DebugDLL.ActiveCfg = DebugDLL|Win32
		{5A96B2F8-7000-4988-AFD5-E85181B52BCF}.DebugDLL.Build.0 = DebugDLL|Win32
		{5A96B2F8-7000-4988-AFD5-E85181B52BCF}.Release.ActiveCfg = ReleaseDLL|Win32
		{5A96B2F8-7000-4988-AFD5-E85181B52BCF}.Release.Build.0 = ReleaseDLL|Win32
		{5A96B2F8-7000-4988-AFD5-E85181B52BCF}.ReleaseDLL.ActiveCfg = ReleaseDLL|Win32
		{5A96B2F8-7000-4988-AFD5-E85181B52BCF}.ReleaseDLL.Build.0 = ReleaseDLL|Win32
		{0FBA5DC5-0D51-4394-9615-A60B0F570B66}.Debug.ActiveCfg = DebugDLL|Win32
		{0FBA5DC5-0D51-4394-9615-A60B0F570B66}.Debug.Build.0 = DebugDLL|Win32
		{0FBA5DC5-0D51-4394-9615-A60B0F570B66}.DebugDLL.ActiveCfg = DebugDLL|Win32
		{0FBA5DC5-0D51-4394-9615-A60B0F570B66}.DebugDLL.Build.0 = DebugDLL|Win32
		{0FBA5DC5-0D51-4394-9615-A60B0F570B66}.Release.ActiveCfg = ReleaseDLL|Win32
		{0FBA5DC5-0D51-4394-9615-A60B0F570B66}.Release.Build.0 = ReleaseDLL|Win32
		{0FBA5DC5-0D51-4394-9615-A60B0F570B66}.ReleaseDLL.ActiveCfg = ReleaseDLL|Win32
		{0FBA5DC5-0D51-4394-9615-A60B0F570B66}.ReleaseDLL.Build.0 = ReleaseDLL|Win32
		{1AAD8712-09DC-4957-8594-AF5A49BAB4E1}.Debug.ActiveCfg = DebugDLL|Win32
		{1AAD8712-09DC-4957-8594-AF5A49BAB4E1}.Debug.Build.0 = DebugDLL|Win32
		{1AAD8712-09DC-4957-8594-AF5A49BAB4E1}.DebugDLL.ActiveCfg = DebugDLL|Win32
		{1AAD8712-09DC-4957-8594-AF5A49BAB4E1}.DebugDLL.Build.0 = DebugDLL|Win32
		{1AAD8712-09DC-4957-8594-AF5A49BAB4E1}.Release.ActiveCfg = ReleaseDLL|Win32
		{1AAD8712-09DC-4957-8594-AF5A49BAB4E1}.Release.Build.0 = ReleaseDLL|Win32
		{1AAD8712-09DC-4957-8594-AF5A49BAB4E1}.ReleaseDLL.ActiveCfg = ReleaseDLL|Win32
		{1AAD8712-09DC-4957-8594-AF5A49BAB4E1}.ReleaseDLL.Build.0 = ReleaseDLL|Win32
		{8581D2A6-E8BD-4EB2-BD14-8633AFF79D73}.Debug.ActiveCfg = DebugDLL|Win32
		{8581D2A6-E8BD-4EB2-BD14-8633AFF79D73}.Debug.Build.0 = DebugDLL|Win32
		{8581D2A6-E8BD-4EB2-BD14-8633AFF79D73}.DebugDLL.ActiveCfg = DebugDLL|Win32
		{8581D2A6-E8BD-4EB2-BD14-8633AFF79D73}.DebugDLL.Build.0 = DebugDLL|Win32
		{8581D2A6-E8BD-4EB2-BD14-8633AFF79D73}.Release.ActiveCfg = ReleaseDLL|Win32
		{8581D2A6-E8BD-4EB2-BD14-8633AFF79D73}.Release.Build.0 = ReleaseDLL|Win32
		{8581D2A6-E8BD-4EB2-BD14-8633AFF79D73}.ReleaseDLL.ActiveCfg = ReleaseDLL|Win32
		{8581D2A6-E8BD-4EB2-BD14-8633AFF79D73}.ReleaseDLL.Build.0 = ReleaseDLL|Win32
		{8CD85B68-8E87-4289-9CD3-0C0012781BF2}.Debug.ActiveCfg = DebugDLL|Win32
		{8CD85B68-8E87-4289-9CD3-0C0012781BF2}.Debug.Build.0 = DebugDLL|Win32
		{8CD85B68-8E87-4289-9CD3-0C0012781BF2}.DebugDLL.ActiveCfg = DebugDLL|Win32
		{8CD85B68-8E87-4289-9CD3-0C0012781BF2}.DebugDLL.Build.0 = DebugDLL|Win32
		{8CD85B68-8E87-4289-9CD3-0C0012781BF2}.Release.ActiveCfg = ReleaseDLL|Win32
		{8CD85B68-8E87-4289-9CD3-0C0012781BF2}.Release.Build.0 = ReleaseDLL|Win32
		{8CD85B68-8E87-4289-9CD3-0C0012781BF2}.ReleaseDLL.ActiveCfg = ReleaseDLL|Win32
		{8CD85B68-8E87-4289-9CD3-0C0012781BF2}.ReleaseDLL.Build.0 = ReleaseDLL|Win32
		{BE8A6412-F142-493F-B1BB-363F4EDAC230}.Debug.ActiveCfg = DebugDLL|Win32
		{BE8A6412-F142-493F-B1BB-363F4EDAC230}.Debug.Build.0 = DebugDLL|Win32
		{BE8A6412-F142-493F-B1BB-363F4EDAC230}.DebugDLL.ActiveCfg = DebugDLL|Win32
		{BE8A6412-F142-493F-B1BB-363F4EDAC230}.DebugDLL.Build.0 = DebugDLL|Win32
		{BE8A6412-F142-493F-B1BB-363F4EDAC230}.Release.ActiveCfg = ReleaseDLL|Win32
		{BE8A6412-F142-493F-B1BB-363F4EDAC230}.Release.Build.0 = ReleaseDLL|Win32
		{BE8A6412-F142-493F-B1BB-363F4EDAC230}.ReleaseDLL.ActiveCfg = ReleaseDLL|Win32
		{BE8A6412-F142-493F-B1BB-363F4EDAC230}.ReleaseDLL.Build.0 = ReleaseDLL|Win32
		{3E0ED861-C434-40E0-8D76-E31D76EA185B}.Debug.ActiveCfg = DebugDLL|Win32
		{3E0ED861-C434-40E0-8D76-E31D76EA185B}.Debug.Build.0 = DebugDLL|Win32
		{3E0ED861-C434-40E0-8D76-E31D76EA185B}.DebugDLL.ActiveCfg = DebugDLL|Win32
		{3E0ED861-C434-40E0-8D76-E31D76EA185B}.DebugDLL.Build.0 = DebugDLL|Win32
		{3E0ED861-C434-40E0-8D76-E31D76EA185B}.Release.ActiveCfg = ReleaseDLL|Win32
		{3E0ED861-C434-40E0-8D76-E31D76EA185B}.Release.Build.0 = ReleaseDLL|Win32
		{3E0ED861-C434-40E0-8D76-E31D76EA185B}.ReleaseDLL.ActiveCfg = ReleaseDLL|Win32
		{3E0ED861-C434-40E0-8D76-E31D76EA185B}.ReleaseDLL.Build.0 = ReleaseDLL|Win32
		{927ADA64-5D2E-4066-ABDA-3D65A9CF524B}.Debug.ActiveCfg = DebugDLL|Win32
		{927ADA64-5D2E-4066-ABDA-3D65A9CF524B}.DebugDLL.ActiveCfg = DebugDLL|Win32
		{927ADA64-5D2E-4066-ABDA-3D65A9CF524B}.Release.ActiveCfg = ReleaseDLL|Win32
		{927ADA64-5D2E-4066-ABDA-3D65A9CF524B}.ReleaseDLL.ActiveCfg = ReleaseDLL|Win32
		{2BB1C6DC-A6DB-42A3-A91A-DBD8BA7A8432}.Debug.ActiveCfg = DebugDLL|Win32
		{2BB1C6DC-A6DB-42A3-A91A-DBD8BA7A8432}.Debug.Build.0 = DebugDLL|Win32
		{2BB1C6DC-A6DB-42A3-A91A-DBD8BA7A8432}.DebugDLL.ActiveCfg = DebugDLL|Win32
		{2BB1C6DC-A6DB-42A3-A91A-DBD8BA7A8432}.DebugDLL.Build.0 = DebugDLL|Win32
		{2BB1C6DC-A6DB-42A3-A91A-DBD8BA7A8432}.Release.ActiveCfg = ReleaseDLL|Win32
		{2BB1C6DC-A6DB-42A3-A91A-DBD8BA7A8432}.Release.Build.0 = ReleaseDLL|Win32
		{2BB1C6DC-A6DB-42A3-A91A-DBD8BA7A8432}.ReleaseDLL.ActiveCfg = ReleaseDLL|Win32
		{2BB1C6DC-A6DB-42A3-A91A-DBD8BA7A8432}.ReleaseDLL.Build.0 = ReleaseDLL|Win32
		{2BB1C6DC-A6DB-42A3-A91A-DBD8BA7A8433}.Debug.ActiveCfg = DebugDLL|Win32
		{2BB1C6DC-A6DB-42A3-A91A-DBD8BA7A8433}.Debug.Build.0 = DebugDLL|Win32
		{2BB1C6DC-A6DB-42A3-A91A-DBD8BA7A8433}.DebugDLL.ActiveCfg = DebugDLL|Win32
		{2BB1C6DC-A6DB-42A3-A91A-DBD8BA7A8433}.DebugDLL.Build.0 = DebugDLL|Win32
		{2BB1C6DC-A6DB-42A3-A91A-DBD8BA7A8433}.Release.ActiveCfg = ReleaseDLL|Win32
		{2BB1C6DC-A6DB-42A3-A91A-DBD8BA7A8433}.Release.Build.0 = ReleaseDLL|Win32
		{2BB1C6DC-A6DB-42A3-A91A-DBD8BA7A8433}.ReleaseDLL.ActiveCfg = ReleaseDLL|Win32
		{2BB1C6DC-A6DB-42A3-A91A-DBD8BA7A8433}.ReleaseDLL.Build.0 = ReleaseDLL|Win32
		{2BB1C6DC-A6DB-42A3-A91A-DBD8BA7A8434}.Debug.ActiveCfg = DebugDLL|Win32
		{2BB1C6DC-A6DB-42A3-A91A-DBD8BA7A8434}.Debug.Build.0 = DebugDLL|Win32
		{2BB1C6DC-A6DB-42A3-A91A-DBD8BA7A8434}.DebugDLL.ActiveCfg = DebugDLL|Win32
		{2BB1C6DC-A6DB-42A3-A91A-DBD8BA7A8434}.DebugDLL.Build.0 = DebugDLL|Win32
		{2BB1C6DC-A6DB-42A3-A91A-DBD8BA7A8434}.Release.ActiveCfg = ReleaseDLL|Win32
		{2BB1C6DC-A6DB-42A3-A91A-DBD8BA7A8434}.Release.Build.0 = ReleaseDLL|Win32
		{2BB1C6DC-A6DB-42A3-A91A-DBD8BA7A8434}.ReleaseDLL.ActiveCfg = ReleaseDLL|Win32
		{2BB1C6DC-A6DB-42A3-A91A-DBD8BA7A8434}.ReleaseDLL.Build.0 = ReleaseDLL|Win32
		{2BB1C6DC-A6DB-42A3-A91A-DBD8BA7A8435}.Debug.ActiveCfg = DebugDLL|Win32
		{2BB1C6DC-A6DB-42A3-A91A-DBD8BA7A8435}.Debug.Build.0 = DebugDLL|Win32
		{2BB1C6DC-A6DB-42A3-A91A-DBD8BA7A8435}.DebugDLL.ActiveCfg = DebugDLL|Win32
		{2BB1C6DC-A6DB-42A3-A91A-DBD8BA7A8435}.DebugDLL.Build.0 = DebugDLL|Win32
		{2BB1C6DC-A6DB-42A3-A91A-DBD8BA7A8435}.Release.ActiveCfg = ReleaseDLL|Win32
		{2BB1C6DC-A6DB-42A3-A91A-DBD8BA7A8435}.Release.Build.0 = ReleaseDLL|Win32
		{2BB1C6DC-A6DB-42A3-A91A-DBD8BA7A8435}.ReleaseDLL.ActiveCfg = ReleaseDLL|Win32
		{2BB1C6DC-A6DB-42A3-A91A-DBD8BA7A8435}.ReleaseDLL.Build.0 = ReleaseDLL|Win32
		{2BB1C6DC-A6DB-42A3-A91A-DBD8BA7A8436}.Debug.ActiveCfg = DebugDLL|Win32
		{2BB1C6DC-A6DB-42A3-A91A-DBD8BA7A8436}.Debug.Build.0 = DebugDLL|Win32
		{2BB1C6DC-A6DB-42A3-A91A-DBD8BA7A8436}.DebugDLL.ActiveCfg = DebugDLL|Win32
		{2BB1C6DC-A6DB-42A3-A91A-DBD8BA7A8436}.DebugDLL.Build.0 = DebugDLL|Win32
		{2BB1C6DC-A6DB-42A3-A91A-DBD8BA7A8436}.Release.ActiveCfg = ReleaseDLL|Win32
		{2BB1C6DC-A6DB-42A3-A91A-DBD8BA7A8436}.Release.Build.0 = ReleaseDLL|Win32
		{2BB1C6DC-A6DB-42A3-A91A-DBD8BA7A8436}.ReleaseDLL.ActiveCfg = ReleaseDLL|Win32
		{2BB1C6DC-A6DB-42A3-A91A-DBD8BA7A8436}.ReleaseDLL.Build.0 = ReleaseDLL|Win32
		{2BB1C6DC-A6DB-42A3-A91A-DBD8BA7A8437}.Debug.ActiveCfg = DebugDLL|Win32
		{2BB1C6DC-A6DB-42A3-A91A-DBD8BA7A8437}.Debug.Build.0 = DebugDLL|Win32
		{2BB1C6DC-A6DB-42A3-A91A-DBD8BA7A8437}.DebugDLL.ActiveCfg = DebugDLL|Win32
		{2BB1C6DC-A6DB-42A3-A91A-DBD8BA7A8437}.DebugDLL.Build.0 = DebugDLL|Win32
		{2BB1C6DC-A6DB-42A3-A91A-DBD8BA7A8437}.Release.ActiveCfg = ReleaseDLL|Win32
		{2BB1C6DC-A6DB-42A3-A91A-DBD8BA7A8437}.Release.Build.0 = ReleaseDLL|Win32
		{2BB1C6DC-A6DB-42A3-A91A-DBD8BA7A8437}.ReleaseDLL.ActiveCfg = ReleaseDLL|Win32
		{2BB1C6DC-A6DB-42A3-A91A-DBD8BA7A8437}.ReleaseDLL.Build.0 = ReleaseDLL|Win32
		{2BB1C6DC-A6DB-42A3-A91A-DBD8BA7A8438}.Debug.ActiveCfg = DebugDLL|Win32
		{2BB1C6DC-A6DB-42A3-A91A-DBD8BA7A8438}.Debug.Build.0 = DebugDLL|Win32
		{2BB1C6DC-A6DB-42A3-A91A-DBD8BA7A8438}.DebugDLL.ActiveCfg = DebugDLL|Win32
		{2BB1C6DC-A6DB-42A3-A91A-DBD8BA7A8438}.DebugDLL.Build.0 = DebugDLL|Win32
		{2BB1C6DC-A6DB-42A3-A91A-DBD8BA7A8438}.Release.ActiveCfg = ReleaseDLL|Win32
		{2BB1C6DC-A6DB-42A3-A91A-DBD8BA7A8438}.Release.Build.0 = ReleaseDLL|Win32
		{2BB1C6DC-A6DB-42A3-A91A-DBD8BA7A8438}.ReleaseDLL.ActiveCfg = ReleaseDLL|Win32
		{2BB1C6DC-A6DB-42A3-A91A-DBD8BA7A8438}.ReleaseDLL.Build.0 = ReleaseDLL|Win32
		{2BB1C6DC-A6DB-42A3-A91A-DBD8BA7A8439}.Debug.ActiveCfg = DebugDLL|Win32
		{2BB1C6DC-A6DB-42A3-A91A-DBD8BA7A8439}.Debug.Build.0 = DebugDLL|Win32
		{2BB1C6DC-A6DB-42A3-A91A-DBD8BA7A8439}.DebugDLL.ActiveCfg = DebugDLL|Win32
		{2BB1C6DC-A6DB-42A3-A91A-DBD8BA7A8439}.DebugDLL.Build.0 = DebugDLL|Win32
		{2BB1C6DC-A6DB-42A3-A91A-DBD8BA7A8439}.Release.ActiveCfg = ReleaseDLL|Win32
		{2BB1C6DC-A6DB-42A3-A91A-DBD8BA7A8439}.Release.Build.0 = ReleaseDLL|Win32
		{2BB1C6DC-A6DB-42A3-A91A-DBD8BA7A8439}.ReleaseDLL.ActiveCfg = ReleaseDLL|Win32
		{2BB1C6DC-A6DB-42A3-A91A-DBD8BA7A8439}.ReleaseDLL.Build.0 = ReleaseDLL|Win32
		{2BB1C6DC-A6DB-42A3-A91A-DBD8BA7A843A}.Debug.ActiveCfg = DebugDLL|Win32
		{2BB1C6DC-A6DB-42A3-A91A-DBD8BA7A843A}.Debug.Build.0 = DebugDLL|Win32
		{2BB1C6DC-A6DB-42A3-A91A-DBD8BA7A843A}.DebugDLL.ActiveCfg = DebugDLL|Win32
		{2BB1C6DC-A6DB-42A3-A91A-DBD8BA7A843A}.DebugDLL.Build.0 = DebugDLL|Win32
		{2BB1C6DC-A6DB-42A3-A91A-DBD8BA7A843A}.Release.ActiveCfg = ReleaseDLL|Win32
		{2BB1C6DC-A6DB-42A3-A91A-DBD8BA7A843A}.Release.Build.0 = ReleaseDLL|Win32
		{2BB1C6DC-A6DB-42A3-A91A-DBD8BA7A843A}.ReleaseDLL.ActiveCfg = ReleaseDLL|Win32
		{2BB1C6DC-A6DB-42A3-A91A-DBD8BA7A843A}.ReleaseDLL.Build.0 = ReleaseDLL|Win32
		{2BB1C6DC-A6DB-42A3-A91A-DBD8BA7A843C}.Debug.ActiveCfg = DebugDLL|Win32
		{2BB1C6DC-A6DB-42A3-A91A-DBD8BA7A843C}.Debug.Build.0 = DebugDLL|Win32
		{2BB1C6DC-A6DB-42A3-A91A-DBD8BA7A843C}.DebugDLL.ActiveCfg = DebugDLL|Win32
		{2BB1C6DC-A6DB-42A3-A91A-DBD8BA7A843C}.DebugDLL.Build.0 = DebugDLL|Win32
		{2BB1C6DC-A6DB-42A3-A91A-DBD8BA7A843C}.Release.ActiveCfg = ReleaseDLL|Win32
		{2BB1C6DC-A6DB-42A3-A91A-DBD8BA7A843C}.Release.Build.0 = ReleaseDLL|Win32
		{2BB1C6DC-A6DB-42A3-A91A-DBD8BA7A843C}.ReleaseDLL.ActiveCfg = ReleaseDLL|Win32
		{2BB1C6DC-A6DB-42A3-A91A-DBD8BA7A843C}.ReleaseDLL.Build.0 = ReleaseDLL|Win32
		{2BB1C6DC-A6DB-42A3-A91A-DBD8BA7A843D}.Debug.ActiveCfg = DebugDLL|Win32
		{2BB1C6DC-A6DB-42A3-A91A-DBD8BA7A843D}.Debug.Build.0 = DebugDLL|Win32
		{2BB1C6DC-A6DB-42A3-A91A-DBD8BA7A843D}.DebugDLL.ActiveCfg = DebugDLL|Win32
		{2BB1C6DC-A6DB-42A3-A91A-DBD8BA7A843D}.DebugDLL.Build.0 = DebugDLL|Win32
		{2BB1C6DC-A6DB-42A3-A91A-DBD8BA7A843D}.Release.ActiveCfg = ReleaseDLL|Win32
		{2BB1C6DC-A6DB-42A3-A91A-DBD8BA7A843D}.Release.Build.0 = ReleaseDLL|Win32
		{2BB1C6DC-A6DB-42A3-A91A-DBD8BA7A843D}.ReleaseDLL.ActiveCfg = ReleaseDLL|Win32
		{2BB1C6DC-A6DB-42A3-A91A-DBD8BA7A843D}.ReleaseDLL.Build.0 = ReleaseDLL|Win32
		{2BB1C6DC-A6DB-42A3-A91A-DBD8BA7A843E}.Debug.ActiveCfg = DebugDLL|Win32
		{2BB1C6DC-A6DB-42A3-A91A-DBD8BA7A843E}.Debug.Build.0 = DebugDLL|Win32
		{2BB1C6DC-A6DB-42A3-A91A-DBD8BA7A843E}.DebugDLL.ActiveCfg = DebugDLL|Win32
		{2BB1C6DC-A6DB-42A3-A91A-DBD8BA7A843E}.DebugDLL.Build.0 = DebugDLL|Win32
		{2BB1C6DC-A6DB-42A3-A91A-DBD8BA7A843E}.Release.ActiveCfg = ReleaseDLL|Win32
		{2BB1C6DC-A6DB-42A3-A91A-DBD8BA7A843E}.Release.Build.0 = ReleaseDLL|Win32
		{2BB1C6DC-A6DB-42A3-A91A-DBD8BA7A843E}.ReleaseDLL.ActiveCfg = ReleaseDLL|Win32
		{2BB1C6DC-A6DB-42A3-A91A-DBD8BA7A843E}.ReleaseDLL.Build.0 = ReleaseDLL|Win32
		{2BB1C6DC-A6DB-42A3-A91A-DBD8BA7A843F}.Debug.ActiveCfg = DebugDLL|Win32
		{2BB1C6DC-A6DB-42A3-A91A-DBD8BA7A843F}.Debug.Build.0 = DebugDLL|Win32
		{2BB1C6DC-A6DB-42A3-A91A-DBD8BA7A843F}.DebugDLL.ActiveCfg = DebugDLL|Win32
		{2BB1C6DC-A6DB-42A3-A91A-DBD8BA7A843F}.DebugDLL.Build.0 = DebugDLL|Win32
		{2BB1C6DC-A6DB-42A3-A91A-DBD8BA7A843F}.Release.ActiveCfg = ReleaseDLL|Win32
		{2BB1C6DC-A6DB-42A3-A91A-DBD8BA7A843F}.Release.Build.0 = ReleaseDLL|Win32
		{2BB1C6DC-A6DB-42A3-A91A-DBD8BA7A843F}.ReleaseDLL.ActiveCfg = ReleaseDLL|Win32
		{2BB1C6DC-A6DB-42A3-A91A-DBD8BA7A843F}.ReleaseDLL.Build.0 = ReleaseDLL|Win32
		{2BB1C6DC-A6DB-42A3-A91A-DBD8BA7A8440}.Debug.ActiveCfg = DebugDLL|Win32
		{2BB1C6DC-A6DB-42A3-A91A-DBD8BA7A8440}.Debug.Build.0 = DebugDLL|Win32
		{2BB1C6DC-A6DB-42A3-A91A-DBD8BA7A8440}.DebugDLL.ActiveCfg = DebugDLL|Win32
		{2BB1C6DC-A6DB-42A3-A91A-DBD8BA7A8440}.DebugDLL.Build.0 = DebugDLL|Win32
		{2BB1C6DC-A6DB-42A3-A91A-DBD8BA7A8440}.Release.ActiveCfg = ReleaseDLL|Win32
		{2BB1C6DC-A6DB-42A3-A91A-DBD8BA7A8440}.Release.Build.0 = ReleaseDLL|Win32
		{2BB1C6DC-A6DB-42A3-A91A-DBD8BA7A8440}.ReleaseDLL.ActiveCfg = ReleaseDLL|Win32
		{2BB1C6DC-A6DB-42A3-A91A-DBD8BA7A8440}.ReleaseDLL.Build.0 = ReleaseDLL|Win32
		{3E0ED861-C434-40E0-8D76-E31D76EA185B}.Debug.ActiveCfg = DebugDLL|Win32
		{3E0ED861-C434-40E0-8D76-E31D76EA185B}.Debug.Build.0 = DebugDLL|Win32
		{3E0ED861-C434-40E0-8D76-E31D76EA185B}.DebugDLL.ActiveCfg = DebugDLL|Win32
		{3E0ED861-C434-40E0-8D76-E31D76EA185B}.DebugDLL.Build.0 = DebugDLL|Win32
		{3E0ED861-C434-40E0-8D76-E31D76EA185B}.Release.ActiveCfg = ReleaseDLL|Win32
		{3E0ED861-C434-40E0-8D76-E31D76EA185B}.Release.Build.0 = ReleaseDLL|Win32
		{3E0ED861-C434-40E0-8D76-E31D76EA185B}.ReleaseDLL.ActiveCfg = ReleaseDLL|Win32
		{3E0ED861-C434-40E0-8D76-E31D76EA185B}.ReleaseDLL.Build.0 = ReleaseDLL|Win32
		{2BB1C6DC-A6DB-42A3-A91A-DBD8BA7A8441}.Debug.ActiveCfg = DebugDLL|Win32
		{2BB1C6DC-A6DB-42A3-A91A-DBD8BA7A8441}.Debug.Build.0 = DebugDLL|Win32
		{2BB1C6DC-A6DB-42A3-A91A-DBD8BA7A8441}.DebugDLL.ActiveCfg = DebugDLL|Win32
		{2BB1C6DC-A6DB-42A3-A91A-DBD8BA7A8441}.DebugDLL.Build.0 = DebugDLL|Win32
		{2BB1C6DC-A6DB-42A3-A91A-DBD8BA7A8441}.Release.ActiveCfg = ReleaseDLL|Win32
		{2BB1C6DC-A6DB-42A3-A91A-DBD8BA7A8441}.Release.Build.0 = ReleaseDLL|Win32
		{2BB1C6DC-A6DB-42A3-A91A-DBD8BA7A8441}.ReleaseDLL.ActiveCfg = ReleaseDLL|Win32
		{2BB1C6DC-A6DB-42A3-A91A-DBD8BA7A8441}.ReleaseDLL.Build.0 = ReleaseDLL|Win32
		{4FC8DE94-8906-4B2D-8F1B-433ECED3C494}.Debug.ActiveCfg = Release|Win32
		{4FC8DE94-8906-4B2D-8F1B-433ECED3C494}.Debug.Build.0 = Release|Win32
		{4FC8DE94-8906-4B2D-8F1B-433ECED3C494}.DebugDLL.ActiveCfg = Release|Win32
		{4FC8DE94-8906-4B2D-8F1B-433ECED3C494}.DebugDLL.Build.0 = Release|Win32
		{4FC8DE94-8906-4B2D-8F1B-433ECED3C494}.Release.ActiveCfg = Release|Win32
		{4FC8DE94-8906-4B2D-8F1B-433ECED3C494}.Release.Build.0 = Release|Win32
		{4FC8DE94-8906-4B2D-8F1B-433ECED3C494}.ReleaseDLL.ActiveCfg = Release|Win32
		{4FC8DE94-8906-4B2D-8F1B-433ECED3C494}.ReleaseDLL.Build.0 = Release|Win32
		{A50E05B2-E96E-4455-BD3F-011CF1D2FF79}.Debug.ActiveCfg = Release|Win32
		{A50E05B2-E96E-4455-BD3F-011CF1D2FF79}.Debug.Build.0 = Release|Win32
		{A50E05B2-E96E-4455-BD3F-011CF1D2FF79}.DebugDLL.ActiveCfg = Release|Win32
		{A50E05B2-E96E-4455-BD3F-011CF1D2FF79}.DebugDLL.Build.0 = Release|Win32
		{A50E05B2-E96E-4455-BD3F-011CF1D2FF79}.Release.ActiveCfg = Release|Win32
		{A50E05B2-E96E-4455-BD3F-011CF1D2FF79}.Release.Build.0 = Release|Win32
		{A50E05B2-E96E-4455-BD3F-011CF1D2FF79}.ReleaseDLL.ActiveCfg = Release|Win32
		{A50E05B2-E96E-4455-BD3F-011CF1D2FF79}.ReleaseDLL.Build.0 = Release|Win32
		{67DD23CD-584C-46E0-AF9E-2DFCAF2A99D5}.Debug.ActiveCfg = Release|Win32
		{67DD23CD-584C-46E0-AF9E-2DFCAF2A99D5}.Debug.Build.0 = Release|Win32
		{67DD23CD-584C-46E0-AF9E-2DFCAF2A99D5}.DebugDLL.ActiveCfg = Release|Win32
		{67DD23CD-584C-46E0-AF9E-2DFCAF2A99D5}.DebugDLL.Build.0 = Release|Win32
		{67DD23CD-584C-46E0-AF9E-2DFCAF2A99D5}.Release.ActiveCfg = Release|Win32
		{67DD23CD-584C-46E0-AF9E-2DFCAF2A99D5}.Release.Build.0 = Release|Win32
		{67DD23CD-584C-46E0-AF9E-2DFCAF2A99D5}.ReleaseDLL.ActiveCfg = Release|Win32
		{67DD23CD-584C-46E0-AF9E-2DFCAF2A99D5}.ReleaseDLL.Build.0 = Release|Win32
		{C2438998-3FE5-4D34-A141-B49BDB9C9A10}.Debug.ActiveCfg = Release|Win32
		{C2438998-3FE5-4D34-A141-B49BDB9C9A10}.Debug.Build.0 = Release|Win32
		{C2438998-3FE5-4D34-A141-B49BDB9C9A10}.DebugDLL.ActiveCfg = Release|Win32
		{C2438998-3FE5-4D34-A141-B49BDB9C9A10}.DebugDLL.Build.0 = Release|Win32
		{C2438998-3FE5-4D34-A141-B49BDB9C9A10}.Release.ActiveCfg = Release|Win32
		{C2438998-3FE5-4D34-A141-B49BDB9C9A10}.Release.Build.0 = Release|Win32
		{C2438998-3FE5-4D34-A141-B49BDB9C9A10}.ReleaseDLL.ActiveCfg = Release|Win32
		{C2438998-3FE5-4D34-A141-B49BDB9C9A10}.ReleaseDLL.Build.0 = Release|Win32
		{B5B84219-04D9-41CE-BC53-FFF9F53EF7EE}.Debug.ActiveCfg = DebugDLL|Win32
		{B5B84219-04D9-41CE-BC53-FFF9F53EF7EE}.Debug.Build.0 = DebugDLL|Win32
		{B5B84219-04D9-41CE-BC53-FFF9F53EF7EE}.DebugDLL.ActiveCfg = DebugDLL|Win32
		{B5B84219-04D9-41CE-BC53-FFF9F53EF7EE}.DebugDLL.Build.0 = DebugDLL|Win32
		{B5B84219-04D9-41CE-BC53-FFF9F53EF7EE}.Release.ActiveCfg = ReleaseDLL|Win32
		{B5B84219-04D9-41CE-BC53-FFF9F53EF7EE}.Release.Build.0 = ReleaseDLL|Win32
		{B5B84219-04D9-41CE-BC53-FFF9F53EF7EE}.ReleaseDLL.ActiveCfg = ReleaseDLL|Win32
		{B5B84219-04D9-41CE-BC53-FFF9F53EF7EE}.ReleaseDLL.Build.0 = ReleaseDLL|Win32
		{E72614B6-3DF7-4DFE-8E8D-29590C8AF70E}.Debug.ActiveCfg = DebugDLL|Win32
		{E72614B6-3DF7-4DFE-8E8D-29590C8AF70E}.Debug.Build.0 = DebugDLL|Win32
		{E72614B6-3DF7-4DFE-8E8D-29590C8AF70E}.DebugDLL.ActiveCfg = DebugDLL|Win32
		{E72614B6-3DF7-4DFE-8E8D-29590C8AF70E}.DebugDLL.Build.0 = DebugDLL|Win32
		{E72614B6-3DF7-4DFE-8E8D-29590C8AF70E}.Release.ActiveCfg = ReleaseDLL|Win32
		{E72614B6-3DF7-4DFE-8E8D-29590C8AF70E}.Release.Build.0 = ReleaseDLL|Win32
		{E72614B6-3DF7-4DFE-8E8D-29590C8AF70E}.ReleaseDLL.ActiveCfg = ReleaseDLL|Win32
		{E72614B6-3DF7-4DFE-8E8D-29590C8AF70E}.ReleaseDLL.Build.0 = ReleaseDLL|Win32
		{F0298FAE-2D7F-43F0-919B-D0A0A9A1F94D}.Debug.ActiveCfg = DebugDLL|Win32
		{F0298FAE-2D7F-43F0-919B-D0A0A9A1F94D}.Debug.Build.0 = DebugDLL|Win32
		{F0298FAE-2D7F-43F0-919B-D0A0A9A1F94D}.DebugDLL.ActiveCfg = DebugDLL|Win32
		{F0298FAE-2D7F-43F0-919B-D0A0A9A1F94D}.DebugDLL.Build.0 = DebugDLL|Win32
		{F0298FAE-2D7F-43F0-919B-D0A0A9A1F94D}.Release.ActiveCfg = ReleaseDLL|Win32
		{F0298FAE-2D7F-43F0-919B-D0A0A9A1F94D}.Release.Build.0 = ReleaseDLL|Win32
		{F0298FAE-2D7F-43F0-919B-D0A0A9A1F94D}.ReleaseDLL.ActiveCfg = ReleaseDLL|Win32
		{F0298FAE-2D7F-43F0-919B-D0A0A9A1F94D}.ReleaseDLL.Build.0 = ReleaseDLL|Win32
		{323DC371-8232-48E9-BB85-1DD5C1E3FEEE}.Debug.ActiveCfg = DebugDLL|Win32
		{323DC371-8232-48E9-BB85-1DD5C1E3FEEE}.Debug.Build.0 = DebugDLL|Win32
		{323DC371-8232-48E9-BB85-1DD5C1E3FEEE}.DebugDLL.ActiveCfg = DebugDLL|Win32
		{323DC371-8232-48E9-BB85-1DD5C1E3FEEE}.DebugDLL.Build.0 = DebugDLL|Win32
		{323DC371-8232-48E9-BB85-1DD5C1E3FEEE}.Release.ActiveCfg = ReleaseDLL|Win32
		{323DC371-8232-48E9-BB85-1DD5C1E3FEEE}.Release.Build.0 = ReleaseDLL|Win32
		{323DC371-8232-48E9-BB85-1DD5C1E3FEEE}.ReleaseDLL.ActiveCfg = ReleaseDLL|Win32
		{323DC371-8232-48E9-BB85-1DD5C1E3FEEE}.ReleaseDLL.Build.0 = ReleaseDLL|Win32
		{6AED2E73-C633-439F-89C4-D97182EF0243}.Debug.ActiveCfg = Release|Win32
		{6AED2E73-C633-439F-89C4-D97182EF0243}.Debug.Build.0 = Release|Win32
		{6AED2E73-C633-439F-89C4-D97182EF0243}.DebugDLL.ActiveCfg = Release|Win32
		{6AED2E73-C633-439F-89C4-D97182EF0243}.DebugDLL.Build.0 = Release|Win32
		{6AED2E73-C633-439F-89C4-D97182EF0243}.Release.ActiveCfg = Release|Win32
		{6AED2E73-C633-439F-89C4-D97182EF0243}.Release.Build.0 = Release|Win32
		{6AED2E73-C633-439F-89C4-D97182EF0243}.ReleaseDLL.ActiveCfg = Release|Win32
		{6AED2E73-C633-439F-89C4-D97182EF0243}.ReleaseDLL.Build.0 = Release|Win32
		{77A5242E-C68D-4101-A105-7D4FBD43F489}.Debug.ActiveCfg = DebugDLL|Win32
		{77A5242E-C68D-4101-A105-7D4FBD43F489}.Debug.Build.0 = DebugDLL|Win32
		{77A5242E-C68D-4101-A105-7D4FBD43F489}.DebugDLL.ActiveCfg = DebugDLL|Win32
		{77A5242E-C68D-4101-A105-7D4FBD43F489}.DebugDLL.Build.0 = DebugDLL|Win32
		{77A5242E-C68D-4101-A105-7D4FBD43F489}.Release.ActiveCfg = ReleaseDLL|Win32
		{77A5242E-C68D-4101-A105-7D4FBD43F489}.Release.Build.0 = ReleaseDLL|Win32
		{77A5242E-C68D-4101-A105-7D4FBD43F489}.ReleaseDLL.ActiveCfg = ReleaseDLL|Win32
		{77A5242E-C68D-4101-A105-7D4FBD43F489}.ReleaseDLL.Build.0 = ReleaseDLL|Win32
		{448B9268-6ED3-4104-99BA-AF8C2B13C4D6}.Debug.ActiveCfg = ReleaseDLL|Win32
		{448B9268-6ED3-4104-99BA-AF8C2B13C4D6}.Debug.Build.0 = ReleaseDLL|Win32
		{448B9268-6ED3-4104-99BA-AF8C2B13C4D6}.DebugDLL.ActiveCfg = ReleaseDLL|Win32
		{448B9268-6ED3-4104-99BA-AF8C2B13C4D6}.DebugDLL.Build.0 = ReleaseDLL|Win32
		{448B9268-6ED3-4104-99BA-AF8C2B13C4D6}.Release.ActiveCfg = ReleaseDLL|Win32
		{448B9268-6ED3-4104-99BA-AF8C2B13C4D6}.Release.Build.0 = ReleaseDLL|Win32
		{448B9268-6ED3-4104-99BA-AF8C2B13C4D6}.ReleaseDLL.ActiveCfg = ReleaseDLL|Win32
		{448B9268-6ED3-4104-99BA-AF8C2B13C4D6}.ReleaseDLL.Build.0 = ReleaseDLL|Win32
		{40450FA1-4F16-4498-AD30-7974FAF8D8C7}.Debug.ActiveCfg = DebugDLL|Win32
		{40450FA1-4F16-4498-AD30-7974FAF8D8C7}.Debug.Build.0 = DebugDLL|Win32
		{40450FA1-4F16-4498-AD30-7974FAF8D8C7}.DebugDLL.ActiveCfg = DebugDLL|Win32
		{40450FA1-4F16-4498-AD30-7974FAF8D8C7}.DebugDLL.Build.0 = DebugDLL|Win32
		{40450FA1-4F16-4498-AD30-7974FAF8D8C7}.Release.ActiveCfg = ReleaseDLL|Win32
		{40450FA1-4F16-4498-AD30-7974FAF8D8C7}.Release.Build.0 = ReleaseDLL|Win32
		{40450FA1-4F16-4498-AD30-7974FAF8D8C7}.ReleaseDLL.ActiveCfg = ReleaseDLL|Win32
		{40450FA1-4F16-4498-AD30-7974FAF8D8C7}.ReleaseDLL.Build.0 = ReleaseDLL|Win32
		{3BCCC61B-04CC-4E14-9E47-397ADF93EEF6}.Debug.ActiveCfg = ReleaseDLL|Win32
		{3BCCC61B-04CC-4E14-9E47-397ADF93EEF6}.Debug.Build.0 = ReleaseDLL|Win32
		{3BCCC61B-04CC-4E14-9E47-397ADF93EEF6}.DebugDLL.ActiveCfg = ReleaseDLL|Win32
		{3BCCC61B-04CC-4E14-9E47-397ADF93EEF6}.DebugDLL.Build.0 = ReleaseDLL|Win32
		{3BCCC61B-04CC-4E14-9E47-397ADF93EEF6}.Release.ActiveCfg = ReleaseDLL|Win32
		{3BCCC61B-04CC-4E14-9E47-397ADF93EEF6}.Release.Build.0 = ReleaseDLL|Win32
		{3BCCC61B-04CC-4E14-9E47-397ADF93EEF6}.ReleaseDLL.ActiveCfg = ReleaseDLL|Win32
		{3BCCC61B-04CC-4E14-9E47-397ADF93EEF6}.ReleaseDLL.Build.0 = ReleaseDLL|Win32
		{9FF3948D-55D0-4690-9E88-BE28614A5DFB}.Debug.ActiveCfg = DebugDLL|Win32
		{9FF3948D-55D0-4690-9E88-BE28614A5DFB}.Debug.Build.0 = DebugDLL|Win32
		{9FF3948D-55D0-4690-9E88-BE28614A5DFB}.DebugDLL.ActiveCfg = DebugDLL|Win32
		{9FF3948D-55D0-4690-9E88-BE28614A5DFB}.DebugDLL.Build.0 = DebugDLL|Win32
		{9FF3948D-55D0-4690-9E88-BE28614A5DFB}.Release.ActiveCfg = ReleaseDLL|Win32
		{9FF3948D-55D0-4690-9E88-BE28614A5DFB}.Release.Build.0 = ReleaseDLL|Win32
		{9FF3948D-55D0-4690-9E88-BE28614A5DFB}.ReleaseDLL.ActiveCfg = ReleaseDLL|Win32
		{9FF3948D-55D0-4690-9E88-BE28614A5DFB}.ReleaseDLL.Build.0 = ReleaseDLL|Win32
		{E7AEC593-28AB-4A3D-A108-298C601C629E}.Debug.ActiveCfg = DebugDLL|Win32
		{E7AEC593-28AB-4A3D-A108-298C601C629E}.Debug.Build.0 = DebugDLL|Win32
		{E7AEC593-28AB-4A3D-A108-298C601C629E}.DebugDLL.ActiveCfg = DebugDLL|Win32
		{E7AEC593-28AB-4A3D-A108-298C601C629E}.DebugDLL.Build.0 = DebugDLL|Win32
		{E7AEC593-28AB-4A3D-A108-298C601C629E}.Release.ActiveCfg = ReleaseDLL|Win32
		{E7AEC593-28AB-4A3D-A108-298C601C629E}.Release.Build.0 = ReleaseDLL|Win32
		{E7AEC593-28AB-4A3D-A108-298C601C629E}.ReleaseDLL.ActiveCfg = ReleaseDLL|Win32
		{E7AEC593-28AB-4A3D-A108-298C601C629E}.ReleaseDLL.Build.0 = ReleaseDLL|Win32
		{6090FE9C-7FD0-404E-B435-DB5FBCA66DCF}.Debug.ActiveCfg = DebugDLL|Win32
		{6090FE9C-7FD0-404E-B435-DB5FBCA66DCF}.Debug.Build.0 = DebugDLL|Win32
		{6090FE9C-7FD0-404E-B435-DB5FBCA66DCF}.DebugDLL.ActiveCfg = DebugDLL|Win32
		{6090FE9C-7FD0-404E-B435-DB5FBCA66DCF}.DebugDLL.Build.0 = DebugDLL|Win32
		{6090FE9C-7FD0-404E-B435-DB5FBCA66DCF}.Release.ActiveCfg = ReleaseDLL|Win32
		{6090FE9C-7FD0-404E-B435-DB5FBCA66DCF}.Release.Build.0 = ReleaseDLL|Win32
		{6090FE9C-7FD0-404E-B435-DB5FBCA66DCF}.ReleaseDLL.ActiveCfg = ReleaseDLL|Win32
		{6090FE9C-7FD0-404E-B435-DB5FBCA66DCF}.ReleaseDLL.Build.0 = ReleaseDLL|Win32
		{B0D8E82A-EAF5-4162-8136-C12B84DC5089}.Debug.ActiveCfg = ReleaseDLL|Win32
		{B0D8E82A-EAF5-4162-8136-C12B84DC5089}.Debug.Build.0 = ReleaseDLL|Win32
		{B0D8E82A-EAF5-4162-8136-C12B84DC5089}.DebugDLL.ActiveCfg = ReleaseDLL|Win32
		{B0D8E82A-EAF5-4162-8136-C12B84DC5089}.DebugDLL.Build.0 = ReleaseDLL|Win32
		{B0D8E82A-EAF5-4162-8136-C12B84DC5089}.Release.ActiveCfg = ReleaseDLL|Win32
		{B0D8E82A-EAF5-4162-8136-C12B84DC5089}.Release.Build.0 = ReleaseDLL|Win32
		{B0D8E82A-EAF5-4162-8136-C12B84DC5089}.ReleaseDLL.ActiveCfg = ReleaseDLL|Win32
		{B0D8E82A-EAF5-4162-8136-C12B84DC5089}.ReleaseDLL.Build.0 = ReleaseDLL|Win32
		{C2C59AA2-CD5B-49EF-B1B0-858AC44B1FD9}.Debug.ActiveCfg = ReleaseDLL|Win32
		{C2C59AA2-CD5B-49EF-B1B0-858AC44B1FD9}.Debug.Build.0 = ReleaseDLL|Win32
		{C2C59AA2-CD5B-49EF-B1B0-858AC44B1FD9}.DebugDLL.ActiveCfg = ReleaseDLL|Win32
		{C2C59AA2-CD5B-49EF-B1B0-858AC44B1FD9}.DebugDLL.Build.0 = ReleaseDLL|Win32
		{C2C59AA2-CD5B-49EF-B1B0-858AC44B1FD9}.Release.ActiveCfg = ReleaseDLL|Win32
		{C2C59AA2-CD5B-49EF-B1B0-858AC44B1FD9}.Release.Build.0 = ReleaseDLL|Win32
		{C2C59AA2-CD5B-49EF-B1B0-858AC44B1FD9}.ReleaseDLL.ActiveCfg = ReleaseDLL|Win32
		{C2C59AA2-CD5B-49EF-B1B0-858AC44B1FD9}.ReleaseDLL.Build.0 = ReleaseDLL|Win32
	EndGlobalSection
	GlobalSection(SolutionItems) = postSolution
		Item:1 = ..\INSTALL.html
		Item:2 = ..\README-WINDOWS.html
	EndGlobalSection
	GlobalSection(ExtensibilityGlobals) = postSolution
	EndGlobalSection
	GlobalSection(ExtensibilityAddIns) = postSolution
	EndGlobalSection
EndGlobal
