Microsoft Visual Studio Solution File, Format Version 7.00
Project("{8BC9CEB8-8B4A-11D0-8D11-00A0C91BC942}") = "VPR", "VPR\VPR.vcproj", "{00C860E8-6CC8-4638-B5D1-8E5C5A34C425}"
EndProject
Project("{8BC9CEB8-8B4A-11D0-8D11-00A0C91BC942}") = "JCCL", "JCCL\JCCL.vcproj", "{5A96B2F8-7000-4988-AFD5-E85181B52BCF}"
EndProject
Project("{8BC9CEB8-8B4A-11D0-8D11-00A0C91BC942}") = "Tweek C++ API", "Tweek_CXX\Tweek_CXX.vcproj", "{0FBA5DC5-0D51-4394-9615-A60B0F570B66}"
EndProject
Project("{8BC9CEB8-8B4A-11D0-8D11-00A0C91BC942}") = "Gadgeteer", "Gadgeteer\Gadgeteer.vcproj", "{1AAD8712-09DC-4957-8594-AF5A49BAB4E1}"
EndProject
Project("{8BC9CEB8-8B4A-11D0-8D11-00A0C91BC942}") = "JCCL CORBA Run-Time Reconfig Plug-in (C++)", "JCCL\RTRC_Plugin_CXX\RTRC_Plugin_CXX.vcproj", "{8581D2A6-E8BD-4EB2-BD14-8633AFF79D73}"
EndProject
Project("{8BC9CEB8-8B4A-11D0-8D11-00A0C91BC942}") = "VR Juggler", "VRJuggler\VRJuggler.vcproj", "{8CD85B68-8E87-4289-9CD3-0C0012781BF2}"
EndProject
Project("{8BC9CEB8-8B4A-11D0-8D11-00A0C91BC942}") = "Sonix", "Sonix\Sonix.vcproj", "{BE8A6412-F142-493F-B1BB-363F4EDAC230}"
EndProject
Project("{8BC9CEB8-8B4A-11D0-8D11-00A0C91BC942}") = "VR Juggler OpenGL Draw Manager", "VRJuggler\OpenGL_Draw_Manager\OpenGL_Draw_Manager.vcproj", "{3E0ED861-C434-40E0-8D76-E31D76EA185B}"
EndProject
Project("{8BC9CEB8-8B4A-11D0-8D11-00A0C91BC942}") = "Driver - Ascension Flock of Birds", "Gadgeteer\Flock\Flock.vcproj", "{2BB1C6DC-A6DB-42A3-A91A-DBD8BA7A8432}"
EndProject
Project("{8BC9CEB8-8B4A-11D0-8D11-00A0C91BC942}") = "Driver - 5DT DataGlove", "Gadgeteer\DataGlove\DataGlove.vcproj", "{2BB1C6DC-A6DB-42A3-A91A-DBD8BA7A8432}"
EndProject
Project("{8BC9CEB8-8B4A-11D0-8D11-00A0C91BC942}") = "Driver - Polhemus Fastrak", "Gadgeteer\Fastrak\Fastrak.vcproj", "{2BB1C6DC-A6DB-42A3-A91A-DBD8BA7A8432}"
EndProject
Project("{8BC9CEB8-8B4A-11D0-8D11-00A0C91BC942}") = "Driver - Immersion Tech IBox", "Gadgeteer\IBox\IBox.vcproj", "{2BB1C6DC-A6DB-42A3-A91A-DBD8BA7A8432}"
EndProject
Project("{8BC9CEB8-8B4A-11D0-8D11-00A0C91BC942}") = "Driver - Intersense API", "Gadgeteer\IntersenseAPI\IntersenseAPI.vcproj", "{2BB1C6DC-A6DB-42A3-A91A-DBD8BA7A8432}"
EndProject
Project("{8BC9CEB8-8B4A-11D0-8D11-00A0C91BC942}") = "Driver - Intersense IS900", "Gadgeteer\IS900\IS900.vcproj", "{2BB1C6DC-A6DB-42A3-A91A-DBD8BA7A8432}"
EndProject
Project("{8BC9CEB8-8B4A-11D0-8D11-00A0C91BC942}") = "Driver - Ascension MotionStar", "Gadgeteer\MotionStar\MotionStar.vcproj", "{2BB1C6DC-A6DB-42A3-A91A-DBD8BA7A8432}"
EndProject
Project("{8BC9CEB8-8B4A-11D0-8D11-00A0C91BC942}") = "Driver - Fakespace Pinch Glove", "Gadgeteer\PinchGlove\PinchGlove.vcproj", "{2BB1C6DC-A6DB-42A3-A91A-DBD8BA7A8432}"
EndProject
Project("{8BC9CEB8-8B4A-11D0-8D11-00A0C91BC942}") = "Driver - Trackd API", "Gadgeteer\TrackdAPI\TrackdAPI.vcproj", "{2BB1C6DC-A6DB-42A3-A91A-DBD8BA7A8432}"
EndProject
Project("{8BC9CEB8-8B4A-11D0-8D11-00A0C91BC942}") = "Driver - TweekGadget", "Gadgeteer\Tweek\Tweek.vcproj", "{2BB1C6DC-A6DB-42A3-A91A-DBD8BA7A8432}"
EndProject
Project("{8BC9CEB8-8B4A-11D0-8D11-00A0C91BC942}") = "Driver - VRPN", "Gadgeteer\VRPN\VRPN.vcproj", "{2BB1C6DC-A6DB-42A3-A91A-DBD8BA7A8432}"
EndProject
Project("{8BC9CEB8-8B4A-11D0-8D11-00A0C91BC942}") = "ClusterJuggler Plug-in - Application Data Manager", "Gadgeteer\ApplicationDataManager\ApplicationDataManager.vcproj", "{2BB1C6DC-A6DB-42A3-A91A-DBD8BA7A8432}"
EndProject
Project("{8BC9CEB8-8B4A-11D0-8D11-00A0C91BC942}") = "ClusterJuggler Plug-in - Remote Input Manager", "Gadgeteer\RemoteInputManager\RemoteInputManager.vcproj", "{2BB1C6DC-A6DB-42A3-A91A-DBD8BA7A8432}"
EndProject
Project("{8BC9CEB8-8B4A-11D0-8D11-00A0C91BC942}") = "ClusterJuggler Plug-in - Start Barrier", "Gadgeteer\StartBarrierPlugin\StartBarrierPlugin.vcproj", "{2BB1C6DC-A6DB-42A3-A91A-DBD8BA7A8432}"
EndProject
Project("{8BC9CEB8-8B4A-11D0-8D11-00A0C91BC942}") = "ClusterJuggler Plug-in - Swap Lock TCP", "Gadgeteer\SwapLockTCPPlugin\SwapLockTCPPlugin.vcproj", "{2BB1C6DC-A6DB-42A3-A91A-DBD8BA7A8432}"
EndProject
Project("{8BC9CEB8-8B4A-11D0-8D11-00A0C91BC942}") = "VR Juggler Performer Draw Manager", "VRJuggler\Performer_Draw_Manager\Performer_Draw_Manager.vcproj", "{3E0ED861-C434-40E0-8D76-E31D76EA185B}"
EndProject
Project("{8BC9CEB8-8B4A-11D0-8D11-00A0C91BC942}") = "Sonix Plug-in - Audiere", "Sonix\Audiere\Audiere.vcproj", "{2BB1C6DC-A6DB-42A3-A91A-DBD8BA7A8432}"
EndProject
Project("{8BC9CEB8-8B4A-11D0-8D11-00A0C91BC942}") = "Tweek Java API", "Tweek_Java\Tweek_Java.vcproj", "{4FC8DE94-8906-4B2D-8F1B-433ECED3C494}"
EndProject
Project("{8BC9CEB8-8B4A-11D0-8D11-00A0C91BC942}") = "JCCL Java API", "JCCL_Java\JCCL_Java.vcproj", "{A50E05B2-E96E-4455-BD3F-011CF1D2FF79}"
EndProject
Project("{8BC9CEB8-8B4A-11D0-8D11-00A0C91BC942}") = "VRJConfig", "VRJConfig\VRJConfig.vcproj", "{67DD23CD-584C-46E0-AF9E-2DFCAF2A99D5}"
EndProject
Project("{8BC9CEB8-8B4A-11D0-8D11-00A0C91BC942}") = "JCCL CORBA Run-Time Reconfig Plug-in (Java)", "JCCL_Java\RTRC_Plugin_Java\RTRC_Plugin_Java.vcproj", "{C2438998-3FE5-4D34-A141-B49BDB9C9A10}"
EndProject
Global
	GlobalSection(SolutionConfiguration) = preSolution
		ConfigName.0 = Debug
		ConfigName.1 = Debug - DLL
		ConfigName.2 = Release
		ConfigName.3 = Release - DLL
	EndGlobalSection
	GlobalSection(ProjectDependencies) = postSolution
		{5A96B2F8-7000-4988-AFD5-E85181B52BCF}.0 = {00C860E8-6CC8-4638-B5D1-8E5C5A34C425}
		{0FBA5DC5-0D51-4394-9615-A60B0F570B66}.0 = {00C860E8-6CC8-4638-B5D1-8E5C5A34C425}
		{1AAD8712-09DC-4957-8594-AF5A49BAB4E1}.0 = {00C860E8-6CC8-4638-B5D1-8E5C5A34C425}
		{1AAD8712-09DC-4957-8594-AF5A49BAB4E1}.1 = {5A96B2F8-7000-4988-AFD5-E85181B52BCF}
		{8581D2A6-E8BD-4EB2-BD14-8633AFF79D73}.0 = {5A96B2F8-7000-4988-AFD5-E85181B52BCF}
		{8581D2A6-E8BD-4EB2-BD14-8633AFF79D73}.1 = {0FBA5DC5-0D51-4394-9615-A60B0F570B66}
		{8581D2A6-E8BD-4EB2-BD14-8633AFF79D73}.2 = {00C860E8-6CC8-4638-B5D1-8E5C5A34C425}
		{8CD85B68-8E87-4289-9CD3-0C0012781BF2}.0 = {1AAD8712-09DC-4957-8594-AF5A49BAB4E1}
		{8CD85B68-8E87-4289-9CD3-0C0012781BF2}.1 = {BE8A6412-F142-493F-B1BB-363F4EDAC230}
		{8CD85B68-8E87-4289-9CD3-0C0012781BF2}.2 = {00C860E8-6CC8-4638-B5D1-8E5C5A34C425}
		{8CD85B68-8E87-4289-9CD3-0C0012781BF2}.3 = {5A96B2F8-7000-4988-AFD5-E85181B52BCF}
		{BE8A6412-F142-493F-B1BB-363F4EDAC230}.0 = {00C860E8-6CC8-4638-B5D1-8E5C5A34C425}
		{3E0ED861-C434-40E0-8D76-E31D76EA185B}.0 = {8CD85B68-8E87-4289-9CD3-0C0012781BF2}
		{3E0ED861-C434-40E0-8D76-E31D76EA185B}.1 = {5A96B2F8-7000-4988-AFD5-E85181B52BCF}
		{3E0ED861-C434-40E0-8D76-E31D76EA185B}.2 = {BE8A6412-F142-493F-B1BB-363F4EDAC230}
		{3E0ED861-C434-40E0-8D76-E31D76EA185B}.3 = {00C860E8-6CC8-4638-B5D1-8E5C5A34C425}
		{3E0ED861-C434-40E0-8D76-E31D76EA185B}.4 = {8CD85B68-8E87-4289-9CD3-0C0012781BF2}
		{3E0ED861-C434-40E0-8D76-E31D76EA185B}.5 = {1AAD8712-09DC-4957-8594-AF5A49BAB4E1}
		{2BB1C6DC-A6DB-42A3-A91A-DBD8BA7A8432}.0 = {1AAD8712-09DC-4957-8594-AF5A49BAB4E1}
		{2BB1C6DC-A6DB-42A3-A91A-DBD8BA7A8432}.1 = {1AAD8712-09DC-4957-8594-AF5A49BAB4E1}
		{2BB1C6DC-A6DB-42A3-A91A-DBD8BA7A8432}.2 = {5A96B2F8-7000-4988-AFD5-E85181B52BCF}
		{2BB1C6DC-A6DB-42A3-A91A-DBD8BA7A8432}.3 = {00C860E8-6CC8-4638-B5D1-8E5C5A34C425}
		{2BB1C6DC-A6DB-42A3-A91A-DBD8BA7A8432}.4 = {00C860E8-6CC8-4638-B5D1-8E5C5A34C425}
		{2BB1C6DC-A6DB-42A3-A91A-DBD8BA7A8432}.5 = {00C860E8-6CC8-4638-B5D1-8E5C5A34C425}
		{2BB1C6DC-A6DB-42A3-A91A-DBD8BA7A8432}.0 = {1AAD8712-09DC-4957-8594-AF5A49BAB4E1}
		{2BB1C6DC-A6DB-42A3-A91A-DBD8BA7A8432}.1 = {1AAD8712-09DC-4957-8594-AF5A49BAB4E1}
		{2BB1C6DC-A6DB-42A3-A91A-DBD8BA7A8432}.2 = {5A96B2F8-7000-4988-AFD5-E85181B52BCF}
		{2BB1C6DC-A6DB-42A3-A91A-DBD8BA7A8432}.3 = {00C860E8-6CC8-4638-B5D1-8E5C5A34C425}
		{2BB1C6DC-A6DB-42A3-A91A-DBD8BA7A8432}.4 = {00C860E8-6CC8-4638-B5D1-8E5C5A34C425}
		{2BB1C6DC-A6DB-42A3-A91A-DBD8BA7A8432}.5 = {00C860E8-6CC8-4638-B5D1-8E5C5A34C425}
		{2BB1C6DC-A6DB-42A3-A91A-DBD8BA7A8432}.0 = {1AAD8712-09DC-4957-8594-AF5A49BAB4E1}
		{2BB1C6DC-A6DB-42A3-A91A-DBD8BA7A8432}.1 = {1AAD8712-09DC-4957-8594-AF5A49BAB4E1}
		{2BB1C6DC-A6DB-42A3-A91A-DBD8BA7A8432}.2 = {5A96B2F8-7000-4988-AFD5-E85181B52BCF}
		{2BB1C6DC-A6DB-42A3-A91A-DBD8BA7A8432}.3 = {00C860E8-6CC8-4638-B5D1-8E5C5A34C425}
		{2BB1C6DC-A6DB-42A3-A91A-DBD8BA7A8432}.4 = {00C860E8-6CC8-4638-B5D1-8E5C5A34C425}
		{2BB1C6DC-A6DB-42A3-A91A-DBD8BA7A8432}.5 = {00C860E8-6CC8-4638-B5D1-8E5C5A34C425}
		{2BB1C6DC-A6DB-42A3-A91A-DBD8BA7A8432}.0 = {1AAD8712-09DC-4957-8594-AF5A49BAB4E1}
		{2BB1C6DC-A6DB-42A3-A91A-DBD8BA7A8432}.1 = {1AAD8712-09DC-4957-8594-AF5A49BAB4E1}
		{2BB1C6DC-A6DB-42A3-A91A-DBD8BA7A8432}.2 = {5A96B2F8-7000-4988-AFD5-E85181B52BCF}
		{2BB1C6DC-A6DB-42A3-A91A-DBD8BA7A8432}.3 = {00C860E8-6CC8-4638-B5D1-8E5C5A34C425}
		{2BB1C6DC-A6DB-42A3-A91A-DBD8BA7A8432}.4 = {00C860E8-6CC8-4638-B5D1-8E5C5A34C425}
		{2BB1C6DC-A6DB-42A3-A91A-DBD8BA7A8432}.5 = {00C860E8-6CC8-4638-B5D1-8E5C5A34C425}
		{2BB1C6DC-A6DB-42A3-A91A-DBD8BA7A8432}.0 = {1AAD8712-09DC-4957-8594-AF5A49BAB4E1}
		{2BB1C6DC-A6DB-42A3-A91A-DBD8BA7A8432}.1 = {1AAD8712-09DC-4957-8594-AF5A49BAB4E1}
		{2BB1C6DC-A6DB-42A3-A91A-DBD8BA7A8432}.2 = {5A96B2F8-7000-4988-AFD5-E85181B52BCF}
		{2BB1C6DC-A6DB-42A3-A91A-DBD8BA7A8432}.3 = {00C860E8-6CC8-4638-B5D1-8E5C5A34C425}
		{2BB1C6DC-A6DB-42A3-A91A-DBD8BA7A8432}.4 = {00C860E8-6CC8-4638-B5D1-8E5C5A34C425}
		{2BB1C6DC-A6DB-42A3-A91A-DBD8BA7A8432}.5 = {00C860E8-6CC8-4638-B5D1-8E5C5A34C425}
		{2BB1C6DC-A6DB-42A3-A91A-DBD8BA7A8432}.0 = {1AAD8712-09DC-4957-8594-AF5A49BAB4E1}
		{2BB1C6DC-A6DB-42A3-A91A-DBD8BA7A8432}.1 = {1AAD8712-09DC-4957-8594-AF5A49BAB4E1}
		{2BB1C6DC-A6DB-42A3-A91A-DBD8BA7A8432}.2 = {5A96B2F8-7000-4988-AFD5-E85181B52BCF}
		{2BB1C6DC-A6DB-42A3-A91A-DBD8BA7A8432}.3 = {00C860E8-6CC8-4638-B5D1-8E5C5A34C425}
		{2BB1C6DC-A6DB-42A3-A91A-DBD8BA7A8432}.4 = {00C860E8-6CC8-4638-B5D1-8E5C5A34C425}
		{2BB1C6DC-A6DB-42A3-A91A-DBD8BA7A8432}.5 = {00C860E8-6CC8-4638-B5D1-8E5C5A34C425}
		{2BB1C6DC-A6DB-42A3-A91A-DBD8BA7A8432}.0 = {1AAD8712-09DC-4957-8594-AF5A49BAB4E1}
		{2BB1C6DC-A6DB-42A3-A91A-DBD8BA7A8432}.1 = {1AAD8712-09DC-4957-8594-AF5A49BAB4E1}
		{2BB1C6DC-A6DB-42A3-A91A-DBD8BA7A8432}.2 = {5A96B2F8-7000-4988-AFD5-E85181B52BCF}
		{2BB1C6DC-A6DB-42A3-A91A-DBD8BA7A8432}.3 = {00C860E8-6CC8-4638-B5D1-8E5C5A34C425}
		{2BB1C6DC-A6DB-42A3-A91A-DBD8BA7A8432}.4 = {00C860E8-6CC8-4638-B5D1-8E5C5A34C425}
		{2BB1C6DC-A6DB-42A3-A91A-DBD8BA7A8432}.5 = {00C860E8-6CC8-4638-B5D1-8E5C5A34C425}
		{2BB1C6DC-A6DB-42A3-A91A-DBD8BA7A8432}.0 = {1AAD8712-09DC-4957-8594-AF5A49BAB4E1}
		{2BB1C6DC-A6DB-42A3-A91A-DBD8BA7A8432}.1 = {1AAD8712-09DC-4957-8594-AF5A49BAB4E1}
		{2BB1C6DC-A6DB-42A3-A91A-DBD8BA7A8432}.2 = {5A96B2F8-7000-4988-AFD5-E85181B52BCF}
		{2BB1C6DC-A6DB-42A3-A91A-DBD8BA7A8432}.3 = {00C860E8-6CC8-4638-B5D1-8E5C5A34C425}
		{2BB1C6DC-A6DB-42A3-A91A-DBD8BA7A8432}.4 = {00C860E8-6CC8-4638-B5D1-8E5C5A34C425}
		{2BB1C6DC-A6DB-42A3-A91A-DBD8BA7A8432}.5 = {00C860E8-6CC8-4638-B5D1-8E5C5A34C425}
		{2BB1C6DC-A6DB-42A3-A91A-DBD8BA7A8432}.0 = {1AAD8712-09DC-4957-8594-AF5A49BAB4E1}
		{2BB1C6DC-A6DB-42A3-A91A-DBD8BA7A8432}.1 = {1AAD8712-09DC-4957-8594-AF5A49BAB4E1}
		{2BB1C6DC-A6DB-42A3-A91A-DBD8BA7A8432}.2 = {5A96B2F8-7000-4988-AFD5-E85181B52BCF}
		{2BB1C6DC-A6DB-42A3-A91A-DBD8BA7A8432}.3 = {00C860E8-6CC8-4638-B5D1-8E5C5A34C425}
		{2BB1C6DC-A6DB-42A3-A91A-DBD8BA7A8432}.4 = {00C860E8-6CC8-4638-B5D1-8E5C5A34C425}
		{2BB1C6DC-A6DB-42A3-A91A-DBD8BA7A8432}.5 = {00C860E8-6CC8-4638-B5D1-8E5C5A34C425}
		{2BB1C6DC-A6DB-42A3-A91A-DBD8BA7A8432}.0 = {1AAD8712-09DC-4957-8594-AF5A49BAB4E1}
		{2BB1C6DC-A6DB-42A3-A91A-DBD8BA7A8432}.1 = {1AAD8712-09DC-4957-8594-AF5A49BAB4E1}
		{2BB1C6DC-A6DB-42A3-A91A-DBD8BA7A8432}.2 = {5A96B2F8-7000-4988-AFD5-E85181B52BCF}
		{2BB1C6DC-A6DB-42A3-A91A-DBD8BA7A8432}.3 = {00C860E8-6CC8-4638-B5D1-8E5C5A34C425}
		{2BB1C6DC-A6DB-42A3-A91A-DBD8BA7A8432}.4 = {00C860E8-6CC8-4638-B5D1-8E5C5A34C425}
		{2BB1C6DC-A6DB-42A3-A91A-DBD8BA7A8432}.5 = {00C860E8-6CC8-4638-B5D1-8E5C5A34C425}
		{2BB1C6DC-A6DB-42A3-A91A-DBD8BA7A8432}.0 = {1AAD8712-09DC-4957-8594-AF5A49BAB4E1}
		{2BB1C6DC-A6DB-42A3-A91A-DBD8BA7A8432}.1 = {1AAD8712-09DC-4957-8594-AF5A49BAB4E1}
		{2BB1C6DC-A6DB-42A3-A91A-DBD8BA7A8432}.2 = {5A96B2F8-7000-4988-AFD5-E85181B52BCF}
		{2BB1C6DC-A6DB-42A3-A91A-DBD8BA7A8432}.3 = {00C860E8-6CC8-4638-B5D1-8E5C5A34C425}
		{2BB1C6DC-A6DB-42A3-A91A-DBD8BA7A8432}.4 = {00C860E8-6CC8-4638-B5D1-8E5C5A34C425}
		{2BB1C6DC-A6DB-42A3-A91A-DBD8BA7A8432}.5 = {00C860E8-6CC8-4638-B5D1-8E5C5A34C425}
		{2BB1C6DC-A6DB-42A3-A91A-DBD8BA7A8432}.0 = {1AAD8712-09DC-4957-8594-AF5A49BAB4E1}
		{2BB1C6DC-A6DB-42A3-A91A-DBD8BA7A8432}.1 = {1AAD8712-09DC-4957-8594-AF5A49BAB4E1}
		{2BB1C6DC-A6DB-42A3-A91A-DBD8BA7A8432}.2 = {5A96B2F8-7000-4988-AFD5-E85181B52BCF}
		{2BB1C6DC-A6DB-42A3-A91A-DBD8BA7A8432}.3 = {00C860E8-6CC8-4638-B5D1-8E5C5A34C425}
		{2BB1C6DC-A6DB-42A3-A91A-DBD8BA7A8432}.4 = {00C860E8-6CC8-4638-B5D1-8E5C5A34C425}
		{2BB1C6DC-A6DB-42A3-A91A-DBD8BA7A8432}.5 = {00C860E8-6CC8-4638-B5D1-8E5C5A34C425}
		{2BB1C6DC-A6DB-42A3-A91A-DBD8BA7A8432}.0 = {1AAD8712-09DC-4957-8594-AF5A49BAB4E1}
		{2BB1C6DC-A6DB-42A3-A91A-DBD8BA7A8432}.1 = {1AAD8712-09DC-4957-8594-AF5A49BAB4E1}
		{2BB1C6DC-A6DB-42A3-A91A-DBD8BA7A8432}.2 = {5A96B2F8-7000-4988-AFD5-E85181B52BCF}
		{2BB1C6DC-A6DB-42A3-A91A-DBD8BA7A8432}.3 = {00C860E8-6CC8-4638-B5D1-8E5C5A34C425}
		{2BB1C6DC-A6DB-42A3-A91A-DBD8BA7A8432}.4 = {00C860E8-6CC8-4638-B5D1-8E5C5A34C425}
		{2BB1C6DC-A6DB-42A3-A91A-DBD8BA7A8432}.5 = {00C860E8-6CC8-4638-B5D1-8E5C5A34C425}
		{2BB1C6DC-A6DB-42A3-A91A-DBD8BA7A8432}.0 = {1AAD8712-09DC-4957-8594-AF5A49BAB4E1}
		{2BB1C6DC-A6DB-42A3-A91A-DBD8BA7A8432}.1 = {1AAD8712-09DC-4957-8594-AF5A49BAB4E1}
		{2BB1C6DC-A6DB-42A3-A91A-DBD8BA7A8432}.2 = {5A96B2F8-7000-4988-AFD5-E85181B52BCF}
		{2BB1C6DC-A6DB-42A3-A91A-DBD8BA7A8432}.3 = {00C860E8-6CC8-4638-B5D1-8E5C5A34C425}
		{2BB1C6DC-A6DB-42A3-A91A-DBD8BA7A8432}.4 = {00C860E8-6CC8-4638-B5D1-8E5C5A34C425}
		{2BB1C6DC-A6DB-42A3-A91A-DBD8BA7A8432}.5 = {00C860E8-6CC8-4638-B5D1-8E5C5A34C425}
		{2BB1C6DC-A6DB-42A3-A91A-DBD8BA7A8432}.0 = {1AAD8712-09DC-4957-8594-AF5A49BAB4E1}
		{2BB1C6DC-A6DB-42A3-A91A-DBD8BA7A8432}.1 = {1AAD8712-09DC-4957-8594-AF5A49BAB4E1}
		{2BB1C6DC-A6DB-42A3-A91A-DBD8BA7A8432}.2 = {5A96B2F8-7000-4988-AFD5-E85181B52BCF}
		{2BB1C6DC-A6DB-42A3-A91A-DBD8BA7A8432}.3 = {00C860E8-6CC8-4638-B5D1-8E5C5A34C425}
		{2BB1C6DC-A6DB-42A3-A91A-DBD8BA7A8432}.4 = {00C860E8-6CC8-4638-B5D1-8E5C5A34C425}
		{2BB1C6DC-A6DB-42A3-A91A-DBD8BA7A8432}.5 = {00C860E8-6CC8-4638-B5D1-8E5C5A34C425}
		{3E0ED861-C434-40E0-8D76-E31D76EA185B}.0 = {8CD85B68-8E87-4289-9CD3-0C0012781BF2}
		{3E0ED861-C434-40E0-8D76-E31D76EA185B}.1 = {5A96B2F8-7000-4988-AFD5-E85181B52BCF}
		{3E0ED861-C434-40E0-8D76-E31D76EA185B}.2 = {BE8A6412-F142-493F-B1BB-363F4EDAC230}
		{3E0ED861-C434-40E0-8D76-E31D76EA185B}.3 = {00C860E8-6CC8-4638-B5D1-8E5C5A34C425}
		{3E0ED861-C434-40E0-8D76-E31D76EA185B}.4 = {8CD85B68-8E87-4289-9CD3-0C0012781BF2}
		{3E0ED861-C434-40E0-8D76-E31D76EA185B}.5 = {1AAD8712-09DC-4957-8594-AF5A49BAB4E1}
		{2BB1C6DC-A6DB-42A3-A91A-DBD8BA7A8432}.0 = {1AAD8712-09DC-4957-8594-AF5A49BAB4E1}
		{2BB1C6DC-A6DB-42A3-A91A-DBD8BA7A8432}.1 = {1AAD8712-09DC-4957-8594-AF5A49BAB4E1}
		{2BB1C6DC-A6DB-42A3-A91A-DBD8BA7A8432}.2 = {5A96B2F8-7000-4988-AFD5-E85181B52BCF}
		{2BB1C6DC-A6DB-42A3-A91A-DBD8BA7A8432}.3 = {00C860E8-6CC8-4638-B5D1-8E5C5A34C425}
		{2BB1C6DC-A6DB-42A3-A91A-DBD8BA7A8432}.4 = {00C860E8-6CC8-4638-B5D1-8E5C5A34C425}
		{2BB1C6DC-A6DB-42A3-A91A-DBD8BA7A8432}.5 = {00C860E8-6CC8-4638-B5D1-8E5C5A34C425}
		{A50E05B2-E96E-4455-BD3F-011CF1D2FF79}.0 = {4FC8DE94-8906-4B2D-8F1B-433ECED3C494}
		{67DD23CD-584C-46E0-AF9E-2DFCAF2A99D5}.0 = {4FC8DE94-8906-4B2D-8F1B-433ECED3C494}
		{67DD23CD-584C-46E0-AF9E-2DFCAF2A99D5}.1 = {C2438998-3FE5-4D34-A141-B49BDB9C9A10}
		{67DD23CD-584C-46E0-AF9E-2DFCAF2A99D5}.2 = {A50E05B2-E96E-4455-BD3F-011CF1D2FF79}
		{C2438998-3FE5-4D34-A141-B49BDB9C9A10}.0 = {4FC8DE94-8906-4B2D-8F1B-433ECED3C494}
		{C2438998-3FE5-4D34-A141-B49BDB9C9A10}.1 = {A50E05B2-E96E-4455-BD3F-011CF1D2FF79}
	EndGlobalSection
	GlobalSection(ProjectConfiguration) = postSolution
		{00C860E8-6CC8-4638-B5D1-8E5C5A34C425}.Debug.ActiveCfg = Debug|Win32
		{00C860E8-6CC8-4638-B5D1-8E5C5A34C425}.Debug.Build.0 = Debug|Win32
		{00C860E8-6CC8-4638-B5D1-8E5C5A34C425}.Debug - DLL.ActiveCfg = Debug - DLL|Win32
		{00C860E8-6CC8-4638-B5D1-8E5C5A34C425}.Debug - DLL.Build.0 = Debug - DLL|Win32
		{00C860E8-6CC8-4638-B5D1-8E5C5A34C425}.Release.ActiveCfg = Release|Win32
		{00C860E8-6CC8-4638-B5D1-8E5C5A34C425}.Release.Build.0 = Release|Win32
		{00C860E8-6CC8-4638-B5D1-8E5C5A34C425}.Release - DLL.ActiveCfg = Release - DLL|Win32
		{00C860E8-6CC8-4638-B5D1-8E5C5A34C425}.Release - DLL.Build.0 = Release - DLL|Win32
		{5A96B2F8-7000-4988-AFD5-E85181B52BCF}.Debug.ActiveCfg = Debug|Win32
		{5A96B2F8-7000-4988-AFD5-E85181B52BCF}.Debug.Build.0 = Debug|Win32
		{5A96B2F8-7000-4988-AFD5-E85181B52BCF}.Debug - DLL.ActiveCfg = Debug - DLL|Win32
		{5A96B2F8-7000-4988-AFD5-E85181B52BCF}.Debug - DLL.Build.0 = Debug - DLL|Win32
		{5A96B2F8-7000-4988-AFD5-E85181B52BCF}.Release.ActiveCfg = Release|Win32
		{5A96B2F8-7000-4988-AFD5-E85181B52BCF}.Release.Build.0 = Release|Win32
		{5A96B2F8-7000-4988-AFD5-E85181B52BCF}.Release - DLL.ActiveCfg = Release - DLL|Win32
		{5A96B2F8-7000-4988-AFD5-E85181B52BCF}.Release - DLL.Build.0 = Release - DLL|Win32
		{0FBA5DC5-0D51-4394-9615-A60B0F570B66}.Debug.ActiveCfg = Debug|Win32
		{0FBA5DC5-0D51-4394-9615-A60B0F570B66}.Debug.Build.0 = Debug|Win32
		{0FBA5DC5-0D51-4394-9615-A60B0F570B66}.Debug - DLL.ActiveCfg = Debug - DLL|Win32
		{0FBA5DC5-0D51-4394-9615-A60B0F570B66}.Debug - DLL.Build.0 = Debug - DLL|Win32
		{0FBA5DC5-0D51-4394-9615-A60B0F570B66}.Release.ActiveCfg = Release|Win32
		{0FBA5DC5-0D51-4394-9615-A60B0F570B66}.Release.Build.0 = Release|Win32
		{0FBA5DC5-0D51-4394-9615-A60B0F570B66}.Release - DLL.ActiveCfg = Release - DLL|Win32
		{0FBA5DC5-0D51-4394-9615-A60B0F570B66}.Release - DLL.Build.0 = Release - DLL|Win32
		{1AAD8712-09DC-4957-8594-AF5A49BAB4E1}.Debug.ActiveCfg = Debug|Win32
		{1AAD8712-09DC-4957-8594-AF5A49BAB4E1}.Debug.Build.0 = Debug|Win32
		{1AAD8712-09DC-4957-8594-AF5A49BAB4E1}.Debug - DLL.ActiveCfg = Debug - DLL|Win32
		{1AAD8712-09DC-4957-8594-AF5A49BAB4E1}.Debug - DLL.Build.0 = Debug - DLL|Win32
		{1AAD8712-09DC-4957-8594-AF5A49BAB4E1}.Release.ActiveCfg = Release|Win32
		{1AAD8712-09DC-4957-8594-AF5A49BAB4E1}.Release.Build.0 = Release|Win32
		{1AAD8712-09DC-4957-8594-AF5A49BAB4E1}.Release - DLL.ActiveCfg = Release - DLL|Win32
		{1AAD8712-09DC-4957-8594-AF5A49BAB4E1}.Release - DLL.Build.0 = Release - DLL|Win32
		{8581D2A6-E8BD-4EB2-BD14-8633AFF79D73}.Debug.ActiveCfg = Debug - DLL|Win32
		{8581D2A6-E8BD-4EB2-BD14-8633AFF79D73}.Debug.Build.0 = Debug - DLL|Win32
		{8581D2A6-E8BD-4EB2-BD14-8633AFF79D73}.Debug - DLL.ActiveCfg = Debug - DLL|Win32
		{8581D2A6-E8BD-4EB2-BD14-8633AFF79D73}.Debug - DLL.Build.0 = Debug - DLL|Win32
		{8581D2A6-E8BD-4EB2-BD14-8633AFF79D73}.Release.ActiveCfg = Release - DLL|Win32
		{8581D2A6-E8BD-4EB2-BD14-8633AFF79D73}.Release.Build.0 = Release - DLL|Win32
		{8581D2A6-E8BD-4EB2-BD14-8633AFF79D73}.Release - DLL.ActiveCfg = Release - DLL|Win32
		{8581D2A6-E8BD-4EB2-BD14-8633AFF79D73}.Release - DLL.Build.0 = Release - DLL|Win32
		{8CD85B68-8E87-4289-9CD3-0C0012781BF2}.Debug.ActiveCfg = Debug|Win32
		{8CD85B68-8E87-4289-9CD3-0C0012781BF2}.Debug.Build.0 = Debug|Win32
		{8CD85B68-8E87-4289-9CD3-0C0012781BF2}.Debug - DLL.ActiveCfg = Debug - DLL|Win32
		{8CD85B68-8E87-4289-9CD3-0C0012781BF2}.Debug - DLL.Build.0 = Debug - DLL|Win32
		{8CD85B68-8E87-4289-9CD3-0C0012781BF2}.Release.ActiveCfg = Release|Win32
		{8CD85B68-8E87-4289-9CD3-0C0012781BF2}.Release.Build.0 = Release|Win32
		{8CD85B68-8E87-4289-9CD3-0C0012781BF2}.Release - DLL.ActiveCfg = Release - DLL|Win32
		{8CD85B68-8E87-4289-9CD3-0C0012781BF2}.Release - DLL.Build.0 = Release - DLL|Win32
		{BE8A6412-F142-493F-B1BB-363F4EDAC230}.Debug.ActiveCfg = Debug|Win32
		{BE8A6412-F142-493F-B1BB-363F4EDAC230}.Debug.Build.0 = Debug|Win32
		{BE8A6412-F142-493F-B1BB-363F4EDAC230}.Debug - DLL.ActiveCfg = Debug - DLL|Win32
		{BE8A6412-F142-493F-B1BB-363F4EDAC230}.Debug - DLL.Build.0 = Debug - DLL|Win32
		{BE8A6412-F142-493F-B1BB-363F4EDAC230}.Release.ActiveCfg = Release|Win32
		{BE8A6412-F142-493F-B1BB-363F4EDAC230}.Release.Build.0 = Release|Win32
		{BE8A6412-F142-493F-B1BB-363F4EDAC230}.Release - DLL.ActiveCfg = Release - DLL|Win32
		{BE8A6412-F142-493F-B1BB-363F4EDAC230}.Release - DLL.Build.0 = Release - DLL|Win32
		{3E0ED861-C434-40E0-8D76-E31D76EA185B}.Debug.ActiveCfg = Debug|Win32
		{3E0ED861-C434-40E0-8D76-E31D76EA185B}.Debug.Build.0 = Debug|Win32
		{3E0ED861-C434-40E0-8D76-E31D76EA185B}.Debug - DLL.ActiveCfg = Debug - DLL|Win32
		{3E0ED861-C434-40E0-8D76-E31D76EA185B}.Debug - DLL.Build.0 = Debug - DLL|Win32
		{3E0ED861-C434-40E0-8D76-E31D76EA185B}.Release.ActiveCfg = Release|Win32
		{3E0ED861-C434-40E0-8D76-E31D76EA185B}.Release.Build.0 = Release|Win32
		{3E0ED861-C434-40E0-8D76-E31D76EA185B}.Release - DLL.ActiveCfg = Release - DLL|Win32
		{3E0ED861-C434-40E0-8D76-E31D76EA185B}.Release - DLL.Build.0 = Release - DLL|Win32
		{2BB1C6DC-A6DB-42A3-A91A-DBD8BA7A8432}.Debug.ActiveCfg = Debug - DLL|Win32
		{2BB1C6DC-A6DB-42A3-A91A-DBD8BA7A8432}.Debug.Build.0 = Debug - DLL|Win32
		{2BB1C6DC-A6DB-42A3-A91A-DBD8BA7A8432}.Debug - DLL.ActiveCfg = Debug - DLL|Win32
		{2BB1C6DC-A6DB-42A3-A91A-DBD8BA7A8432}.Debug - DLL.Build.0 = Debug - DLL|Win32
		{2BB1C6DC-A6DB-42A3-A91A-DBD8BA7A8432}.Release.ActiveCfg = Release - DLL|Win32
		{2BB1C6DC-A6DB-42A3-A91A-DBD8BA7A8432}.Release.Build.0 = Release - DLL|Win32
		{2BB1C6DC-A6DB-42A3-A91A-DBD8BA7A8432}.Release - DLL.ActiveCfg = Release - DLL|Win32
		{2BB1C6DC-A6DB-42A3-A91A-DBD8BA7A8432}.Release - DLL.Build.0 = Release - DLL|Win32
		{2BB1C6DC-A6DB-42A3-A91A-DBD8BA7A8432}.Debug.ActiveCfg = Debug - DLL|Win32
		{2BB1C6DC-A6DB-42A3-A91A-DBD8BA7A8432}.Debug.Build.0 = Debug - DLL|Win32
		{2BB1C6DC-A6DB-42A3-A91A-DBD8BA7A8432}.Debug - DLL.ActiveCfg = Debug - DLL|Win32
		{2BB1C6DC-A6DB-42A3-A91A-DBD8BA7A8432}.Debug - DLL.Build.0 = Debug - DLL|Win32
		{2BB1C6DC-A6DB-42A3-A91A-DBD8BA7A8432}.Release.ActiveCfg = Release - DLL|Win32
		{2BB1C6DC-A6DB-42A3-A91A-DBD8BA7A8432}.Release.Build.0 = Release - DLL|Win32
		{2BB1C6DC-A6DB-42A3-A91A-DBD8BA7A8432}.Release - DLL.ActiveCfg = Release - DLL|Win32
		{2BB1C6DC-A6DB-42A3-A91A-DBD8BA7A8432}.Release - DLL.Build.0 = Release - DLL|Win32
		{2BB1C6DC-A6DB-42A3-A91A-DBD8BA7A8432}.Debug.ActiveCfg = Debug - DLL|Win32
		{2BB1C6DC-A6DB-42A3-A91A-DBD8BA7A8432}.Debug.Build.0 = Debug - DLL|Win32
		{2BB1C6DC-A6DB-42A3-A91A-DBD8BA7A8432}.Debug - DLL.ActiveCfg = Debug - DLL|Win32
		{2BB1C6DC-A6DB-42A3-A91A-DBD8BA7A8432}.Debug - DLL.Build.0 = Debug - DLL|Win32
		{2BB1C6DC-A6DB-42A3-A91A-DBD8BA7A8432}.Release.ActiveCfg = Release - DLL|Win32
		{2BB1C6DC-A6DB-42A3-A91A-DBD8BA7A8432}.Release.Build.0 = Release - DLL|Win32
		{2BB1C6DC-A6DB-42A3-A91A-DBD8BA7A8432}.Release - DLL.ActiveCfg = Release - DLL|Win32
		{2BB1C6DC-A6DB-42A3-A91A-DBD8BA7A8432}.Release - DLL.Build.0 = Release - DLL|Win32
		{2BB1C6DC-A6DB-42A3-A91A-DBD8BA7A8432}.Debug.ActiveCfg = Debug - DLL|Win32
		{2BB1C6DC-A6DB-42A3-A91A-DBD8BA7A8432}.Debug.Build.0 = Debug - DLL|Win32
		{2BB1C6DC-A6DB-42A3-A91A-DBD8BA7A8432}.Debug - DLL.ActiveCfg = Debug - DLL|Win32
		{2BB1C6DC-A6DB-42A3-A91A-DBD8BA7A8432}.Debug - DLL.Build.0 = Debug - DLL|Win32
		{2BB1C6DC-A6DB-42A3-A91A-DBD8BA7A8432}.Release.ActiveCfg = Release - DLL|Win32
		{2BB1C6DC-A6DB-42A3-A91A-DBD8BA7A8432}.Release.Build.0 = Release - DLL|Win32
		{2BB1C6DC-A6DB-42A3-A91A-DBD8BA7A8432}.Release - DLL.ActiveCfg = Release - DLL|Win32
		{2BB1C6DC-A6DB-42A3-A91A-DBD8BA7A8432}.Release - DLL.Build.0 = Release - DLL|Win32
		{2BB1C6DC-A6DB-42A3-A91A-DBD8BA7A8432}.Debug.ActiveCfg = Debug - DLL|Win32
		{2BB1C6DC-A6DB-42A3-A91A-DBD8BA7A8432}.Debug.Build.0 = Debug - DLL|Win32
		{2BB1C6DC-A6DB-42A3-A91A-DBD8BA7A8432}.Debug - DLL.ActiveCfg = Debug - DLL|Win32
		{2BB1C6DC-A6DB-42A3-A91A-DBD8BA7A8432}.Debug - DLL.Build.0 = Debug - DLL|Win32
		{2BB1C6DC-A6DB-42A3-A91A-DBD8BA7A8432}.Release.ActiveCfg = Release - DLL|Win32
		{2BB1C6DC-A6DB-42A3-A91A-DBD8BA7A8432}.Release.Build.0 = Release - DLL|Win32
		{2BB1C6DC-A6DB-42A3-A91A-DBD8BA7A8432}.Release - DLL.ActiveCfg = Release - DLL|Win32
		{2BB1C6DC-A6DB-42A3-A91A-DBD8BA7A8432}.Release - DLL.Build.0 = Release - DLL|Win32
		{2BB1C6DC-A6DB-42A3-A91A-DBD8BA7A8432}.Debug.ActiveCfg = Debug - DLL|Win32
		{2BB1C6DC-A6DB-42A3-A91A-DBD8BA7A8432}.Debug.Build.0 = Debug - DLL|Win32
		{2BB1C6DC-A6DB-42A3-A91A-DBD8BA7A8432}.Debug - DLL.ActiveCfg = Debug - DLL|Win32
		{2BB1C6DC-A6DB-42A3-A91A-DBD8BA7A8432}.Debug - DLL.Build.0 = Debug - DLL|Win32
		{2BB1C6DC-A6DB-42A3-A91A-DBD8BA7A8432}.Release.ActiveCfg = Release - DLL|Win32
		{2BB1C6DC-A6DB-42A3-A91A-DBD8BA7A8432}.Release.Build.0 = Release - DLL|Win32
		{2BB1C6DC-A6DB-42A3-A91A-DBD8BA7A8432}.Release - DLL.ActiveCfg = Release - DLL|Win32
		{2BB1C6DC-A6DB-42A3-A91A-DBD8BA7A8432}.Release - DLL.Build.0 = Release - DLL|Win32
		{2BB1C6DC-A6DB-42A3-A91A-DBD8BA7A8432}.Debug.ActiveCfg = Debug - DLL|Win32
		{2BB1C6DC-A6DB-42A3-A91A-DBD8BA7A8432}.Debug.Build.0 = Debug - DLL|Win32
		{2BB1C6DC-A6DB-42A3-A91A-DBD8BA7A8432}.Debug - DLL.ActiveCfg = Debug - DLL|Win32
		{2BB1C6DC-A6DB-42A3-A91A-DBD8BA7A8432}.Debug - DLL.Build.0 = Debug - DLL|Win32
		{2BB1C6DC-A6DB-42A3-A91A-DBD8BA7A8432}.Release.ActiveCfg = Release - DLL|Win32
		{2BB1C6DC-A6DB-42A3-A91A-DBD8BA7A8432}.Release.Build.0 = Release - DLL|Win32
		{2BB1C6DC-A6DB-42A3-A91A-DBD8BA7A8432}.Release - DLL.ActiveCfg = Release - DLL|Win32
		{2BB1C6DC-A6DB-42A3-A91A-DBD8BA7A8432}.Release - DLL.Build.0 = Release - DLL|Win32
		{2BB1C6DC-A6DB-42A3-A91A-DBD8BA7A8432}.Debug.ActiveCfg = Debug - DLL|Win32
		{2BB1C6DC-A6DB-42A3-A91A-DBD8BA7A8432}.Debug.Build.0 = Debug - DLL|Win32
		{2BB1C6DC-A6DB-42A3-A91A-DBD8BA7A8432}.Debug - DLL.ActiveCfg = Debug - DLL|Win32
		{2BB1C6DC-A6DB-42A3-A91A-DBD8BA7A8432}.Debug - DLL.Build.0 = Debug - DLL|Win32
		{2BB1C6DC-A6DB-42A3-A91A-DBD8BA7A8432}.Release.ActiveCfg = Release - DLL|Win32
		{2BB1C6DC-A6DB-42A3-A91A-DBD8BA7A8432}.Release.Build.0 = Release - DLL|Win32
		{2BB1C6DC-A6DB-42A3-A91A-DBD8BA7A8432}.Release - DLL.ActiveCfg = Release - DLL|Win32
		{2BB1C6DC-A6DB-42A3-A91A-DBD8BA7A8432}.Release - DLL.Build.0 = Release - DLL|Win32
		{2BB1C6DC-A6DB-42A3-A91A-DBD8BA7A8432}.Debug.ActiveCfg = Debug - DLL|Win32
		{2BB1C6DC-A6DB-42A3-A91A-DBD8BA7A8432}.Debug.Build.0 = Debug - DLL|Win32
		{2BB1C6DC-A6DB-42A3-A91A-DBD8BA7A8432}.Debug - DLL.ActiveCfg = Debug - DLL|Win32
		{2BB1C6DC-A6DB-42A3-A91A-DBD8BA7A8432}.Debug - DLL.Build.0 = Debug - DLL|Win32
		{2BB1C6DC-A6DB-42A3-A91A-DBD8BA7A8432}.Release.ActiveCfg = Release - DLL|Win32
		{2BB1C6DC-A6DB-42A3-A91A-DBD8BA7A8432}.Release.Build.0 = Release - DLL|Win32
		{2BB1C6DC-A6DB-42A3-A91A-DBD8BA7A8432}.Release - DLL.ActiveCfg = Release - DLL|Win32
		{2BB1C6DC-A6DB-42A3-A91A-DBD8BA7A8432}.Release - DLL.Build.0 = Release - DLL|Win32
		{2BB1C6DC-A6DB-42A3-A91A-DBD8BA7A8432}.Debug.ActiveCfg = Debug - DLL|Win32
		{2BB1C6DC-A6DB-42A3-A91A-DBD8BA7A8432}.Debug.Build.0 = Debug - DLL|Win32
		{2BB1C6DC-A6DB-42A3-A91A-DBD8BA7A8432}.Debug - DLL.ActiveCfg = Debug - DLL|Win32
		{2BB1C6DC-A6DB-42A3-A91A-DBD8BA7A8432}.Debug - DLL.Build.0 = Debug - DLL|Win32
		{2BB1C6DC-A6DB-42A3-A91A-DBD8BA7A8432}.Release.ActiveCfg = Release - DLL|Win32
		{2BB1C6DC-A6DB-42A3-A91A-DBD8BA7A8432}.Release.Build.0 = Release - DLL|Win32
		{2BB1C6DC-A6DB-42A3-A91A-DBD8BA7A8432}.Release - DLL.ActiveCfg = Release - DLL|Win32
		{2BB1C6DC-A6DB-42A3-A91A-DBD8BA7A8432}.Release - DLL.Build.0 = Release - DLL|Win32
		{2BB1C6DC-A6DB-42A3-A91A-DBD8BA7A8432}.Debug.ActiveCfg = Debug - DLL|Win32
		{2BB1C6DC-A6DB-42A3-A91A-DBD8BA7A8432}.Debug.Build.0 = Debug - DLL|Win32
		{2BB1C6DC-A6DB-42A3-A91A-DBD8BA7A8432}.Debug - DLL.ActiveCfg = Debug - DLL|Win32
		{2BB1C6DC-A6DB-42A3-A91A-DBD8BA7A8432}.Debug - DLL.Build.0 = Debug - DLL|Win32
		{2BB1C6DC-A6DB-42A3-A91A-DBD8BA7A8432}.Release.ActiveCfg = Release - DLL|Win32
		{2BB1C6DC-A6DB-42A3-A91A-DBD8BA7A8432}.Release.Build.0 = Release - DLL|Win32
		{2BB1C6DC-A6DB-42A3-A91A-DBD8BA7A8432}.Release - DLL.ActiveCfg = Release - DLL|Win32
		{2BB1C6DC-A6DB-42A3-A91A-DBD8BA7A8432}.Release - DLL.Build.0 = Release - DLL|Win32
		{2BB1C6DC-A6DB-42A3-A91A-DBD8BA7A8432}.Debug.ActiveCfg = Debug - DLL|Win32
		{2BB1C6DC-A6DB-42A3-A91A-DBD8BA7A8432}.Debug.Build.0 = Debug - DLL|Win32
		{2BB1C6DC-A6DB-42A3-A91A-DBD8BA7A8432}.Debug - DLL.ActiveCfg = Debug - DLL|Win32
		{2BB1C6DC-A6DB-42A3-A91A-DBD8BA7A8432}.Debug - DLL.Build.0 = Debug - DLL|Win32
		{2BB1C6DC-A6DB-42A3-A91A-DBD8BA7A8432}.Release.ActiveCfg = Release - DLL|Win32
		{2BB1C6DC-A6DB-42A3-A91A-DBD8BA7A8432}.Release.Build.0 = Release - DLL|Win32
		{2BB1C6DC-A6DB-42A3-A91A-DBD8BA7A8432}.Release - DLL.ActiveCfg = Release - DLL|Win32
		{2BB1C6DC-A6DB-42A3-A91A-DBD8BA7A8432}.Release - DLL.Build.0 = Release - DLL|Win32
		{2BB1C6DC-A6DB-42A3-A91A-DBD8BA7A8432}.Debug.ActiveCfg = Debug - DLL|Win32
		{2BB1C6DC-A6DB-42A3-A91A-DBD8BA7A8432}.Debug.Build.0 = Debug - DLL|Win32
		{2BB1C6DC-A6DB-42A3-A91A-DBD8BA7A8432}.Debug - DLL.ActiveCfg = Debug - DLL|Win32
		{2BB1C6DC-A6DB-42A3-A91A-DBD8BA7A8432}.Debug - DLL.Build.0 = Debug - DLL|Win32
		{2BB1C6DC-A6DB-42A3-A91A-DBD8BA7A8432}.Release.ActiveCfg = Release - DLL|Win32
		{2BB1C6DC-A6DB-42A3-A91A-DBD8BA7A8432}.Release.Build.0 = Release - DLL|Win32
		{2BB1C6DC-A6DB-42A3-A91A-DBD8BA7A8432}.Release - DLL.ActiveCfg = Release - DLL|Win32
		{2BB1C6DC-A6DB-42A3-A91A-DBD8BA7A8432}.Release - DLL.Build.0 = Release - DLL|Win32
		{2BB1C6DC-A6DB-42A3-A91A-DBD8BA7A8432}.Debug.ActiveCfg = Debug - DLL|Win32
		{2BB1C6DC-A6DB-42A3-A91A-DBD8BA7A8432}.Debug.Build.0 = Debug - DLL|Win32
		{2BB1C6DC-A6DB-42A3-A91A-DBD8BA7A8432}.Debug - DLL.ActiveCfg = Debug - DLL|Win32
		{2BB1C6DC-A6DB-42A3-A91A-DBD8BA7A8432}.Debug - DLL.Build.0 = Debug - DLL|Win32
		{2BB1C6DC-A6DB-42A3-A91A-DBD8BA7A8432}.Release.ActiveCfg = Release - DLL|Win32
		{2BB1C6DC-A6DB-42A3-A91A-DBD8BA7A8432}.Release.Build.0 = Release - DLL|Win32
		{2BB1C6DC-A6DB-42A3-A91A-DBD8BA7A8432}.Release - DLL.ActiveCfg = Release - DLL|Win32
		{2BB1C6DC-A6DB-42A3-A91A-DBD8BA7A8432}.Release - DLL.Build.0 = Release - DLL|Win32
		{2BB1C6DC-A6DB-42A3-A91A-DBD8BA7A8432}.Debug.ActiveCfg = Debug - DLL|Win32
		{2BB1C6DC-A6DB-42A3-A91A-DBD8BA7A8432}.Debug.Build.0 = Debug - DLL|Win32
		{2BB1C6DC-A6DB-42A3-A91A-DBD8BA7A8432}.Debug - DLL.ActiveCfg = Debug - DLL|Win32
		{2BB1C6DC-A6DB-42A3-A91A-DBD8BA7A8432}.Debug - DLL.Build.0 = Debug - DLL|Win32
		{2BB1C6DC-A6DB-42A3-A91A-DBD8BA7A8432}.Release.ActiveCfg = Release - DLL|Win32
		{2BB1C6DC-A6DB-42A3-A91A-DBD8BA7A8432}.Release.Build.0 = Release - DLL|Win32
		{2BB1C6DC-A6DB-42A3-A91A-DBD8BA7A8432}.Release - DLL.ActiveCfg = Release - DLL|Win32
		{2BB1C6DC-A6DB-42A3-A91A-DBD8BA7A8432}.Release - DLL.Build.0 = Release - DLL|Win32
		{3E0ED861-C434-40E0-8D76-E31D76EA185B}.Debug.ActiveCfg = Debug|Win32
		{3E0ED861-C434-40E0-8D76-E31D76EA185B}.Debug.Build.0 = Debug|Win32
		{3E0ED861-C434-40E0-8D76-E31D76EA185B}.Debug - DLL.ActiveCfg = Debug - DLL|Win32
		{3E0ED861-C434-40E0-8D76-E31D76EA185B}.Debug - DLL.Build.0 = Debug - DLL|Win32
		{3E0ED861-C434-40E0-8D76-E31D76EA185B}.Release.ActiveCfg = Release|Win32
		{3E0ED861-C434-40E0-8D76-E31D76EA185B}.Release.Build.0 = Release|Win32
		{3E0ED861-C434-40E0-8D76-E31D76EA185B}.Release - DLL.ActiveCfg = Release - DLL|Win32
		{3E0ED861-C434-40E0-8D76-E31D76EA185B}.Release - DLL.Build.0 = Release - DLL|Win32
		{2BB1C6DC-A6DB-42A3-A91A-DBD8BA7A8432}.Debug.ActiveCfg = Debug - DLL|Win32
		{2BB1C6DC-A6DB-42A3-A91A-DBD8BA7A8432}.Debug.Build.0 = Debug - DLL|Win32
		{2BB1C6DC-A6DB-42A3-A91A-DBD8BA7A8432}.Debug - DLL.ActiveCfg = Debug - DLL|Win32
		{2BB1C6DC-A6DB-42A3-A91A-DBD8BA7A8432}.Debug - DLL.Build.0 = Debug - DLL|Win32
		{2BB1C6DC-A6DB-42A3-A91A-DBD8BA7A8432}.Release.ActiveCfg = Release - DLL|Win32
		{2BB1C6DC-A6DB-42A3-A91A-DBD8BA7A8432}.Release.Build.0 = Release - DLL|Win32
		{2BB1C6DC-A6DB-42A3-A91A-DBD8BA7A8432}.Release - DLL.ActiveCfg = Release - DLL|Win32
		{2BB1C6DC-A6DB-42A3-A91A-DBD8BA7A8432}.Release - DLL.Build.0 = Release - DLL|Win32
		{4FC8DE94-8906-4B2D-8F1B-433ECED3C494}.Debug.ActiveCfg = Debug|Win32
		{4FC8DE94-8906-4B2D-8F1B-433ECED3C494}.Debug.Build.0 = Debug|Win32
		{4FC8DE94-8906-4B2D-8F1B-433ECED3C494}.Debug - DLL.ActiveCfg = Debug|Win32
		{4FC8DE94-8906-4B2D-8F1B-433ECED3C494}.Debug - DLL.Build.0 = Debug|Win32
		{4FC8DE94-8906-4B2D-8F1B-433ECED3C494}.Release.ActiveCfg = Release|Win32
		{4FC8DE94-8906-4B2D-8F1B-433ECED3C494}.Release.Build.0 = Release|Win32
		{4FC8DE94-8906-4B2D-8F1B-433ECED3C494}.Release - DLL.ActiveCfg = Release|Win32
		{4FC8DE94-8906-4B2D-8F1B-433ECED3C494}.Release - DLL.Build.0 = Release|Win32
		{A50E05B2-E96E-4455-BD3F-011CF1D2FF79}.Debug.ActiveCfg = Debug|Win32
		{A50E05B2-E96E-4455-BD3F-011CF1D2FF79}.Debug.Build.0 = Debug|Win32
		{A50E05B2-E96E-4455-BD3F-011CF1D2FF79}.Debug - DLL.ActiveCfg = Debug|Win32
		{A50E05B2-E96E-4455-BD3F-011CF1D2FF79}.Debug - DLL.Build.0 = Debug|Win32
		{A50E05B2-E96E-4455-BD3F-011CF1D2FF79}.Release.ActiveCfg = Release|Win32
		{A50E05B2-E96E-4455-BD3F-011CF1D2FF79}.Release.Build.0 = Release|Win32
		{A50E05B2-E96E-4455-BD3F-011CF1D2FF79}.Release - DLL.ActiveCfg = Release|Win32
		{A50E05B2-E96E-4455-BD3F-011CF1D2FF79}.Release - DLL.Build.0 = Release|Win32
		{67DD23CD-584C-46E0-AF9E-2DFCAF2A99D5}.Debug.ActiveCfg = Debug|Win32
		{67DD23CD-584C-46E0-AF9E-2DFCAF2A99D5}.Debug.Build.0 = Debug|Win32
		{67DD23CD-584C-46E0-AF9E-2DFCAF2A99D5}.Debug - DLL.ActiveCfg = Debug|Win32
		{67DD23CD-584C-46E0-AF9E-2DFCAF2A99D5}.Debug - DLL.Build.0 = Debug|Win32
		{67DD23CD-584C-46E0-AF9E-2DFCAF2A99D5}.Release.ActiveCfg = Release|Win32
		{67DD23CD-584C-46E0-AF9E-2DFCAF2A99D5}.Release.Build.0 = Release|Win32
		{67DD23CD-584C-46E0-AF9E-2DFCAF2A99D5}.Release - DLL.ActiveCfg = Release|Win32
		{67DD23CD-584C-46E0-AF9E-2DFCAF2A99D5}.Release - DLL.Build.0 = Release|Win32
		{C2438998-3FE5-4D34-A141-B49BDB9C9A10}.Debug.ActiveCfg = Debug|Win32
		{C2438998-3FE5-4D34-A141-B49BDB9C9A10}.Debug.Build.0 = Debug|Win32
		{C2438998-3FE5-4D34-A141-B49BDB9C9A10}.Debug - DLL.ActiveCfg = Debug|Win32
		{C2438998-3FE5-4D34-A141-B49BDB9C9A10}.Debug - DLL.Build.0 = Debug|Win32
		{C2438998-3FE5-4D34-A141-B49BDB9C9A10}.Release.ActiveCfg = Release|Win32
		{C2438998-3FE5-4D34-A141-B49BDB9C9A10}.Release.Build.0 = Release|Win32
		{C2438998-3FE5-4D34-A141-B49BDB9C9A10}.Release - DLL.ActiveCfg = Release|Win32
		{C2438998-3FE5-4D34-A141-B49BDB9C9A10}.Release - DLL.Build.0 = Release|Win32
	EndGlobalSection
	GlobalSection(SolutionItems) = postSolution
		Item:1 = ..\INSTALL.html
		Item:2 = README.html
	EndGlobalSection
	GlobalSection(ExtensibilityGlobals) = postSolution
	EndGlobalSection
	GlobalSection(ExtensibilityAddIns) = postSolution
	EndGlobalSection
EndGlobal
