<?xml version="1.0" encoding="utf-8"?>
<Project ToolsVersion="4.0" xmlns="http://schemas.microsoft.com/developer/msbuild/2003">
  <ItemGroup>
    <Filter Include="Source Files">
      <UniqueIdentifier>{fd60dc90-fe3a-465c-84c1-a6965786367e}</UniqueIdentifier>
      <Extensions>cpp;c;cxx;def;odl;idl;hpj;bat;asm</Extensions>
    </Filter>
    <Filter Include="Header Files">
      <UniqueIdentifier>{bcb16fbe-2b28-4d14-ad34-51de3d491214}</UniqueIdentifier>
      <Extensions>h;hpp;hxx;hm;inl;inc</Extensions>
    </Filter>
    <Filter Include="Resource Files">
      <UniqueIdentifier>{3ca418be-0559-474b-9079-7ef20176aeeb}</UniqueIdentifier>
      <Extensions>rc;ico;cur;bmp;dlg;rc2;rct;bin;rgs;gif;jpg;jpeg;jpe</Extensions>
    </Filter>
  </ItemGroup>
  <ItemGroup>
    <ClCompile Include="..\..\..\modules\gadgeteer\drivers\Microsoft\SpeechRecognition\MSFTSpeechRecogDigital.cpp">
      <Filter>Source Files</Filter>
    </ClCompile>
    <ClCompile Include="..\..\..\modules\gadgeteer\drivers\Microsoft\SpeechRecognition\MSFTSpeechRecogString.cpp">
      <Filter>Source Files</Filter>
    </ClCompile>
    <ClCompile Include="..\..\..\modules\gadgeteer\drivers\Microsoft\SpeechRecognition\MSFTSpeechServerManager.cpp">
      <Filter>Source Files</Filter>
    </ClCompile>
    <ClCompile Include="..\..\..\modules\gadgeteer\drivers\Microsoft\SpeechRecognition\SpeechRecogDevices.cpp">
      <Filter>Source Files</Filter>
    </ClCompile>
  </ItemGroup>
  <ItemGroup>
    <ClInclude Include="..\..\..\modules\gadgeteer\drivers\Microsoft\SpeechRecognition\MSFTSpeechRecogDigital.h">
      <Filter>Header Files</Filter>
    </ClInclude>
    <ClInclude Include="..\..\..\modules\gadgeteer\drivers\Microsoft\SpeechRecognition\MSFTSpeechRecogString.h">
      <Filter>Header Files</Filter>
    </ClInclude>
    <ClInclude Include="..\..\..\modules\gadgeteer\drivers\Microsoft\SpeechRecognition\MSFTSpeechServerManager.h">
      <Filter>Header Files</Filter>
    </ClInclude>
  </ItemGroup>
  <ItemGroup>
    <ResourceCompile Include="..\..\..\modules\gadgeteer\drivers\Microsoft\SpeechRecognition\speech_recog.rc">
      <Filter>Resource Files</Filter>
    </ResourceCompile>
  </ItemGroup>
</Project>