<?xml version="1.0" encoding="utf-8"?>
<Project ToolsVersion="4.0" xmlns="http://schemas.microsoft.com/developer/msbuild/2003">
  <ItemGroup>
    <Filter Include="Source Files">
      <UniqueIdentifier>{bfb036dc-c3ad-41fa-b6c8-73aab7de0d89}</UniqueIdentifier>
      <Extensions>cpp;c;cxx;def;odl;idl;hpj;bat;asm</Extensions>
    </Filter>
    <Filter Include="Header Files">
      <UniqueIdentifier>{c85b5b36-8511-4e89-8e6a-25420453aa48}</UniqueIdentifier>
      <Extensions>h;hpp;hxx;hm;inl;inc</Extensions>
    </Filter>
    <Filter Include="Resource Files">
      <UniqueIdentifier>{d7362df0-de75-410c-a04c-b00bffa14702}</UniqueIdentifier>
      <Extensions>rc;ico;cur;bmp;dlg;rc2;rct;bin;rgs;gif;jpg;jpeg;jpe</Extensions>
    </Filter>
  </ItemGroup>
  <ItemGroup>
    <ClCompile Include="..\..\modules\vrjuggler\vrj\Kernel\App.cpp">
      <Filter>Source Files</Filter>
    </ClCompile>
    <ClCompile Include="..\..\modules\vrjuggler\vrj\Display\CameraProjection.cpp">
      <Filter>Source Files</Filter>
    </ClCompile>
    <ClCompile Include="..\..\modules\vrjuggler\vrj\Draw\CpuAffinityFromEnv.cpp">
      <Filter>Source Files</Filter>
    </ClCompile>
    <ClCompile Include="..\..\modules\vrjuggler\vrj\Display\Display.cpp">
      <Filter>Source Files</Filter>
    </ClCompile>
    <ClCompile Include="..\..\modules\vrjuggler\vrj\Display\DisplayExceptions.cpp">
      <Filter>Source Files</Filter>
    </ClCompile>
    <ClCompile Include="..\..\modules\vrjuggler\vrj\Display\DisplayManager.cpp">
      <Filter>Source Files</Filter>
    </ClCompile>
    <ClCompile Include="..\..\modules\vrjuggler\vrj\Draw\DrawManager.cpp">
      <Filter>Source Files</Filter>
    </ClCompile>
    <ClCompile Include="..\..\modules\vrjuggler\vrj\Draw\DrawSimInterface.cpp">
      <Filter>Source Files</Filter>
    </ClCompile>
    <ClCompile Include="..\..\modules\vrjuggler\vrj\Display\Frustum.cpp">
      <Filter>Source Files</Filter>
    </ClCompile>
    <ClCompile Include="..\..\modules\vrjuggler\vrj\Kernel\Kernel.cpp">
      <Filter>Source Files</Filter>
    </ClCompile>
    <ClCompile Include="..\..\modules\vrjuggler\vrj\Kernel\KernelExceptions.cpp">
      <Filter>Source Files</Filter>
    </ClCompile>
    <ClCompile Include="..\..\modules\vrjuggler\vrj\Performance\PerformanceMediator.cpp">
      <Filter>Source Files</Filter>
    </ClCompile>
    <ClCompile Include="..\..\modules\vrjuggler\vrj\Display\Projection.cpp">
      <Filter>Source Files</Filter>
    </ClCompile>
    <ClCompile Include="..\..\modules\vrjuggler\vrj\Display\SimViewport.cpp">
      <Filter>Source Files</Filter>
    </ClCompile>
    <ClCompile Include="..\..\modules\vrjuggler\vrj\Sound\SoundManager.cpp">
      <Filter>Source Files</Filter>
    </ClCompile>
    <ClCompile Include="..\..\modules\vrjuggler\vrj\Sound\SoundManagerFactory.cpp">
      <Filter>Source Files</Filter>
    </ClCompile>
    <ClCompile Include="..\..\modules\vrjuggler\vrj\Sound\SoundManagerSonix.cpp">
      <Filter>Source Files</Filter>
    </ClCompile>
    <ClCompile Include="..\..\modules\vrjuggler\vrj\Display\SurfaceProjection.cpp">
      <Filter>Source Files</Filter>
    </ClCompile>
    <ClCompile Include="..\..\modules\vrjuggler\vrj\Display\SurfaceViewport.cpp">
      <Filter>Source Files</Filter>
    </ClCompile>
    <ClCompile Include="..\..\modules\vrjuggler\vrj\Display\TrackedSurfaceProjection.cpp">
      <Filter>Source Files</Filter>
    </ClCompile>
    <ClCompile Include="..\..\modules\vrjuggler\vrj\Kernel\User.cpp">
      <Filter>Source Files</Filter>
    </ClCompile>
    <ClCompile Include="..\..\modules\vrjuggler\vrj\Util\Version.cpp">
      <Filter>Source Files</Filter>
    </ClCompile>
    <ClCompile Include="..\..\modules\vrjuggler\vrj\Display\Viewport.cpp">
      <Filter>Source Files</Filter>
    </ClCompile>
    <ClCompile Include="..\..\modules\vrjuggler\vrj\vrjmain.cpp">
      <Filter>Source Files</Filter>
    </ClCompile>
  </ItemGroup>
  <ItemGroup>
    <ClInclude Include="..\..\modules\vrjuggler\vrj\Kernel\App.h">
      <Filter>Header Files</Filter>
    </ClInclude>
    <ClInclude Include="..\..\modules\vrjuggler\vrj\Test\Asserter.h">
      <Filter>Header Files</Filter>
    </ClInclude>
    <ClInclude Include="..\..\modules\vrjuggler\vrj\AutoLink.h">
      <Filter>Header Files</Filter>
    </ClInclude>
    <ClInclude Include="..\..\modules\vrjuggler\vrj\Display\CameraProjection.h">
      <Filter>Header Files</Filter>
    </ClInclude>
    <ClInclude Include="..\..\modules\vrjuggler\vrj\Display\CameraProjectionPtr.h">
      <Filter>Header Files</Filter>
    </ClInclude>
    <ClInclude Include="..\..\modules\vrjuggler\vrj\Draw\CpuAffinityFromEnv.h">
      <Filter>Header Files</Filter>
    </ClInclude>
    <ClInclude Include="..\..\modules\vrjuggler\vrj\Util\Debug.h">
      <Filter>Header Files</Filter>
    </ClInclude>
    <ClInclude Include="..\..\modules\vrjuggler\vrj\Display\Display.h">
      <Filter>Header Files</Filter>
    </ClInclude>
    <ClInclude Include="..\..\modules\vrjuggler\vrj\Display\DisplayExceptions.h">
      <Filter>Header Files</Filter>
    </ClInclude>
    <ClInclude Include="..\..\modules\vrjuggler\vrj\Display\DisplayManager.h">
      <Filter>Header Files</Filter>
    </ClInclude>
    <ClInclude Include="..\..\modules\vrjuggler\vrj\Display\DisplayPtr.h">
      <Filter>Header Files</Filter>
    </ClInclude>
    <ClInclude Include="..\..\modules\vrjuggler\vrj\Draw\DrawManager.h">
      <Filter>Header Files</Filter>
    </ClInclude>
    <ClInclude Include="..\..\modules\vrjuggler\vrj\Draw\DrawSimInterface.h">
      <Filter>Header Files</Filter>
    </ClInclude>
    <ClInclude Include="..\..\modules\vrjuggler\vrj\Draw\DrawSimInterfacePtr.h">
      <Filter>Header Files</Filter>
    </ClInclude>
    <ClInclude Include="..\..\modules\vrjuggler\vrj\Display\Frustum.h">
      <Filter>Header Files</Filter>
    </ClInclude>
    <ClInclude Include="..\..\modules\vrjuggler\vrj\Kernel\Kernel.h">
      <Filter>Header Files</Filter>
    </ClInclude>
    <ClInclude Include="..\..\modules\vrjuggler\vrj\Kernel\KernelExceptions.h">
      <Filter>Header Files</Filter>
    </ClInclude>
    <ClInclude Include="..\..\modules\vrjuggler\vrj\Test\Message.h">
      <Filter>Header Files</Filter>
    </ClInclude>
    <ClInclude Include="..\..\modules\vrjuggler\vrj\Performance\PerformanceMediator.h">
      <Filter>Header Files</Filter>
    </ClInclude>
    <ClInclude Include="..\..\modules\vrjuggler\vrj\Performance\PerfPlugin.h">
      <Filter>Header Files</Filter>
    </ClInclude>
    <ClInclude Include="..\..\modules\vrjuggler\vrj\Performance\PluginConfig.h">
      <Filter>Header Files</Filter>
    </ClInclude>
    <ClInclude Include="..\..\modules\vrjuggler\vrj\Display\Projection.h">
      <Filter>Header Files</Filter>
    </ClInclude>
    <ClInclude Include="..\..\modules\vrjuggler\vrj\Display\ProjectionPtr.h">
      <Filter>Header Files</Filter>
    </ClInclude>
    <ClInclude Include="..\..\modules\vrjuggler\vrj\Display\SimViewport.h">
      <Filter>Header Files</Filter>
    </ClInclude>
    <ClInclude Include="..\..\modules\vrjuggler\vrj\Display\SimViewportPtr.h">
      <Filter>Header Files</Filter>
    </ClInclude>
    <ClInclude Include="..\..\modules\vrjuggler\vrj\Sound\SoundManager.h">
      <Filter>Header Files</Filter>
    </ClInclude>
    <ClInclude Include="..\..\modules\vrjuggler\vrj\Sound\SoundManagerFactory.h">
      <Filter>Header Files</Filter>
    </ClInclude>
    <ClInclude Include="..\..\modules\vrjuggler\vrj\Sound\SoundManagerSonix.h">
      <Filter>Header Files</Filter>
    </ClInclude>
    <ClInclude Include="..\..\modules\vrjuggler\vrj\Display\SurfaceProjection.h">
      <Filter>Header Files</Filter>
    </ClInclude>
    <ClInclude Include="..\..\modules\vrjuggler\vrj\Display\SurfaceProjectionPtr.h">
      <Filter>Header Files</Filter>
    </ClInclude>
    <ClInclude Include="..\..\modules\vrjuggler\vrj\Display\SurfaceViewport.h">
      <Filter>Header Files</Filter>
    </ClInclude>
    <ClInclude Include="..\..\modules\vrjuggler\vrj\Display\SurfaceViewportPtr.h">
      <Filter>Header Files</Filter>
    </ClInclude>
    <ClInclude Include="..\..\modules\vrjuggler\vrj\Test\Test.h">
      <Filter>Header Files</Filter>
    </ClInclude>
    <ClInclude Include="..\..\modules\vrjuggler\vrj\Test\TestCase.h">
      <Filter>Header Files</Filter>
    </ClInclude>
    <ClInclude Include="..\..\modules\vrjuggler\vrj\Test\TestFailure.h">
      <Filter>Header Files</Filter>
    </ClInclude>
    <ClInclude Include="..\..\modules\vrjuggler\vrj\Test\TestRunner.h">
      <Filter>Header Files</Filter>
    </ClInclude>
    <ClInclude Include="..\..\modules\vrjuggler\vrj\Test\TestSuite.h">
      <Filter>Header Files</Filter>
    </ClInclude>
    <ClInclude Include="..\..\modules\vrjuggler\vrj\Display\TrackedSurfaceProjection.h">
      <Filter>Header Files</Filter>
    </ClInclude>
    <ClInclude Include="..\..\modules\vrjuggler\vrj\Display\TrackedSurfaceProjectionPtr.h">
      <Filter>Header Files</Filter>
    </ClInclude>
    <ClInclude Include="..\..\modules\vrjuggler\vrj\Kernel\User.h">
      <Filter>Header Files</Filter>
    </ClInclude>
    <ClInclude Include="..\..\modules\vrjuggler\vrj\Kernel\UserPtr.h">
      <Filter>Header Files</Filter>
    </ClInclude>
    <ClInclude Include="..\..\modules\vrjuggler\vrj\Util\Version.h">
      <Filter>Header Files</Filter>
    </ClInclude>
    <ClInclude Include="..\..\modules\vrjuggler\vrj\Display\Viewport.h">
      <Filter>Header Files</Filter>
    </ClInclude>
    <ClInclude Include="..\..\modules\vrjuggler\vrj\Display\ViewportPtr.h">
      <Filter>Header Files</Filter>
    </ClInclude>
    <ClInclude Include="..\..\modules\vrjuggler\vrj\vrjConfig.h">
      <Filter>Header Files</Filter>
    </ClInclude>
    <ClInclude Include="vrj\vrjDefines.h">
      <Filter>Header Files</Filter>
    </ClInclude>
    <ClInclude Include="vrj\vrjParam.h">
      <Filter>Header Files</Filter>
    </ClInclude>
  </ItemGroup>
  <ItemGroup>
    <ResourceCompile Include="..\..\modules\vrjuggler\vrj.rc">
      <Filter>Resource Files</Filter>
    </ResourceCompile>
  </ItemGroup>
</Project>