<?xml version="1.0" encoding="utf-8"?>
<Project ToolsVersion="4.0" xmlns="http://schemas.microsoft.com/developer/msbuild/2003">
  <ItemGroup>
    <Filter Include="Source Files">
      <UniqueIdentifier>{53a886fa-2678-493a-8946-3a34afde2851}</UniqueIdentifier>
      <Extensions>cpp;c;cxx;def;odl;idl;hpj;bat;asm</Extensions>
    </Filter>
    <Filter Include="Header Files">
      <UniqueIdentifier>{a1b9a4f0-3af6-4be9-8d6e-f2aa78d90182}</UniqueIdentifier>
      <Extensions>h;hpp;hxx;hm;inl;inc</Extensions>
    </Filter>
    <Filter Include="Resource Files">
      <UniqueIdentifier>{0d6ddb0e-9564-4c82-8632-98345a3bb77b}</UniqueIdentifier>
      <Extensions>rc;ico;cur;bmp;dlg;rc2;rct;bin;rgs;gif;jpg;jpeg;jpe</Extensions>
    </Filter>
  </ItemGroup>
  <ItemGroup>
    <ClCompile Include="..\..\..\modules\vrjuggler\vrj\Draw\OpenGL\App.cpp">
      <Filter>Source Files</Filter>
    </ClCompile>
    <ClCompile Include="..\..\..\modules\vrjuggler\vrj\Draw\OpenGL\BasicSimulator.cpp">
      <Filter>Source Files</Filter>
    </ClCompile>
    <ClCompile Include="..\..\..\modules\vrjuggler\vrj\Draw\OpenGL\DrawHeadFunctors.cpp">
      <Filter>Source Files</Filter>
    </ClCompile>
    <ClCompile Include="..\..\..\modules\vrjuggler\vrj\Draw\OpenGL\DrawManager.cpp">
      <Filter>Source Files</Filter>
    </ClCompile>
    <ClCompile Include="..\..\..\modules\vrjuggler\vrj\Draw\OpenGL\DrawWandFunctors.cpp">
      <Filter>Source Files</Filter>
    </ClCompile>
    <ClCompile Include="..\..\..\modules\vrjuggler\vrj\Draw\OpenGL\ExtensionLoader.cpp">
      <Filter>Source Files</Filter>
    </ClCompile>
    <ClCompile Include="..\..\..\modules\vrjuggler\vrj\Draw\OpenGL\ExtensionLoaderWGL.cpp">
      <Filter>Source Files</Filter>
    </ClCompile>
    <ClCompile Include="..\..\..\modules\vrjuggler\vrj\Draw\OpenGL\Pipe.cpp">
      <Filter>Source Files</Filter>
    </ClCompile>
    <ClCompile Include="..\..\..\modules\vrjuggler\vrj\Draw\OpenGL\ProcApp.cpp">
      <Filter>Source Files</Filter>
    </ClCompile>
    <ClCompile Include="..\..\..\modules\vrjuggler\vrj\Draw\OpenGL\SimInterface.cpp">
      <Filter>Source Files</Filter>
    </ClCompile>
    <ClCompile Include="..\..\..\modules\vrjuggler\vrj\Draw\OpenGL\SimInterfaceFactory.cpp">
      <Filter>Source Files</Filter>
    </ClCompile>
    <ClCompile Include="..\..\..\modules\vrjuggler\vrj\Draw\OpenGL\UserData.cpp">
      <Filter>Source Files</Filter>
    </ClCompile>
    <ClCompile Include="..\..\..\modules\vrjuggler\vrj\Draw\OpenGL\Window.cpp">
      <Filter>Source Files</Filter>
    </ClCompile>
    <ClCompile Include="..\..\..\modules\vrjuggler\vrj\Draw\OpenGL\WindowWin32.cpp">
      <Filter>Source Files</Filter>
    </ClCompile>
    <ClCompile Include="..\..\..\modules\vrjuggler\vrj\Draw\OpenGL\DrawAxesFunctors.cpp">
      <Filter>Source Files</Filter>
    </ClCompile>
    <ClCompile Include="..\..\..\modules\vrjuggler\vrj\Draw\OpenGL\ExtensionLoaderGL.cpp">
      <Filter>Source Files</Filter>
    </ClCompile>
    <ClCompile Include="..\..\..\modules\vrjuggler\vrj\Draw\OpenGL\DrawAxesFunctorsCore.cpp">
      <Filter>Source Files</Filter>
    </ClCompile>
    <ClCompile Include="..\..\..\modules\vrjuggler\vrj\Draw\OpenGL\DrawHeadFunctorsCore.cpp">
      <Filter>Source Files</Filter>
    </ClCompile>
    <ClCompile Include="..\..\..\modules\vrjuggler\vrj\Draw\OpenGL\DrawWandFunctorsCore.cpp">
      <Filter>Source Files</Filter>
    </ClCompile>
    <ClCompile Include="..\..\..\modules\vrjuggler\vrj\Draw\OpenGL\ExtensionLoaderGLCore.cpp">
      <Filter>Source Files</Filter>
    </ClCompile>
  </ItemGroup>
  <ItemGroup>
    <ClInclude Include="..\..\..\modules\vrjuggler\vrj\Draw\OpenGL\App.h">
      <Filter>Header Files</Filter>
    </ClInclude>
    <ClInclude Include="..\..\..\modules\vrjuggler\vrj\Draw\OpenGL\BasicSimulator.h">
      <Filter>Header Files</Filter>
    </ClInclude>
    <ClInclude Include="..\..\..\modules\vrjuggler\vrj\Draw\OpenGL\Config.h">
      <Filter>Header Files</Filter>
    </ClInclude>
    <ClInclude Include="..\..\..\modules\vrjuggler\vrj\Draw\OpenGL\ContextData.h">
      <Filter>Header Files</Filter>
    </ClInclude>
    <ClInclude Include="..\..\..\modules\vrjuggler\vrj\Draw\OpenGL\DrawHeadFunctors.h">
      <Filter>Header Files</Filter>
    </ClInclude>
    <ClInclude Include="..\..\..\modules\vrjuggler\vrj\Draw\OpenGL\DrawManager.h">
      <Filter>Header Files</Filter>
    </ClInclude>
    <ClInclude Include="..\..\..\modules\vrjuggler\vrj\Draw\OpenGL\DrawObjectFunctor.h">
      <Filter>Header Files</Filter>
    </ClInclude>
    <ClInclude Include="..\..\..\modules\vrjuggler\vrj\Draw\OpenGL\DrawWandFunctors.h">
      <Filter>Header Files</Filter>
    </ClInclude>
    <ClInclude Include="..\..\..\modules\vrjuggler\vrj\Draw\OpenGL\ExtensionLoader.h">
      <Filter>Header Files</Filter>
    </ClInclude>
    <ClInclude Include="..\..\..\modules\vrjuggler\vrj\Draw\OpenGL\ExtensionLoaderWGL.h">
      <Filter>Header Files</Filter>
    </ClInclude>
    <ClInclude Include="..\..\..\modules\vrjuggler\vrj\Draw\OpenGL\Pipe.h">
      <Filter>Header Files</Filter>
    </ClInclude>
    <ClInclude Include="..\..\..\modules\vrjuggler\vrj\Draw\OpenGL\ProcApp.h">
      <Filter>Header Files</Filter>
    </ClInclude>
    <ClInclude Include="..\..\..\modules\vrjuggler\vrj\Draw\OpenGL\SimInterface.h">
      <Filter>Header Files</Filter>
    </ClInclude>
    <ClInclude Include="..\..\..\modules\vrjuggler\vrj\Draw\OpenGL\SimInterfaceFactory.h">
      <Filter>Header Files</Filter>
    </ClInclude>
    <ClInclude Include="..\..\..\modules\vrjuggler\vrj\Draw\OpenGL\SimInterfacePtr.h">
      <Filter>Header Files</Filter>
    </ClInclude>
    <ClInclude Include="..\..\..\modules\vrjuggler\vrj\Draw\OpenGL\UserData.h">
      <Filter>Header Files</Filter>
    </ClInclude>
    <ClInclude Include="..\..\..\modules\vrjuggler\vrj\Draw\OpenGL\Window.h">
      <Filter>Header Files</Filter>
    </ClInclude>
    <ClInclude Include="..\..\..\modules\vrjuggler\vrj\Draw\OpenGL\WindowPtr.h">
      <Filter>Header Files</Filter>
    </ClInclude>
    <ClInclude Include="..\..\..\modules\vrjuggler\vrj\Draw\OpenGL\WindowWin32.h">
      <Filter>Header Files</Filter>
    </ClInclude>
    <ClInclude Include="..\..\..\modules\vrjuggler\vrj\Draw\OpenGL\DrawAxesFunctors.h">
      <Filter>Header Files</Filter>
    </ClInclude>
    <ClInclude Include="..\..\..\modules\vrjuggler\vrj\Draw\OpenGL\ExtensionLoaderGL.h">
      <Filter>Header Files</Filter>
    </ClInclude>
  </ItemGroup>
  <ItemGroup>
    <ResourceCompile Include="..\..\..\modules\vrjuggler\vrj_ogl.rc">
      <Filter>Resource Files</Filter>
    </ResourceCompile>
    <ResourceCompile Include="VRJuggler.rc">
      <Filter>Resource Files</Filter>
    </ResourceCompile>
  </ItemGroup>
  <ItemGroup>
    <None Include="Direct3D_Draw_Manager\vrjuggler.ico">
      <Filter>Resource Files</Filter>
    </None>
  </ItemGroup>
</Project>